{"format_version":"1.0","provider_schemas":{"registry.terraform.io/stackitcloud/stackit":{"provider":{"version":0,"block":{"attributes":{"argus_custom_endpoint":{"type":"string","description":"Custom endpoint for the Argus service","description_kind":"plain","deprecated":true,"optional":true},"authorization_custom_endpoint":{"type":"string","description":"Custom endpoint for the Membership service","description_kind":"plain","optional":true},"credentials_path":{"type":"string","description":"Path of JSON from where the credentials are read. Takes precedence over the env var `STACKIT_CREDENTIALS_PATH`. Default value is `~/.stackit/credentials.json`.","description_kind":"plain","optional":true},"dns_custom_endpoint":{"type":"string","description":"Custom endpoint for the DNS service","description_kind":"plain","optional":true},"enable_beta_resources":{"type":"bool","description":"Enable beta resources. Default is false.","description_kind":"plain","optional":true},"iaas_custom_endpoint":{"type":"string","description":"Custom endpoint for the IaaS service","description_kind":"plain","optional":true},"loadbalancer_custom_endpoint":{"type":"string","description":"Custom endpoint for the Load Balancer service","description_kind":"plain","optional":true},"logme_custom_endpoint":{"type":"string","description":"Custom endpoint for the LogMe service","description_kind":"plain","optional":true},"mariadb_custom_endpoint":{"type":"string","description":"Custom endpoint for the MariaDB service","description_kind":"plain","optional":true},"mongodbflex_custom_endpoint":{"type":"string","description":"Custom endpoint for the MongoDB Flex service","description_kind":"plain","optional":true},"objectstorage_custom_endpoint":{"type":"string","description":"Custom endpoint for the Object Storage service","description_kind":"plain","optional":true},"observability_custom_endpoint":{"type":"string","description":"Custom endpoint for the Observability service","description_kind":"plain","optional":true},"opensearch_custom_endpoint":{"type":"string","description":"Custom endpoint for the OpenSearch service","description_kind":"plain","optional":true},"postgresflex_custom_endpoint":{"type":"string","description":"Custom endpoint for the PostgresFlex service","description_kind":"plain","optional":true},"private_key":{"type":"string","description":"Private RSA key used for authentication, relevant for the key flow. It takes precedence over the private key that is included in the service account key.","description_kind":"plain","optional":true},"private_key_path":{"type":"string","description":"Path for the private RSA key used for authentication, relevant for the key flow. It takes precedence over the private key that is included in the service account key.","description_kind":"plain","optional":true},"rabbitmq_custom_endpoint":{"type":"string","description":"Custom endpoint for the RabbitMQ service","description_kind":"plain","optional":true},"redis_custom_endpoint":{"type":"string","description":"Custom endpoint for the Redis service","description_kind":"plain","optional":true},"region":{"type":"string","description":"Region will be used as the default location for regional services. Not all services require a region, some are global","description_kind":"plain","optional":true},"resourcemanager_custom_endpoint":{"type":"string","description":"Custom endpoint for the Resource Manager service","description_kind":"plain","optional":true},"secretsmanager_custom_endpoint":{"type":"string","description":"Custom endpoint for the Secrets Manager service","description_kind":"plain","optional":true},"server_backup_custom_endpoint":{"type":"string","description":"Custom endpoint for the Server Backup service","description_kind":"plain","optional":true},"service_account_email":{"type":"string","description":"Service account email. It can also be set using the environment variable STACKIT_SERVICE_ACCOUNT_EMAIL. It is required if you want to use the resource manager project resource.","description_kind":"plain","optional":true},"service_account_key":{"type":"string","description":"Service account key used for authentication. If set, the key flow will be used to authenticate all operations.","description_kind":"plain","optional":true},"service_account_key_path":{"type":"string","description":"Path for the service account key used for authentication. If set, the key flow will be used to authenticate all operations.","description_kind":"plain","optional":true},"service_account_token":{"type":"string","description":"Token used for authentication. If set, the token flow will be used to authenticate all operations.","description_kind":"plain","optional":true},"service_enablement_custom_endpoint":{"type":"string","description":"Custom endpoint for the Service Enablement API","description_kind":"plain","optional":true},"ske_custom_endpoint":{"type":"string","description":"Custom endpoint for the Kubernetes Engine (SKE) service","description_kind":"plain","optional":true},"sqlserverflex_custom_endpoint":{"type":"string","description":"Custom endpoint for the SQL Server Flex service","description_kind":"plain","optional":true},"token_custom_endpoint":{"type":"string","description":"Custom endpoint for the token API, which is used to request access tokens when using the key flow","description_kind":"plain","optional":true}},"description_kind":"plain"}},"resource_schemas":{"stackit_argus_credential":{"version":0,"block":{"attributes":{"id":{"type":"string","description":"Terraform's internal resource ID. It is structured as \"`project_id`,`instance_id`,`username`\".","description_kind":"plain","computed":true},"instance_id":{"type":"string","description":"The Argus Instance ID the credential belongs to.","description_kind":"plain","required":true},"password":{"type":"string","description":"Credential password","description_kind":"plain","computed":true,"sensitive":true},"project_id":{"type":"string","description":"STACKIT project ID to which the credential is associated.","description_kind":"plain","required":true},"username":{"type":"string","description":"Credential username","description_kind":"plain","computed":true}},"description":"Argus credential resource schema. Must have a `region` specified in the provider configuration.\n\n!\u003e The `stackit_argus_credential` resource has been deprecated and will be removed after February 26th 2025. Please use `stackit_observability_credential` instead, which offers the exact same functionality.","description_kind":"markdown","deprecated":true}},"stackit_argus_instance":{"version":0,"block":{"attributes":{"acl":{"type":["set","string"],"description":"The access control list for this instance. Each entry is an IP address range that is permitted to access, in CIDR notation.","description_kind":"plain","optional":true},"alert_config":{"nested_type":{"attributes":{"global":{"nested_type":{"attributes":{"opsgenie_api_key":{"type":"string","description":"The API key for OpsGenie.","description_kind":"plain","optional":true,"sensitive":true},"opsgenie_api_url":{"type":"string","description":"The host to send OpsGenie API requests to. Must be a valid URL","description_kind":"plain","optional":true},"resolve_timeout":{"type":"string","description":"The default value used by alertmanager if the alert does not include EndsAt. After this time passes, it can declare the alert as resolved if it has not been updated. This has no impact on alerts from Prometheus, as they always include EndsAt.","description_kind":"plain","optional":true,"computed":true},"smtp_auth_identity":{"type":"string","description":"SMTP authentication information. Must be a valid email address","description_kind":"plain","optional":true},"smtp_auth_password":{"type":"string","description":"SMTP Auth using LOGIN and PLAIN.","description_kind":"plain","optional":true,"sensitive":true},"smtp_auth_username":{"type":"string","description":"SMTP Auth using CRAM-MD5, LOGIN and PLAIN. If empty, Alertmanager doesn't authenticate to the SMTP server.","description_kind":"plain","optional":true},"smtp_from":{"type":"string","description":"The default SMTP From header field. Must be a valid email address","description_kind":"plain","optional":true,"computed":true},"smtp_smart_host":{"type":"string","description":"The default SMTP smarthost used for sending emails, including port number in format `host:port` (eg. `smtp.example.com:587`). Port number usually is 25, or 587 for SMTP over TLS (sometimes referred to as STARTTLS).","description_kind":"plain","optional":true}},"nesting_mode":"single"},"description":"Global configuration for the alerts.","description_kind":"plain","optional":true,"computed":true},"receivers":{"nested_type":{"attributes":{"email_configs":{"nested_type":{"attributes":{"auth_identity":{"type":"string","description":"SMTP authentication information. Must be a valid email address","description_kind":"plain","optional":true},"auth_password":{"type":"string","description":"SMTP authentication password.","description_kind":"plain","optional":true},"auth_username":{"type":"string","description":"SMTP authentication username.","description_kind":"plain","optional":true},"from":{"type":"string","description":"The sender email address. Must be a valid email address","description_kind":"plain","optional":true},"smart_host":{"type":"string","description":"The SMTP host through which emails are sent.","description_kind":"plain","optional":true},"to":{"type":"string","description":"The email address to send notifications to. Must be a valid email address","description_kind":"plain","optional":true}},"nesting_mode":"list"},"description":"List of email configurations.","description_kind":"plain","optional":true},"name":{"type":"string","description":"Name of the receiver.","description_kind":"plain","required":true},"opsgenie_configs":{"nested_type":{"attributes":{"api_key":{"type":"string","description":"The API key for OpsGenie.","description_kind":"plain","optional":true},"api_url":{"type":"string","description":"The host to send OpsGenie API requests to. Must be a valid URL","description_kind":"plain","optional":true},"tags":{"type":"string","description":"Comma separated list of tags attached to the notifications.","description_kind":"plain","optional":true}},"nesting_mode":"list"},"description":"List of OpsGenie configurations.","description_kind":"plain","optional":true},"webhooks_configs":{"nested_type":{"attributes":{"ms_teams":{"type":"bool","description":"Microsoft Teams webhooks require special handling, set this to true if the webhook is for Microsoft Teams.","description_kind":"plain","optional":true},"url":{"type":"string","description":"The endpoint to send HTTP POST requests to. Must be a valid URL","description_kind":"plain","optional":true}},"nesting_mode":"list"},"description":"List of Webhooks configurations.","description_kind":"plain","optional":true}},"nesting_mode":"list"},"description":"List of alert receivers.","description_kind":"plain","required":true},"route":{"nested_type":{"attributes":{"group_by":{"type":["list","string"],"description":"The labels by which incoming alerts are grouped together. For example, multiple alerts coming in for cluster=A and alertname=LatencyHigh would be batched into a single group. To aggregate by all possible labels use the special value '...' as the sole label name, for example: group_by: ['...']. This effectively disables aggregation entirely, passing through all alerts as-is. This is unlikely to be what you want, unless you have a very low alert volume or your upstream notification system performs its own grouping.","description_kind":"plain","optional":true},"group_interval":{"type":"string","description":"How long to wait before sending a notification about new alerts that are added to a group of alerts for which an initial notification has already been sent. (Usually ~5m or more.)","description_kind":"plain","optional":true,"computed":true},"group_wait":{"type":"string","description":"How long to initially wait to send a notification for a group of alerts. Allows to wait for an inhibiting alert to arrive or collect more initial alerts for the same group. (Usually ~0s to few minutes.)","description_kind":"plain","optional":true,"computed":true},"match":{"type":["map","string"],"description":"A set of equality matchers an alert has to fulfill to match the node.","description_kind":"plain","optional":true},"match_regex":{"type":["map","string"],"description":"A set of regex-matchers an alert has to fulfill to match the node.","description_kind":"plain","optional":true},"receiver":{"type":"string","description":"The name of the receiver to route the alerts to.","description_kind":"plain","required":true},"repeat_interval":{"type":"string","description":"How long to wait before sending a notification again if it has already been sent successfully for an alert. (Usually ~3h or more).","description_kind":"plain","optional":true,"computed":true},"routes":{"nested_type":{"attributes":{"group_by":{"type":["list","string"],"description":"The labels by which incoming alerts are grouped together. For example, multiple alerts coming in for cluster=A and alertname=LatencyHigh would be batched into a single group. To aggregate by all possible labels use the special value '...' as the sole label name, for example: group_by: ['...']. This effectively disables aggregation entirely, passing through all alerts as-is. This is unlikely to be what you want, unless you have a very low alert volume or your upstream notification system performs its own grouping.","description_kind":"plain","optional":true},"group_interval":{"type":"string","description":"How long to wait before sending a notification about new alerts that are added to a group of alerts for which an initial notification has already been sent. (Usually ~5m or more.)","description_kind":"plain","optional":true,"computed":true},"group_wait":{"type":"string","description":"How long to initially wait to send a notification for a group of alerts. Allows to wait for an inhibiting alert to arrive or collect more initial alerts for the same group. (Usually ~0s to few minutes.)","description_kind":"plain","optional":true,"computed":true},"match":{"type":["map","string"],"description":"A set of equality matchers an alert has to fulfill to match the node.","description_kind":"plain","optional":true},"match_regex":{"type":["map","string"],"description":"A set of regex-matchers an alert has to fulfill to match the node.","description_kind":"plain","optional":true},"receiver":{"type":"string","description":"The name of the receiver to route the alerts to.","description_kind":"plain","required":true},"repeat_interval":{"type":"string","description":"How long to wait before sending a notification again if it has already been sent successfully for an alert. (Usually ~3h or more).","description_kind":"plain","optional":true,"computed":true}},"nesting_mode":"list"},"description":"List of child routes.","description_kind":"plain","optional":true}},"nesting_mode":"single"},"description":"Route configuration for the alerts.","description_kind":"plain","required":true}},"nesting_mode":"single"},"description":"Alert configuration for the instance.","description_kind":"plain","optional":true},"alerting_url":{"type":"string","description":"Specifies Alerting URL.","description_kind":"plain","computed":true},"dashboard_url":{"type":"string","description":"Specifies Argus instance dashboard URL.","description_kind":"plain","computed":true},"grafana_initial_admin_password":{"type":"string","description":"Specifies an initial Grafana admin password.","description_kind":"plain","computed":true,"sensitive":true},"grafana_initial_admin_user":{"type":"string","description":"Specifies an initial Grafana admin username.","description_kind":"plain","computed":true},"grafana_public_read_access":{"type":"bool","description":"If true, anyone can access Grafana dashboards without logging in.","description_kind":"plain","computed":true},"grafana_url":{"type":"string","description":"Specifies Grafana URL.","description_kind":"plain","computed":true},"id":{"type":"string","description":"Terraform's internal resource ID. It is structured as \"`project_id`,`instance_id`\".","description_kind":"plain","computed":true},"instance_id":{"type":"string","description":"The Argus instance ID.","description_kind":"plain","computed":true},"is_updatable":{"type":"bool","description":"Specifies if the instance can be updated.","description_kind":"plain","computed":true},"jaeger_traces_url":{"type":"string","description_kind":"plain","computed":true},"jaeger_ui_url":{"type":"string","description_kind":"plain","computed":true},"logs_push_url":{"type":"string","description":"Specifies URL for pushing logs.","description_kind":"plain","computed":true},"logs_url":{"type":"string","description":"Specifies Logs URL.","description_kind":"plain","computed":true},"metrics_push_url":{"type":"string","description":"Specifies URL for pushing metrics.","description_kind":"plain","computed":true},"metrics_retention_days":{"type":"number","description":"Specifies for how many days the raw metrics are kept.","description_kind":"plain","optional":true,"computed":true},"metrics_retention_days_1h_downsampling":{"type":"number","description":"Specifies for how many days the 1h downsampled metrics are kept. must be less than the value of the 5m downsampling retention. Default is set to `0` (disabled).","description_kind":"plain","optional":true,"computed":true},"metrics_retention_days_5m_downsampling":{"type":"number","description":"Specifies for how many days the 5m downsampled metrics are kept. must be less than the value of the general retention. Default is set to `0` (disabled).","description_kind":"plain","optional":true,"computed":true},"metrics_url":{"type":"string","description":"Specifies metrics URL.","description_kind":"plain","computed":true},"name":{"type":"string","description":"The name of the Argus instance.","description_kind":"plain","required":true},"otlp_traces_url":{"type":"string","description_kind":"plain","computed":true},"parameters":{"type":["map","string"],"description":"Additional parameters.","description_kind":"plain","optional":true,"computed":true},"plan_id":{"type":"string","description":"The Argus plan ID.","description_kind":"plain","computed":true},"plan_name":{"type":"string","description":"Specifies the Argus plan. E.g. `Monitoring-Medium-EU01`.","description_kind":"plain","required":true},"project_id":{"type":"string","description":"STACKIT project ID to which the instance is associated.","description_kind":"plain","required":true},"targets_url":{"type":"string","description":"Specifies Targets URL.","description_kind":"plain","computed":true},"zipkin_spans_url":{"type":"string","description_kind":"plain","computed":true}},"description":"Argus instance resource schema. Must have a `region` specified in the provider configuration.\n\n!\u003e The `stackit_argus_instance` resource has been deprecated and will be removed after February 26th 2025. Please use `stackit_observability_instance` instead, which offers the exact same functionality.","description_kind":"markdown","deprecated":true}},"stackit_argus_scrapeconfig":{"version":0,"block":{"attributes":{"basic_auth":{"nested_type":{"attributes":{"password":{"type":"string","description":"Specifies basic auth password.","description_kind":"plain","required":true,"sensitive":true},"username":{"type":"string","description":"Specifies basic auth username.","description_kind":"plain","required":true}},"nesting_mode":"single"},"description":"A basic authentication block.","description_kind":"plain","optional":true,"computed":true},"id":{"type":"string","description":"Terraform's internal resource ID. It is structured as \"`project_id`,`instance_id`,`name`\".","description_kind":"plain","computed":true},"instance_id":{"type":"string","description":"Argus instance ID to which the scraping job is associated.","description_kind":"plain","required":true},"metrics_path":{"type":"string","description":"Specifies the job scraping url path. E.g. `/metrics`.","description_kind":"plain","required":true},"name":{"type":"string","description":"Specifies the name of the scraping job.","description_kind":"plain","required":true},"project_id":{"type":"string","description":"STACKIT project ID to which the scraping job is associated.","description_kind":"plain","required":true},"saml2":{"nested_type":{"attributes":{"enable_url_parameters":{"type":"bool","description":"Specifies if URL parameters are enabled. Defaults to `true`","description_kind":"plain","optional":true,"computed":true}},"nesting_mode":"single"},"description":"A SAML2 configuration block.","description_kind":"plain","optional":true,"computed":true},"sample_limit":{"type":"number","description":"Specifies the scrape sample limit. Upper limit depends on the service plan. Defaults to `5000`.","description_kind":"plain","optional":true,"computed":true},"scheme":{"type":"string","description":"Specifies the http scheme. Defaults to `https`.","description_kind":"plain","optional":true,"computed":true},"scrape_interval":{"type":"string","description":"Specifies the scrape interval as duration string. Defaults to `5m`.","description_kind":"plain","optional":true,"computed":true},"scrape_timeout":{"type":"string","description":"Specifies the scrape timeout as duration string. Defaults to `2m`.","description_kind":"plain","optional":true,"computed":true},"targets":{"nested_type":{"attributes":{"labels":{"type":["map","string"],"description":"Specifies labels.","description_kind":"plain","optional":true},"urls":{"type":["list","string"],"description":"Specifies target URLs.","description_kind":"plain","required":true}},"nesting_mode":"list"},"description":"The targets list (specified by the static config).","description_kind":"plain","required":true}},"description":"Argus scrape config resource schema. Must have a `region` specified in the provider configuration.\n\n!\u003e The `stackit_argus_scrapeconfig` resource has been deprecated and will be removed after February 26th 2025. Please use `stackit_observability_scrapeconfig` instead, which offers the exact same functionality.","description_kind":"markdown","deprecated":true}},"stackit_dns_record_set":{"version":0,"block":{"attributes":{"active":{"type":"bool","description":"Specifies if the record set is active or not. Defaults to `true`","description_kind":"plain","optional":true,"computed":true},"comment":{"type":"string","description":"Comment.","description_kind":"plain","optional":true,"computed":true},"error":{"type":"string","description":"Error shows error in case create/update/delete failed.","description_kind":"plain","computed":true},"fqdn":{"type":"string","description":"Fully qualified domain name (FQDN) of the record set.","description_kind":"plain","computed":true},"id":{"type":"string","description":"Terraform's internal resource ID. It is structured as \"`project_id`,`zone_id`,`record_set_id`\".","description_kind":"plain","computed":true},"name":{"type":"string","description":"Name of the record which should be a valid domain according to rfc1035 Section 2.3.4. E.g. `example.com`","description_kind":"plain","required":true},"project_id":{"type":"string","description":"STACKIT project ID to which the dns record set is associated.","description_kind":"plain","required":true},"record_set_id":{"type":"string","description":"The rr set id.","description_kind":"plain","computed":true},"records":{"type":["list","string"],"description":"Records.","description_kind":"plain","required":true},"state":{"type":"string","description":"Record set state.","description_kind":"plain","computed":true},"ttl":{"type":"number","description":"Time to live. E.g. 3600","description_kind":"plain","optional":true,"computed":true},"type":{"type":"string","description":"The record set type. E.g. `A` or `CNAME`","description_kind":"plain","optional":true,"computed":true},"zone_id":{"type":"string","description":"The zone ID to which is dns record set is associated.","description_kind":"plain","required":true}},"description":"DNS Record Set Resource schema.","description_kind":"plain"}},"stackit_dns_zone":{"version":0,"block":{"attributes":{"acl":{"type":"string","description":"The access control list. E.g. `0.0.0.0/0,::/0`","description_kind":"plain","optional":true,"computed":true},"active":{"type":"bool","description_kind":"plain","optional":true,"computed":true},"contact_email":{"type":"string","description":"A contact e-mail for the zone.","description_kind":"plain","optional":true,"computed":true},"default_ttl":{"type":"number","description":"Default time to live. E.g. 3600.","description_kind":"plain","optional":true,"computed":true},"description":{"type":"string","description":"Description of the zone.","description_kind":"plain","optional":true,"computed":true},"dns_name":{"type":"string","description":"The zone name. E.g. `example.com`","description_kind":"plain","required":true},"expire_time":{"type":"number","description":"Expire time. E.g. 1209600.","description_kind":"plain","optional":true,"computed":true},"id":{"type":"string","description":"Terraform's internal resource ID. It is structured as \"`project_id`,`zone_id`\".","description_kind":"plain","computed":true},"is_reverse_zone":{"type":"bool","description":"Specifies, if the zone is a reverse zone or not. Defaults to `false`","description_kind":"plain","optional":true,"computed":true},"name":{"type":"string","description":"The user given name of the zone.","description_kind":"plain","required":true},"negative_cache":{"type":"number","description":"Negative caching. E.g. 60","description_kind":"plain","optional":true,"computed":true},"primaries":{"type":["list","string"],"description":"Primary name server for secondary zone. E.g. [\"1.2.3.4\"]","description_kind":"plain","optional":true,"computed":true},"primary_name_server":{"type":"string","description":"Primary name server. FQDN.","description_kind":"plain","computed":true},"project_id":{"type":"string","description":"STACKIT project ID to which the dns zone is associated.","description_kind":"plain","required":true},"record_count":{"type":"number","description":"Record count how many records are in the zone.","description_kind":"plain","computed":true},"refresh_time":{"type":"number","description":"Refresh time. E.g. 3600","description_kind":"plain","optional":true,"computed":true},"retry_time":{"type":"number","description":"Retry time. E.g. 600","description_kind":"plain","optional":true,"computed":true},"serial_number":{"type":"number","description":"Serial number. E.g. `2022111400`.","description_kind":"plain","computed":true},"state":{"type":"string","description":"Zone state. E.g. `CREATE_SUCCEEDED`.","description_kind":"plain","computed":true},"type":{"type":"string","description":"Zone type. Defaults to `primary`. Supported values are: `primary`, `secondary`.","description_kind":"plain","optional":true,"computed":true},"visibility":{"type":"string","description":"Visibility of the zone. E.g. `public`.","description_kind":"plain","computed":true},"zone_id":{"type":"string","description":"The zone ID.","description_kind":"plain","computed":true}},"description":"DNS Zone resource schema.","description_kind":"plain"}},"stackit_loadbalancer":{"version":0,"block":{"attributes":{"external_address":{"type":"string","description":"External Load Balancer IP address where this Load Balancer is exposed.","description_kind":"plain","optional":true},"id":{"type":"string","description":"Terraform's internal resource ID. It is structured as \"`project_id`\",\"`name`\".","description_kind":"plain","computed":true},"listeners":{"nested_type":{"attributes":{"display_name":{"type":"string","description_kind":"plain","optional":true,"computed":true},"port":{"type":"number","description":"Port number where we listen for traffic.","description_kind":"plain","optional":true,"computed":true},"protocol":{"type":"string","description":"Protocol is the highest network protocol we understand to load balance. Supported values are: `PROTOCOL_UNSPECIFIED`, `PROTOCOL_TCP`, `PROTOCOL_UDP`, `PROTOCOL_TCP_PROXY`, `PROTOCOL_TLS_PASSTHROUGH`.","description_kind":"plain","optional":true,"computed":true},"server_name_indicators":{"nested_type":{"attributes":{"name":{"type":"string","description":"A domain name to match in order to pass TLS traffic to the target pool in the current listener","description_kind":"plain","optional":true}},"nesting_mode":"list"},"description":"A list of domain names to match in order to pass TLS traffic to the target pool in the current listener","description_kind":"plain","optional":true},"target_pool":{"type":"string","description":"Reference target pool by target pool name.","description_kind":"plain","optional":true,"computed":true}},"nesting_mode":"list"},"description":"List of all listeners which will accept traffic. Limited to 20.","description_kind":"plain","required":true},"name":{"type":"string","description":"Load balancer name.","description_kind":"plain","required":true},"networks":{"nested_type":{"attributes":{"network_id":{"type":"string","description":"Openstack network ID.","description_kind":"plain","required":true},"role":{"type":"string","description":"The role defines how the load balancer is using the network. Supported values are: `ROLE_UNSPECIFIED`, `ROLE_LISTENERS_AND_TARGETS`, `ROLE_LISTENERS`, `ROLE_TARGETS`.","description_kind":"plain","optional":true,"computed":true}},"nesting_mode":"list"},"description":"List of networks that listeners and targets reside in.","description_kind":"plain","required":true},"options":{"nested_type":{"attributes":{"acl":{"type":["set","string"],"description":"Load Balancer is accessible only from an IP address in this range.","description_kind":"plain","optional":true,"computed":true},"private_network_only":{"type":"bool","description":"If true, Load Balancer is accessible only via a private network IP address.","description_kind":"plain","optional":true,"computed":true}},"nesting_mode":"single"},"description":"Defines any optional functionality you want to have enabled on your load balancer.","description_kind":"plain","optional":true,"computed":true},"private_address":{"type":"string","description":"Transient private Load Balancer IP address. It can change any time.","description_kind":"plain","computed":true},"project_id":{"type":"string","description":"STACKIT project ID to which the Load Balancer is associated.","description_kind":"plain","required":true},"target_pools":{"nested_type":{"attributes":{"active_health_check":{"nested_type":{"attributes":{"healthy_threshold":{"type":"number","description":"Healthy threshold of the health checking.","description_kind":"plain","optional":true,"computed":true},"interval":{"type":"string","description":"Interval duration of health checking in seconds.","description_kind":"plain","optional":true,"computed":true},"interval_jitter":{"type":"string","description":"Interval duration threshold of the health checking in seconds.","description_kind":"plain","optional":true,"computed":true},"timeout":{"type":"string","description":"Active health checking timeout duration in seconds.","description_kind":"plain","optional":true,"computed":true},"unhealthy_threshold":{"type":"number","description":"Unhealthy threshold of the health checking.","description_kind":"plain","optional":true,"computed":true}},"nesting_mode":"single"},"description_kind":"plain","optional":true,"computed":true},"name":{"type":"string","description":"Target pool name.","description_kind":"plain","required":true},"session_persistence":{"nested_type":{"attributes":{"use_source_ip_address":{"type":"bool","description":"If true then all connections from one source IP address are redirected to the same target. This setting changes the load balancing algorithm to Maglev.","description_kind":"plain","optional":true}},"nesting_mode":"single"},"description":"Here you can setup various session persistence options, so far only \"`use_source_ip_address`\" is supported.","description_kind":"plain","optional":true},"target_port":{"type":"number","description":"Identical port number where each target listens for traffic.","description_kind":"plain","required":true},"targets":{"nested_type":{"attributes":{"display_name":{"type":"string","description":"Target display name","description_kind":"plain","required":true},"ip":{"type":"string","description":"Target IP","description_kind":"plain","required":true}},"nesting_mode":"list"},"description":"List of all targets which will be used in the pool. Limited to 1000.","description_kind":"plain","required":true}},"nesting_mode":"list"},"description":"List of all target pools which will be used in the Load Balancer. Limited to 20.","description_kind":"plain","required":true}},"description":"\n## Setting up supporting infrastructure\n\n\n### Configuring an OpenStack provider\n\n\nTo automate the creation of load balancers, OpenStack can be used to setup the supporting infrastructure.\nTo set up the OpenStack provider, you can create a token through the STACKIT Portal, in your project's Infrastructure API page.\nThere, the OpenStack user domain name, username, and password are generated and can be obtained. The provider can then be configured as follows:\n```terraform\nterraform {\n\trequired_providers {\n\t\t(...)\n\t\topenstack = {\n\t\t\tsource = \"terraform-provider-openstack/openstack\"\n\t\t}\n\t}\n}\n\nprovider \"openstack\" {\n\tuser_domain_name = \"{OpenStack user domain name}\"\n\tuser_name        = \"{OpenStack username}\"\n\tpassword         = \"{OpenStack password}\"\n\tregion           = \"RegionOne\"\n\tauth_url         = \"https://keystone.api.iaas.eu01.stackit.cloud/v3\"\n}\n\n```\n\n### Configuring the supporting infrastructure\n\nThe example below uses OpenStack to create the network, router, a public IP address and a compute instance.\n","description_kind":"markdown"}},"stackit_loadbalancer_credential":{"version":0,"block":{"attributes":{"credentials_ref":{"type":"string","description":"The credentials reference can be used for observability of the Load Balancer.","description_kind":"plain","computed":true},"display_name":{"type":"string","description":"Credential name.","description_kind":"plain","required":true},"id":{"type":"string","description":"Terraform's internal resource ID. It is structured as \"`project_id`\",\"`credentials_ref`\".","description_kind":"plain","computed":true},"password":{"type":"string","description":"The password used for the ARGUS instance.","description_kind":"plain","required":true},"project_id":{"type":"string","description":"STACKIT project ID to which the load balancer credential is associated.","description_kind":"plain","required":true},"username":{"type":"string","description":"The username used for the ARGUS instance.","description_kind":"plain","required":true}},"description":"Load balancer credential resource schema. Must have a `region` specified in the provider configuration.\n\n!\u003e The `stackit_loadbalancer_credential` resource has been deprecated and will be removed after November 13th 2024. Please use `stackit_loadbalancer_observability_credential` instead, which offers the exact same functionality.","description_kind":"markdown","deprecated":true}},"stackit_loadbalancer_observability_credential":{"version":0,"block":{"attributes":{"credentials_ref":{"type":"string","description":"The credentials reference is used by the Load Balancer to define which credentials it will use.","description_kind":"plain","computed":true},"display_name":{"type":"string","description":"Observability credential name.","description_kind":"plain","required":true},"id":{"type":"string","description":"Terraform's internal resource ID. It is structured as \"`project_id`\",\"`credentials_ref`\".","description_kind":"plain","computed":true},"password":{"type":"string","description":"The username for the observability service (e.g. Argus) where the logs/metrics will be pushed into.","description_kind":"plain","required":true},"project_id":{"type":"string","description":"STACKIT project ID to which the load balancer observability credential is associated.","description_kind":"plain","required":true},"username":{"type":"string","description":"The password for the observability service (e.g. Argus) where the logs/metrics will be pushed into.","description_kind":"plain","required":true}},"description":"Load balancer observability credential resource schema. Must have a `region` specified in the provider configuration. These contain the username and password for the observability service (e.g. Argus) where the load balancer logs/metrics will be pushed into","description_kind":"plain"}},"stackit_logme_credential":{"version":0,"block":{"attributes":{"credential_id":{"type":"string","description":"The credential's ID.","description_kind":"plain","computed":true},"host":{"type":"string","description_kind":"plain","computed":true},"id":{"type":"string","description":"Terraform's internal resource identifier. It is structured as \"`project_id`,`instance_id`,`credential_id`\".","description_kind":"plain","computed":true},"instance_id":{"type":"string","description":"ID of the LogMe instance.","description_kind":"plain","required":true},"password":{"type":"string","description_kind":"plain","computed":true,"sensitive":true},"port":{"type":"number","description_kind":"plain","computed":true},"project_id":{"type":"string","description":"STACKIT Project ID to which the instance is associated.","description_kind":"plain","required":true},"uri":{"type":"string","description_kind":"plain","computed":true,"sensitive":true},"username":{"type":"string","description_kind":"plain","computed":true}},"description":"LogMe credential resource schema. Must have a `region` specified in the provider configuration.","description_kind":"plain"}},"stackit_logme_instance":{"version":0,"block":{"attributes":{"cf_guid":{"type":"string","description_kind":"plain","computed":true},"cf_organization_guid":{"type":"string","description_kind":"plain","computed":true},"cf_space_guid":{"type":"string","description_kind":"plain","computed":true},"dashboard_url":{"type":"string","description_kind":"plain","computed":true},"id":{"type":"string","description":"Terraform's internal resource ID. It is structured as \"`project_id`,`instance_id`\".","description_kind":"plain","computed":true},"image_url":{"type":"string","description_kind":"plain","computed":true},"instance_id":{"type":"string","description":"ID of the LogMe instance.","description_kind":"plain","computed":true},"name":{"type":"string","description":"Instance name.","description_kind":"plain","required":true},"parameters":{"nested_type":{"attributes":{"enable_monitoring":{"type":"bool","description":"Enable monitoring.","description_kind":"plain","optional":true,"computed":true},"fluentd_tcp":{"type":"number","description_kind":"plain","optional":true,"computed":true},"fluentd_tls":{"type":"number","description_kind":"plain","optional":true,"computed":true},"fluentd_tls_ciphers":{"type":"string","description_kind":"plain","optional":true,"computed":true},"fluentd_tls_max_version":{"type":"string","description_kind":"plain","optional":true,"computed":true},"fluentd_tls_min_version":{"type":"string","description_kind":"plain","optional":true,"computed":true},"fluentd_tls_version":{"type":"string","description_kind":"plain","optional":true,"computed":true},"fluentd_udp":{"type":"number","description_kind":"plain","optional":true,"computed":true},"graphite":{"type":"string","description":"If set, monitoring with Graphite will be enabled. Expects the host and port where the Graphite metrics should be sent to (host:port).","description_kind":"plain","optional":true,"computed":true},"ism_deletion_after":{"type":"string","description":"Combination of an integer and a timerange when an index will be considered \"old\" and can be deleted. Possible values for the timerange are `s`, `m`, `h` and `d`.","description_kind":"plain","optional":true,"computed":true},"ism_jitter":{"type":"number","description_kind":"plain","optional":true,"computed":true},"ism_job_interval":{"type":"number","description":"Jitter of the execution time.","description_kind":"plain","optional":true,"computed":true},"java_heapspace":{"type":"number","description":"The amount of memory (in MB) allocated as heap by the JVM for OpenSearch.","description_kind":"plain","optional":true,"computed":true},"java_maxmetaspace":{"type":"number","description":"The amount of memory (in MB) used by the JVM to store metadata for OpenSearch.","description_kind":"plain","optional":true,"computed":true},"max_disk_threshold":{"type":"number","description":"The maximum disk threshold in MB. If the disk usage exceeds this threshold, the instance will be stopped.","description_kind":"plain","optional":true,"computed":true},"metrics_frequency":{"type":"number","description":"The frequency in seconds at which metrics are emitted (in seconds).","description_kind":"plain","optional":true,"computed":true},"metrics_prefix":{"type":"string","description":"The prefix for the metrics. Could be useful when using Graphite monitoring to prefix the metrics with a certain value, like an API key.","description_kind":"plain","optional":true,"computed":true},"monitoring_instance_id":{"type":"string","description":"The ID of the STACKIT monitoring instance.","description_kind":"plain","optional":true,"computed":true},"opensearch_tls_ciphers":{"type":["list","string"],"description_kind":"plain","optional":true,"computed":true},"opensearch_tls_protocols":{"type":["list","string"],"description_kind":"plain","optional":true,"computed":true},"sgw_acl":{"type":"string","description":"Comma separated list of IP networks in CIDR notation which are allowed to access this instance.","description_kind":"plain","optional":true,"computed":true},"syslog":{"type":["list","string"],"description":"List of syslog servers to send logs to.","description_kind":"plain","optional":true,"computed":true},"syslog_use_udp":{"type":"string","description_kind":"plain","optional":true,"computed":true}},"nesting_mode":"single"},"description":"Configuration parameters. Please note that removing a previously configured field from your Terraform configuration won't replace its value in the API. To update a previously configured field, explicitly set a new value for it.","description_kind":"plain","optional":true,"computed":true},"plan_id":{"type":"string","description":"The selected plan ID.","description_kind":"plain","computed":true},"plan_name":{"type":"string","description":"The selected plan name.","description_kind":"plain","required":true},"project_id":{"type":"string","description":"STACKIT project ID to which the instance is associated.","description_kind":"plain","required":true},"version":{"type":"string","description":"The service version.","description_kind":"plain","required":true}},"description":"LogMe instance resource schema. Must have a `region` specified in the provider configuration.","description_kind":"plain"}},"stackit_mariadb_credential":{"version":0,"block":{"attributes":{"credential_id":{"type":"string","description":"The credential's ID.","description_kind":"plain","computed":true},"host":{"type":"string","description_kind":"plain","computed":true},"hosts":{"type":["list","string"],"description_kind":"plain","computed":true},"id":{"type":"string","description":"Terraform's internal resource identifier. It is structured as \"`project_id`,`instance_id`,`credential_id`\".","description_kind":"plain","computed":true},"instance_id":{"type":"string","description":"ID of the MariaDB instance.","description_kind":"plain","required":true},"name":{"type":"string","description_kind":"plain","computed":true},"password":{"type":"string","description_kind":"plain","computed":true,"sensitive":true},"port":{"type":"number","description_kind":"plain","computed":true},"project_id":{"type":"string","description":"STACKIT Project ID to which the instance is associated.","description_kind":"plain","required":true},"uri":{"type":"string","description_kind":"plain","computed":true,"sensitive":true},"username":{"type":"string","description_kind":"plain","computed":true}},"description":"MariaDB credential resource schema. Must have a `region` specified in the provider configuration.","description_kind":"plain"}},"stackit_mariadb_instance":{"version":0,"block":{"attributes":{"cf_guid":{"type":"string","description_kind":"plain","computed":true},"cf_organization_guid":{"type":"string","description_kind":"plain","computed":true},"cf_space_guid":{"type":"string","description_kind":"plain","computed":true},"dashboard_url":{"type":"string","description_kind":"plain","computed":true},"id":{"type":"string","description":"Terraform's internal resource ID. It is structured as \"`project_id`,`instance_id`\".","description_kind":"plain","computed":true},"image_url":{"type":"string","description_kind":"plain","computed":true},"instance_id":{"type":"string","description":"ID of the MariaDB instance.","description_kind":"plain","computed":true},"name":{"type":"string","description":"Instance name.","description_kind":"plain","required":true},"parameters":{"nested_type":{"attributes":{"enable_monitoring":{"type":"bool","description":"Enable monitoring.","description_kind":"plain","optional":true,"computed":true},"graphite":{"type":"string","description":"Graphite server URL (host and port). If set, monitoring with Graphite will be enabled.","description_kind":"plain","optional":true,"computed":true},"max_disk_threshold":{"type":"number","description":"The maximum disk threshold in MB. If the disk usage exceeds this threshold, the instance will be stopped.","description_kind":"plain","optional":true,"computed":true},"metrics_frequency":{"type":"number","description":"The frequency in seconds at which metrics are emitted.","description_kind":"plain","optional":true,"computed":true},"metrics_prefix":{"type":"string","description":"The prefix for the metrics. Could be useful when using Graphite monitoring to prefix the metrics with a certain value, like an API key","description_kind":"plain","optional":true,"computed":true},"monitoring_instance_id":{"type":"string","description":"The ID of the STACKIT monitoring instance.","description_kind":"plain","optional":true,"computed":true},"sgw_acl":{"type":"string","description":"Comma separated list of IP networks in CIDR notation which are allowed to access this instance.","description_kind":"plain","optional":true,"computed":true},"syslog":{"type":["list","string"],"description":"List of syslog servers to send logs to.","description_kind":"plain","optional":true,"computed":true}},"nesting_mode":"single"},"description":"Configuration parameters. Please note that removing a previously configured field from your Terraform configuration won't replace its value in the API. To update a previously configured field, explicitly set a new value for it.","description_kind":"plain","optional":true,"computed":true},"plan_id":{"type":"string","description":"The selected plan ID.","description_kind":"plain","computed":true},"plan_name":{"type":"string","description":"The selected plan name.","description_kind":"plain","required":true},"project_id":{"type":"string","description":"STACKIT project ID to which the instance is associated.","description_kind":"plain","required":true},"version":{"type":"string","description":"The service version.","description_kind":"plain","required":true}},"description":"MariaDB instance resource schema. Must have a `region` specified in the provider configuration.","description_kind":"plain"}},"stackit_mongodbflex_instance":{"version":0,"block":{"attributes":{"acl":{"type":["list","string"],"description":"The Access Control List (ACL) for the MongoDB Flex instance.","description_kind":"plain","required":true},"backup_schedule":{"type":"string","description":"The backup schedule. Should follow the cron scheduling system format (e.g. \"0 0 * * *\").","description_kind":"plain","required":true},"flavor":{"nested_type":{"attributes":{"cpu":{"type":"number","description_kind":"plain","required":true},"description":{"type":"string","description_kind":"plain","computed":true},"id":{"type":"string","description_kind":"plain","computed":true},"ram":{"type":"number","description_kind":"plain","required":true}},"nesting_mode":"single"},"description_kind":"plain","required":true},"id":{"type":"string","description":"Terraform's internal resource ID. It is structured as \"`project_id`,`instance_id`\".","description_kind":"plain","computed":true},"instance_id":{"type":"string","description":"ID of the MongoDB Flex instance.","description_kind":"plain","computed":true},"name":{"type":"string","description":"Instance name.","description_kind":"plain","required":true},"options":{"nested_type":{"attributes":{"daily_snapshot_retention_days":{"type":"number","description":"The number of days that daily backups will be retained.","description_kind":"plain","optional":true,"computed":true},"monthly_snapshot_retention_months":{"type":"number","description":"The number of months that monthly backups will be retained.","description_kind":"plain","optional":true,"computed":true},"point_in_time_window_hours":{"type":"number","description":"The number of hours back in time the point-in-time recovery feature will be able to recover.","description_kind":"plain","optional":true,"computed":true},"snapshot_retention_days":{"type":"number","description":"The number of days that continuous backups (controlled via the `backup_schedule`) will be retained.","description_kind":"plain","optional":true,"computed":true},"type":{"type":"string","description":"Type of the MongoDB Flex instance. Supported values are: `Replica`, `Sharded`, `Single`.","description_kind":"plain","required":true},"weekly_snapshot_retention_weeks":{"type":"number","description":"The number of weeks that weekly backups will be retained.","description_kind":"plain","optional":true,"computed":true}},"nesting_mode":"single"},"description_kind":"plain","required":true},"project_id":{"type":"string","description":"STACKIT project ID to which the instance is associated.","description_kind":"plain","required":true},"replicas":{"type":"number","description_kind":"plain","required":true},"storage":{"nested_type":{"attributes":{"class":{"type":"string","description_kind":"plain","required":true},"size":{"type":"number","description_kind":"plain","required":true}},"nesting_mode":"single"},"description_kind":"plain","required":true},"version":{"type":"string","description_kind":"plain","required":true}},"description":"MongoDB Flex instance resource schema. Must have a `region` specified in the provider configuration.","description_kind":"plain"}},"stackit_mongodbflex_user":{"version":0,"block":{"attributes":{"database":{"type":"string","description_kind":"plain","required":true},"host":{"type":"string","description_kind":"plain","computed":true},"id":{"type":"string","description":"Terraform's internal resource ID. It is structured as \"`project_id`,`instance_id`,`user_id`\".","description_kind":"plain","computed":true},"instance_id":{"type":"string","description":"ID of the MongoDB Flex instance.","description_kind":"plain","required":true},"password":{"type":"string","description_kind":"plain","computed":true,"sensitive":true},"port":{"type":"number","description_kind":"plain","computed":true},"project_id":{"type":"string","description":"STACKIT project ID to which the instance is associated.","description_kind":"plain","required":true},"roles":{"type":["set","string"],"description":"Database access levels for the user. Some of the possible values are: [`read`, `readWrite`, `readWriteAnyDatabase`]","description_kind":"plain","required":true},"uri":{"type":"string","description_kind":"plain","computed":true,"sensitive":true},"user_id":{"type":"string","description":"User ID.","description_kind":"plain","computed":true},"username":{"type":"string","description_kind":"plain","optional":true,"computed":true}},"description":"MongoDB Flex user resource schema. Must have a `region` specified in the provider configuration.","description_kind":"plain"}},"stackit_network":{"version":0,"block":{"attributes":{"id":{"type":"string","description":"Terraform's internal resource ID. It is structured as \"`project_id`,`network_id`\".","description_kind":"plain","computed":true},"ipv4_prefix_length":{"type":"number","description":"The IPv4 prefix length of the network.","description_kind":"plain","optional":true},"labels":{"type":["map","string"],"description":"Labels are key-value string pairs which can be attached to a resource container","description_kind":"plain","optional":true},"name":{"type":"string","description":"The name of the network.","description_kind":"plain","required":true},"nameservers":{"type":["list","string"],"description":"The nameservers of the network.","description_kind":"plain","optional":true,"computed":true},"network_id":{"type":"string","description":"The network ID.","description_kind":"plain","computed":true},"prefixes":{"type":["list","string"],"description":"The prefixes of the network.","description_kind":"plain","computed":true},"project_id":{"type":"string","description":"STACKIT project ID to which the network is associated.","description_kind":"plain","required":true},"public_ip":{"type":"string","description":"The public IP of the network.","description_kind":"plain","computed":true}},"description":"Network resource schema. Must have a `region` specified in the provider configuration.","description_kind":"plain"}},"stackit_network_area":{"version":0,"block":{"attributes":{"default_nameservers":{"type":["list","string"],"description":"List of DNS Servers/Nameservers.","description_kind":"plain","optional":true},"default_prefix_length":{"type":"number","description":"The default prefix length for networks in the network area.","description_kind":"plain","optional":true,"computed":true},"id":{"type":"string","description":"Terraform's internal resource ID. It is structured as \"`organization_id`,`network_area_id`\".","description_kind":"plain","computed":true},"labels":{"type":["map","string"],"description":"Labels are key-value string pairs which can be attached to a resource container","description_kind":"plain","optional":true},"max_prefix_length":{"type":"number","description":"The maximal prefix length for networks in the network area.","description_kind":"plain","optional":true,"computed":true},"min_prefix_length":{"type":"number","description":"The minimal prefix length for networks in the network area.","description_kind":"plain","optional":true,"computed":true},"name":{"type":"string","description":"The name of the network area.","description_kind":"plain","required":true},"network_area_id":{"type":"string","description":"The network area ID.","description_kind":"plain","computed":true},"network_ranges":{"nested_type":{"attributes":{"network_range_id":{"type":"string","description_kind":"plain","computed":true},"prefix":{"type":"string","description":"Classless Inter-Domain Routing (CIDR).","description_kind":"plain","required":true}},"nesting_mode":"list"},"description":"List of Network ranges.","description_kind":"plain","required":true},"organization_id":{"type":"string","description":"STACKIT organization ID to which the network area is associated.","description_kind":"plain","required":true},"project_count":{"type":"number","description":"The amount of projects currently referencing this area.","description_kind":"plain","computed":true},"transfer_network":{"type":"string","description":"Classless Inter-Domain Routing (CIDR).","description_kind":"plain","required":true}},"description":"Network area resource schema. Must have a `region` specified in the provider configuration.\n\n~\u003e This resource is in beta and may be subject to breaking changes in the future. Use with caution. See our [guide](https://registry.terraform.io/providers/stackitcloud/stackit/latest/docs/guides/opting_into_beta_resources) for how to opt-in to use beta resources.","description_kind":"markdown"}},"stackit_network_area_route":{"version":0,"block":{"attributes":{"id":{"type":"string","description":"Terraform's internal resource ID. It is structured as \"`organization_id`,`network_area_id`,`network_area_route_id`\".","description_kind":"plain","computed":true},"labels":{"type":["map","string"],"description":"Labels are key-value string pairs which can be attached to a resource container","description_kind":"plain","optional":true},"network_area_id":{"type":"string","description":"The network area ID to which the network area route is associated.","description_kind":"plain","required":true},"network_area_route_id":{"type":"string","description":"The network area route ID.","description_kind":"plain","computed":true},"next_hop":{"type":"string","description":"The IP address of the routing system, that will route the prefix configured. Should be a valid IPv4 address.","description_kind":"plain","required":true},"organization_id":{"type":"string","description":"STACKIT organization ID to which the network area is associated.","description_kind":"plain","required":true},"prefix":{"type":"string","description":"The network, that is reachable though the Next Hop. Should use CIDR notation.","description_kind":"plain","required":true}},"description":"Network area route resource schema. Must have a `region` specified in the provider configuration.\n\n~\u003e This resource is in beta and may be subject to breaking changes in the future. Use with caution. See our [guide](https://registry.terraform.io/providers/stackitcloud/stackit/latest/docs/guides/opting_into_beta_resources) for how to opt-in to use beta resources.","description_kind":"markdown"}},"stackit_network_interface":{"version":0,"block":{"attributes":{"allowed_addresses":{"type":["list","string"],"description":"The list of CIDR (Classless Inter-Domain Routing) notations.","description_kind":"plain","optional":true,"computed":true},"device":{"type":"string","description":"The device UUID of the network interface.","description_kind":"plain","computed":true},"id":{"type":"string","description":"Terraform's internal resource ID. It is structured as \"`project_id`,`network_id`,`network_interface_id`\".","description_kind":"plain","computed":true},"ipv4":{"type":"string","description":"The IPv4 address.","description_kind":"plain","optional":true,"computed":true},"labels":{"type":["map","string"],"description":"Labels are key-value string pairs which can be attached to a network interface.","description_kind":"plain","optional":true},"mac":{"type":"string","description":"The MAC address of network interface.","description_kind":"plain","computed":true},"name":{"type":"string","description":"The name of the network interface.","description_kind":"plain","optional":true,"computed":true},"network_id":{"type":"string","description":"The network ID to which the network interface is associated.","description_kind":"plain","required":true},"network_interface_id":{"type":"string","description":"The network interface ID.","description_kind":"plain","computed":true},"project_id":{"type":"string","description":"STACKIT project ID to which the network is associated.","description_kind":"plain","required":true},"security":{"type":"bool","description":"The Network Interface Security. If set to false, then no security groups will apply to this network interface.","description_kind":"plain","optional":true,"computed":true},"security_group_ids":{"type":["list","string"],"description":"The list of security group UUIDs. If security is set to false, setting this field will lead to an error.","description_kind":"plain","optional":true,"computed":true},"type":{"type":"string","description":"Type of network interface. Some of the possible values are: Supported values are: `server`, `metadata`, `gateway`.","description_kind":"plain","computed":true}},"description":"Network interface resource schema. Must have a `region` specified in the provider configuration.\n\n~\u003e This resource is in beta and may be subject to breaking changes in the future. Use with caution. See our [guide](https://registry.terraform.io/providers/stackitcloud/stackit/latest/docs/guides/opting_into_beta_resources) for how to opt-in to use beta resources.","description_kind":"markdown"}},"stackit_objectstorage_bucket":{"version":0,"block":{"attributes":{"id":{"type":"string","description":"Terraform's internal resource identifier. It is structured as \"`project_id`,`name`\".","description_kind":"plain","computed":true},"name":{"type":"string","description":"The bucket name. It must be DNS conform.","description_kind":"plain","required":true},"project_id":{"type":"string","description":"STACKIT Project ID to which the bucket is associated.","description_kind":"plain","required":true},"url_path_style":{"type":"string","description_kind":"plain","computed":true},"url_virtual_hosted_style":{"type":"string","description_kind":"plain","computed":true}},"description":"ObjectStorage bucket resource schema. Must have a `region` specified in the provider configuration. If you are creating `credentialsgroup` and `bucket` resources simultaneously, please include the `depends_on` field so that they are created sequentially. This prevents errors from concurrent calls to the service enablement that is done in the background.","description_kind":"plain"}},"stackit_objectstorage_credential":{"version":0,"block":{"attributes":{"access_key":{"type":"string","description_kind":"plain","computed":true},"credential_id":{"type":"string","description":"The credential ID.","description_kind":"plain","computed":true},"credentials_group_id":{"type":"string","description":"The credential group ID.","description_kind":"plain","required":true},"expiration_timestamp":{"type":"string","description":"Expiration timestamp, in RFC339 format without fractional seconds. Example: \"2025-01-01T00:00:00Z\". If not set, the credential never expires.","description_kind":"plain","optional":true,"computed":true},"id":{"type":"string","description":"Terraform's internal resource identifier. It is structured as \"`project_id`,`credentials_group_id`,`credential_id`\".","description_kind":"plain","computed":true},"name":{"type":"string","description_kind":"plain","computed":true},"project_id":{"type":"string","description":"STACKIT Project ID to which the credential group is associated.","description_kind":"plain","required":true},"secret_access_key":{"type":"string","description_kind":"plain","computed":true,"sensitive":true}},"description":"ObjectStorage credential resource schema. Must have a `region` specified in the provider configuration.","description_kind":"plain"}},"stackit_objectstorage_credentials_group":{"version":0,"block":{"attributes":{"credentials_group_id":{"type":"string","description":"The credentials group ID","description_kind":"plain","computed":true},"id":{"type":"string","description":"Terraform's internal data source identifier. It is structured as \"`project_id`,`credentials_group_id`\".","description_kind":"plain","computed":true},"name":{"type":"string","description":"The credentials group's display name.","description_kind":"plain","required":true},"project_id":{"type":"string","description":"Project ID to which the credentials group is associated.","description_kind":"plain","required":true},"urn":{"type":"string","description":"Credentials group uniform resource name (URN)","description_kind":"plain","computed":true}},"description":"ObjectStorage credentials group resource schema. Must have a `region` specified in the provider configuration. If you are creating `credentialsgroup` and `bucket` resources simultaneously, please include the `depends_on` field so that they are created sequentially. This prevents errors from concurrent calls to the service enablement that is done in the background.","description_kind":"plain"}},"stackit_observability_credential":{"version":0,"block":{"attributes":{"id":{"type":"string","description":"Terraform's internal resource ID. It is structured as \"`project_id`,`instance_id`,`username`\".","description_kind":"plain","computed":true},"instance_id":{"type":"string","description":"The Observability Instance ID the credential belongs to.","description_kind":"plain","required":true},"password":{"type":"string","description":"Credential password","description_kind":"plain","computed":true,"sensitive":true},"project_id":{"type":"string","description":"STACKIT project ID to which the credential is associated.","description_kind":"plain","required":true},"username":{"type":"string","description":"Credential username","description_kind":"plain","computed":true}},"description":"Observability credential resource schema. Must have a `region` specified in the provider configuration.","description_kind":"plain"}},"stackit_observability_instance":{"version":0,"block":{"attributes":{"acl":{"type":["set","string"],"description":"The access control list for this instance. Each entry is an IP address range that is permitted to access, in CIDR notation.","description_kind":"plain","optional":true},"alert_config":{"nested_type":{"attributes":{"global":{"nested_type":{"attributes":{"opsgenie_api_key":{"type":"string","description":"The API key for OpsGenie.","description_kind":"plain","optional":true,"sensitive":true},"opsgenie_api_url":{"type":"string","description":"The host to send OpsGenie API requests to. Must be a valid URL","description_kind":"plain","optional":true},"resolve_timeout":{"type":"string","description":"The default value used by alertmanager if the alert does not include EndsAt. After this time passes, it can declare the alert as resolved if it has not been updated. This has no impact on alerts from Prometheus, as they always include EndsAt.","description_kind":"plain","optional":true,"computed":true},"smtp_auth_identity":{"type":"string","description":"SMTP authentication information. Must be a valid email address","description_kind":"plain","optional":true},"smtp_auth_password":{"type":"string","description":"SMTP Auth using LOGIN and PLAIN.","description_kind":"plain","optional":true,"sensitive":true},"smtp_auth_username":{"type":"string","description":"SMTP Auth using CRAM-MD5, LOGIN and PLAIN. If empty, Alertmanager doesn't authenticate to the SMTP server.","description_kind":"plain","optional":true},"smtp_from":{"type":"string","description":"The default SMTP From header field. Must be a valid email address","description_kind":"plain","optional":true,"computed":true},"smtp_smart_host":{"type":"string","description":"The default SMTP smarthost used for sending emails, including port number in format `host:port` (eg. `smtp.example.com:587`). Port number usually is 25, or 587 for SMTP over TLS (sometimes referred to as STARTTLS).","description_kind":"plain","optional":true}},"nesting_mode":"single"},"description":"Global configuration for the alerts.","description_kind":"plain","optional":true,"computed":true},"receivers":{"nested_type":{"attributes":{"email_configs":{"nested_type":{"attributes":{"auth_identity":{"type":"string","description":"SMTP authentication information. Must be a valid email address","description_kind":"plain","optional":true},"auth_password":{"type":"string","description":"SMTP authentication password.","description_kind":"plain","optional":true},"auth_username":{"type":"string","description":"SMTP authentication username.","description_kind":"plain","optional":true},"from":{"type":"string","description":"The sender email address. Must be a valid email address","description_kind":"plain","optional":true},"smart_host":{"type":"string","description":"The SMTP host through which emails are sent.","description_kind":"plain","optional":true},"to":{"type":"string","description":"The email address to send notifications to. Must be a valid email address","description_kind":"plain","optional":true}},"nesting_mode":"list"},"description":"List of email configurations.","description_kind":"plain","optional":true},"name":{"type":"string","description":"Name of the receiver.","description_kind":"plain","required":true},"opsgenie_configs":{"nested_type":{"attributes":{"api_key":{"type":"string","description":"The API key for OpsGenie.","description_kind":"plain","optional":true},"api_url":{"type":"string","description":"The host to send OpsGenie API requests to. Must be a valid URL","description_kind":"plain","optional":true},"tags":{"type":"string","description":"Comma separated list of tags attached to the notifications.","description_kind":"plain","optional":true}},"nesting_mode":"list"},"description":"List of OpsGenie configurations.","description_kind":"plain","optional":true},"webhooks_configs":{"nested_type":{"attributes":{"ms_teams":{"type":"bool","description":"Microsoft Teams webhooks require special handling, set this to true if the webhook is for Microsoft Teams.","description_kind":"plain","optional":true},"url":{"type":"string","description":"The endpoint to send HTTP POST requests to. Must be a valid URL","description_kind":"plain","optional":true}},"nesting_mode":"list"},"description":"List of Webhooks configurations.","description_kind":"plain","optional":true}},"nesting_mode":"list"},"description":"List of alert receivers.","description_kind":"plain","required":true},"route":{"nested_type":{"attributes":{"group_by":{"type":["list","string"],"description":"The labels by which incoming alerts are grouped together. For example, multiple alerts coming in for cluster=A and alertname=LatencyHigh would be batched into a single group. To aggregate by all possible labels use the special value '...' as the sole label name, for example: group_by: ['...']. This effectively disables aggregation entirely, passing through all alerts as-is. This is unlikely to be what you want, unless you have a very low alert volume or your upstream notification system performs its own grouping.","description_kind":"plain","optional":true},"group_interval":{"type":"string","description":"How long to wait before sending a notification about new alerts that are added to a group of alerts for which an initial notification has already been sent. (Usually ~5m or more.)","description_kind":"plain","optional":true,"computed":true},"group_wait":{"type":"string","description":"How long to initially wait to send a notification for a group of alerts. Allows to wait for an inhibiting alert to arrive or collect more initial alerts for the same group. (Usually ~0s to few minutes.)","description_kind":"plain","optional":true,"computed":true},"match":{"type":["map","string"],"description":"A set of equality matchers an alert has to fulfill to match the node.","description_kind":"plain","optional":true},"match_regex":{"type":["map","string"],"description":"A set of regex-matchers an alert has to fulfill to match the node.","description_kind":"plain","optional":true},"receiver":{"type":"string","description":"The name of the receiver to route the alerts to.","description_kind":"plain","required":true},"repeat_interval":{"type":"string","description":"How long to wait before sending a notification again if it has already been sent successfully for an alert. (Usually ~3h or more).","description_kind":"plain","optional":true,"computed":true},"routes":{"nested_type":{"attributes":{"group_by":{"type":["list","string"],"description":"The labels by which incoming alerts are grouped together. For example, multiple alerts coming in for cluster=A and alertname=LatencyHigh would be batched into a single group. To aggregate by all possible labels use the special value '...' as the sole label name, for example: group_by: ['...']. This effectively disables aggregation entirely, passing through all alerts as-is. This is unlikely to be what you want, unless you have a very low alert volume or your upstream notification system performs its own grouping.","description_kind":"plain","optional":true},"group_interval":{"type":"string","description":"How long to wait before sending a notification about new alerts that are added to a group of alerts for which an initial notification has already been sent. (Usually ~5m or more.)","description_kind":"plain","optional":true,"computed":true},"group_wait":{"type":"string","description":"How long to initially wait to send a notification for a group of alerts. Allows to wait for an inhibiting alert to arrive or collect more initial alerts for the same group. (Usually ~0s to few minutes.)","description_kind":"plain","optional":true,"computed":true},"match":{"type":["map","string"],"description":"A set of equality matchers an alert has to fulfill to match the node.","description_kind":"plain","optional":true},"match_regex":{"type":["map","string"],"description":"A set of regex-matchers an alert has to fulfill to match the node.","description_kind":"plain","optional":true},"receiver":{"type":"string","description":"The name of the receiver to route the alerts to.","description_kind":"plain","required":true},"repeat_interval":{"type":"string","description":"How long to wait before sending a notification again if it has already been sent successfully for an alert. (Usually ~3h or more).","description_kind":"plain","optional":true,"computed":true}},"nesting_mode":"list"},"description":"List of child routes.","description_kind":"plain","optional":true}},"nesting_mode":"single"},"description":"Route configuration for the alerts.","description_kind":"plain","required":true}},"nesting_mode":"single"},"description":"Alert configuration for the instance.","description_kind":"plain","optional":true},"alerting_url":{"type":"string","description":"Specifies Alerting URL.","description_kind":"plain","computed":true},"dashboard_url":{"type":"string","description":"Specifies Observability instance dashboard URL.","description_kind":"plain","computed":true},"grafana_initial_admin_password":{"type":"string","description":"Specifies an initial Grafana admin password.","description_kind":"plain","computed":true,"sensitive":true},"grafana_initial_admin_user":{"type":"string","description":"Specifies an initial Grafana admin username.","description_kind":"plain","computed":true},"grafana_public_read_access":{"type":"bool","description":"If true, anyone can access Grafana dashboards without logging in.","description_kind":"plain","computed":true},"grafana_url":{"type":"string","description":"Specifies Grafana URL.","description_kind":"plain","computed":true},"id":{"type":"string","description":"Terraform's internal resource ID. It is structured as \"`project_id`,`instance_id`\".","description_kind":"plain","computed":true},"instance_id":{"type":"string","description":"The Observability instance ID.","description_kind":"plain","computed":true},"is_updatable":{"type":"bool","description":"Specifies if the instance can be updated.","description_kind":"plain","computed":true},"jaeger_traces_url":{"type":"string","description_kind":"plain","computed":true},"jaeger_ui_url":{"type":"string","description_kind":"plain","computed":true},"logs_push_url":{"type":"string","description":"Specifies URL for pushing logs.","description_kind":"plain","computed":true},"logs_url":{"type":"string","description":"Specifies Logs URL.","description_kind":"plain","computed":true},"metrics_push_url":{"type":"string","description":"Specifies URL for pushing metrics.","description_kind":"plain","computed":true},"metrics_retention_days":{"type":"number","description":"Specifies for how many days the raw metrics are kept.","description_kind":"plain","optional":true,"computed":true},"metrics_retention_days_1h_downsampling":{"type":"number","description":"Specifies for how many days the 1h downsampled metrics are kept. must be less than the value of the 5m downsampling retention. Default is set to `0` (disabled).","description_kind":"plain","optional":true,"computed":true},"metrics_retention_days_5m_downsampling":{"type":"number","description":"Specifies for how many days the 5m downsampled metrics are kept. must be less than the value of the general retention. Default is set to `0` (disabled).","description_kind":"plain","optional":true,"computed":true},"metrics_url":{"type":"string","description":"Specifies metrics URL.","description_kind":"plain","computed":true},"name":{"type":"string","description":"The name of the Observability instance.","description_kind":"plain","required":true},"otlp_traces_url":{"type":"string","description_kind":"plain","computed":true},"parameters":{"type":["map","string"],"description":"Additional parameters.","description_kind":"plain","optional":true,"computed":true},"plan_id":{"type":"string","description":"The Observability plan ID.","description_kind":"plain","computed":true},"plan_name":{"type":"string","description":"Specifies the Observability plan. E.g. `Monitoring-Medium-EU01`.","description_kind":"plain","required":true},"project_id":{"type":"string","description":"STACKIT project ID to which the instance is associated.","description_kind":"plain","required":true},"targets_url":{"type":"string","description":"Specifies Targets URL.","description_kind":"plain","computed":true},"zipkin_spans_url":{"type":"string","description_kind":"plain","computed":true}},"description":"Observability instance resource schema. Must have a `region` specified in the provider configuration.","description_kind":"plain"}},"stackit_observability_scrapeconfig":{"version":0,"block":{"attributes":{"basic_auth":{"nested_type":{"attributes":{"password":{"type":"string","description":"Specifies basic auth password.","description_kind":"plain","required":true,"sensitive":true},"username":{"type":"string","description":"Specifies basic auth username.","description_kind":"plain","required":true}},"nesting_mode":"single"},"description":"A basic authentication block.","description_kind":"plain","optional":true,"computed":true},"id":{"type":"string","description":"Terraform's internal resource ID. It is structured as \"`project_id`,`instance_id`,`name`\".","description_kind":"plain","computed":true},"instance_id":{"type":"string","description":"Observability instance ID to which the scraping job is associated.","description_kind":"plain","required":true},"metrics_path":{"type":"string","description":"Specifies the job scraping url path. E.g. `/metrics`.","description_kind":"plain","required":true},"name":{"type":"string","description":"Specifies the name of the scraping job.","description_kind":"plain","required":true},"project_id":{"type":"string","description":"STACKIT project ID to which the scraping job is associated.","description_kind":"plain","required":true},"saml2":{"nested_type":{"attributes":{"enable_url_parameters":{"type":"bool","description":"Specifies if URL parameters are enabled. Defaults to `true`","description_kind":"plain","optional":true,"computed":true}},"nesting_mode":"single"},"description":"A SAML2 configuration block.","description_kind":"plain","optional":true,"computed":true},"sample_limit":{"type":"number","description":"Specifies the scrape sample limit. Upper limit depends on the service plan. Defaults to `5000`.","description_kind":"plain","optional":true,"computed":true},"scheme":{"type":"string","description":"Specifies the http scheme. Defaults to `https`.","description_kind":"plain","optional":true,"computed":true},"scrape_interval":{"type":"string","description":"Specifies the scrape interval as duration string. Defaults to `5m`.","description_kind":"plain","optional":true,"computed":true},"scrape_timeout":{"type":"string","description":"Specifies the scrape timeout as duration string. Defaults to `2m`.","description_kind":"plain","optional":true,"computed":true},"targets":{"nested_type":{"attributes":{"labels":{"type":["map","string"],"description":"Specifies labels.","description_kind":"plain","optional":true},"urls":{"type":["list","string"],"description":"Specifies target URLs.","description_kind":"plain","required":true}},"nesting_mode":"list"},"description":"The targets list (specified by the static config).","description_kind":"plain","required":true}},"description":"Observability scrape config resource schema. Must have a `region` specified in the provider configuration.","description_kind":"plain"}},"stackit_opensearch_credential":{"version":0,"block":{"attributes":{"credential_id":{"type":"string","description":"The credential's ID.","description_kind":"plain","computed":true},"host":{"type":"string","description_kind":"plain","computed":true},"hosts":{"type":["list","string"],"description_kind":"plain","computed":true},"id":{"type":"string","description":"Terraform's internal resource identifier. It is structured as \"`project_id`,`instance_id`,`credential_id`\".","description_kind":"plain","computed":true},"instance_id":{"type":"string","description":"ID of the OpenSearch instance.","description_kind":"plain","required":true},"password":{"type":"string","description_kind":"plain","computed":true,"sensitive":true},"port":{"type":"number","description_kind":"plain","computed":true},"project_id":{"type":"string","description":"STACKIT Project ID to which the instance is associated.","description_kind":"plain","required":true},"scheme":{"type":"string","description_kind":"plain","computed":true},"uri":{"type":"string","description_kind":"plain","computed":true,"sensitive":true},"username":{"type":"string","description_kind":"plain","computed":true}},"description":"OpenSearch credential resource schema. Must have a `region` specified in the provider configuration.","description_kind":"plain"}},"stackit_opensearch_instance":{"version":0,"block":{"attributes":{"cf_guid":{"type":"string","description_kind":"plain","computed":true},"cf_organization_guid":{"type":"string","description_kind":"plain","computed":true},"cf_space_guid":{"type":"string","description_kind":"plain","computed":true},"dashboard_url":{"type":"string","description_kind":"plain","computed":true},"id":{"type":"string","description":"Terraform's internal resource ID. It is structured as \"`project_id`,`instance_id`\".","description_kind":"plain","computed":true},"image_url":{"type":"string","description_kind":"plain","computed":true},"instance_id":{"type":"string","description":"ID of the OpenSearch instance.","description_kind":"plain","computed":true},"name":{"type":"string","description":"Instance name.","description_kind":"plain","required":true},"parameters":{"nested_type":{"attributes":{"enable_monitoring":{"type":"bool","description":"Enable monitoring.","description_kind":"plain","optional":true,"computed":true},"graphite":{"type":"string","description":"If set, monitoring with Graphite will be enabled. Expects the host and port where the Graphite metrics should be sent to (host:port).","description_kind":"plain","optional":true,"computed":true},"java_garbage_collector":{"type":"string","description":"The garbage collector to use for OpenSearch.","description_kind":"plain","optional":true,"computed":true},"java_heapspace":{"type":"number","description":"The amount of memory (in MB) allocated as heap by the JVM for OpenSearch.","description_kind":"plain","optional":true,"computed":true},"java_maxmetaspace":{"type":"number","description":"The amount of memory (in MB) used by the JVM to store metadata for OpenSearch.","description_kind":"plain","optional":true,"computed":true},"max_disk_threshold":{"type":"number","description":"The maximum disk threshold in MB. If the disk usage exceeds this threshold, the instance will be stopped.","description_kind":"plain","optional":true,"computed":true},"metrics_frequency":{"type":"number","description":"The frequency in seconds at which metrics are emitted (in seconds).","description_kind":"plain","optional":true,"computed":true},"metrics_prefix":{"type":"string","description":"The prefix for the metrics. Could be useful when using Graphite monitoring to prefix the metrics with a certain value, like an API key.","description_kind":"plain","optional":true,"computed":true},"monitoring_instance_id":{"type":"string","description":"The ID of the STACKIT monitoring instance.","description_kind":"plain","optional":true,"computed":true},"plugins":{"type":["list","string"],"description":"List of plugins to install. Must be a supported plugin name. The plugins `repository-s3` and `repository-azure` are enabled by default and cannot be disabled.","description_kind":"plain","optional":true,"computed":true},"sgw_acl":{"type":"string","description":"Comma separated list of IP networks in CIDR notation which are allowed to access this instance.","description_kind":"plain","optional":true,"computed":true},"syslog":{"type":["list","string"],"description":"List of syslog servers to send logs to.","description_kind":"plain","optional":true,"computed":true},"tls_ciphers":{"type":["list","string"],"description":"List of TLS ciphers to use.","description_kind":"plain","optional":true,"computed":true},"tls_protocols":{"type":"string","description":"The TLS protocol to use.","description_kind":"plain","optional":true,"computed":true}},"nesting_mode":"single"},"description":"Configuration parameters. Please note that removing a previously configured field from your Terraform configuration won't replace its value in the API. To update a previously configured field, explicitly set a new value for it.","description_kind":"plain","optional":true,"computed":true},"plan_id":{"type":"string","description":"The selected plan ID.","description_kind":"plain","computed":true},"plan_name":{"type":"string","description":"The selected plan name.","description_kind":"plain","required":true},"project_id":{"type":"string","description":"STACKIT project ID to which the instance is associated.","description_kind":"plain","required":true},"version":{"type":"string","description":"The service version.","description_kind":"plain","required":true}},"description":"OpenSearch instance resource schema. Must have a `region` specified in the provider configuration.","description_kind":"plain"}},"stackit_postgresflex_database":{"version":0,"block":{"attributes":{"database_id":{"type":"string","description":"Database ID.","description_kind":"plain","computed":true},"id":{"type":"string","description":"Terraform's internal resource ID. It is structured as \"`project_id`,`instance_id`,`database_id`\".","description_kind":"plain","computed":true},"instance_id":{"type":"string","description":"ID of the Postgres Flex instance.","description_kind":"plain","required":true},"name":{"type":"string","description":"Database name.","description_kind":"plain","required":true},"owner":{"type":"string","description":"Username of the database owner.","description_kind":"plain","required":true},"project_id":{"type":"string","description":"STACKIT project ID to which the instance is associated.","description_kind":"plain","required":true}},"description":"Postgres Flex database resource schema. Must have a `region` specified in the provider configuration.","description_kind":"plain"}},"stackit_postgresflex_instance":{"version":0,"block":{"attributes":{"acl":{"type":["list","string"],"description":"The Access Control List (ACL) for the PostgresFlex instance.","description_kind":"plain","required":true},"backup_schedule":{"type":"string","description_kind":"plain","required":true},"flavor":{"nested_type":{"attributes":{"cpu":{"type":"number","description_kind":"plain","required":true},"description":{"type":"string","description_kind":"plain","computed":true},"id":{"type":"string","description_kind":"plain","computed":true},"ram":{"type":"number","description_kind":"plain","required":true}},"nesting_mode":"single"},"description_kind":"plain","required":true},"id":{"type":"string","description":"Terraform's internal resource ID. It is structured as \"`project_id`,`instance_id`\".","description_kind":"plain","computed":true},"instance_id":{"type":"string","description":"ID of the PostgresFlex instance.","description_kind":"plain","computed":true},"name":{"type":"string","description":"Instance name.","description_kind":"plain","required":true},"project_id":{"type":"string","description":"STACKIT project ID to which the instance is associated.","description_kind":"plain","required":true},"replicas":{"type":"number","description_kind":"plain","required":true},"storage":{"nested_type":{"attributes":{"class":{"type":"string","description_kind":"plain","required":true},"size":{"type":"number","description_kind":"plain","required":true}},"nesting_mode":"single"},"description_kind":"plain","required":true},"version":{"type":"string","description_kind":"plain","required":true}},"description":"Postgres Flex instance resource schema. Must have a `region` specified in the provider configuration.","description_kind":"plain"}},"stackit_postgresflex_user":{"version":0,"block":{"attributes":{"host":{"type":"string","description_kind":"plain","computed":true},"id":{"type":"string","description":"Terraform's internal resource ID. It is structured as \"`project_id`,`instance_id`,`user_id`\".","description_kind":"plain","computed":true},"instance_id":{"type":"string","description":"ID of the PostgresFlex instance.","description_kind":"plain","required":true},"password":{"type":"string","description_kind":"plain","computed":true,"sensitive":true},"port":{"type":"number","description_kind":"plain","computed":true},"project_id":{"type":"string","description":"STACKIT project ID to which the instance is associated.","description_kind":"plain","required":true},"roles":{"type":["set","string"],"description":"Database access levels for the user. Supported values are: `login`, `createdb`.","description_kind":"plain","required":true},"uri":{"type":"string","description_kind":"plain","computed":true,"sensitive":true},"user_id":{"type":"string","description":"User ID.","description_kind":"plain","computed":true},"username":{"type":"string","description_kind":"plain","required":true}},"description":"Postgres Flex user resource schema. Must have a `region` specified in the provider configuration.","description_kind":"plain"}},"stackit_public_ip":{"version":0,"block":{"attributes":{"id":{"type":"string","description":"Terraform's internal resource ID. It is structured as \"`project_id`,`public_ip_id`\".","description_kind":"plain","computed":true},"ip":{"type":"string","description":"The IP address.","description_kind":"plain","computed":true},"labels":{"type":["map","string"],"description":"Labels are key-value string pairs which can be attached to a resource container","description_kind":"plain","optional":true},"network_interface_id":{"type":"string","description":"Associates the public IP with a network interface or a virtual IP (ID).","description_kind":"plain","optional":true},"project_id":{"type":"string","description":"STACKIT project ID to which the public IP is associated.","description_kind":"plain","required":true},"public_ip_id":{"type":"string","description":"The public IP ID.","description_kind":"plain","computed":true}},"description":"Public IP resource schema. Must have a `region` specified in the provider configuration.\n\n~\u003e This resource is in beta and may be subject to breaking changes in the future. Use with caution. See our [guide](https://registry.terraform.io/providers/stackitcloud/stackit/latest/docs/guides/opting_into_beta_resources) for how to opt-in to use beta resources.","description_kind":"markdown"}},"stackit_rabbitmq_credential":{"version":0,"block":{"attributes":{"credential_id":{"type":"string","description":"The credential's ID.","description_kind":"plain","computed":true},"host":{"type":"string","description_kind":"plain","computed":true},"hosts":{"type":["list","string"],"description_kind":"plain","computed":true},"http_api_uri":{"type":"string","description_kind":"plain","computed":true},"http_api_uris":{"type":["list","string"],"description_kind":"plain","computed":true},"id":{"type":"string","description":"Terraform's internal resource identifier. It is structured as \"`project_id`,`instance_id`,`credential_id`\".","description_kind":"plain","computed":true},"instance_id":{"type":"string","description":"ID of the RabbitMQ instance.","description_kind":"plain","required":true},"management":{"type":"string","description_kind":"plain","computed":true},"password":{"type":"string","description_kind":"plain","computed":true,"sensitive":true},"port":{"type":"number","description_kind":"plain","computed":true},"project_id":{"type":"string","description":"STACKIT Project ID to which the instance is associated.","description_kind":"plain","required":true},"uri":{"type":"string","description_kind":"plain","computed":true,"sensitive":true},"uris":{"type":["list","string"],"description_kind":"plain","computed":true},"username":{"type":"string","description_kind":"plain","computed":true}},"description":"RabbitMQ credential resource schema. Must have a `region` specified in the provider configuration.","description_kind":"plain"}},"stackit_rabbitmq_instance":{"version":0,"block":{"attributes":{"cf_guid":{"type":"string","description_kind":"plain","computed":true},"cf_organization_guid":{"type":"string","description_kind":"plain","computed":true},"cf_space_guid":{"type":"string","description_kind":"plain","computed":true},"dashboard_url":{"type":"string","description_kind":"plain","computed":true},"id":{"type":"string","description":"Terraform's internal resource ID. It is structured as \"`project_id`,`instance_id`\".","description_kind":"plain","computed":true},"image_url":{"type":"string","description_kind":"plain","computed":true},"instance_id":{"type":"string","description":"ID of the RabbitMQ instance.","description_kind":"plain","computed":true},"name":{"type":"string","description":"Instance name.","description_kind":"plain","required":true},"parameters":{"nested_type":{"attributes":{"consumer_timeout":{"type":"number","description":"The timeout in milliseconds for the consumer.","description_kind":"plain","optional":true,"computed":true},"enable_monitoring":{"type":"bool","description":"Enable monitoring.","description_kind":"plain","optional":true,"computed":true},"graphite":{"type":"string","description":"Graphite server URL (host and port). If set, monitoring with Graphite will be enabled.","description_kind":"plain","optional":true,"computed":true},"max_disk_threshold":{"type":"number","description":"The maximum disk threshold in MB. If the disk usage exceeds this threshold, the instance will be stopped.","description_kind":"plain","optional":true,"computed":true},"metrics_frequency":{"type":"number","description":"The frequency in seconds at which metrics are emitted.","description_kind":"plain","optional":true,"computed":true},"metrics_prefix":{"type":"string","description":"The prefix for the metrics. Could be useful when using Graphite monitoring to prefix the metrics with a certain value, like an API key","description_kind":"plain","optional":true,"computed":true},"monitoring_instance_id":{"type":"string","description":"The ID of the STACKIT monitoring instance.","description_kind":"plain","optional":true,"computed":true},"plugins":{"type":["list","string"],"description":"List of plugins to install. Must be a supported plugin name.","description_kind":"plain","optional":true,"computed":true},"roles":{"type":["list","string"],"description":"List of roles to assign to the instance.","description_kind":"plain","optional":true,"computed":true},"sgw_acl":{"type":"string","description":"Comma separated list of IP networks in CIDR notation which are allowed to access this instance.","description_kind":"plain","optional":true,"computed":true},"syslog":{"type":["list","string"],"description":"List of syslog servers to send logs to.","description_kind":"plain","optional":true,"computed":true},"tls_ciphers":{"type":["list","string"],"description":"List of TLS ciphers to use.","description_kind":"plain","optional":true,"computed":true},"tls_protocols":{"type":"string","description":"TLS protocol to use.","description_kind":"plain","optional":true,"computed":true}},"nesting_mode":"single"},"description":"Configuration parameters. Please note that removing a previously configured field from your Terraform configuration won't replace its value in the API. To update a previously configured field, explicitly set a new value for it.","description_kind":"plain","optional":true,"computed":true},"plan_id":{"type":"string","description":"The selected plan ID.","description_kind":"plain","computed":true},"plan_name":{"type":"string","description":"The selected plan name.","description_kind":"plain","required":true},"project_id":{"type":"string","description":"STACKIT project ID to which the instance is associated.","description_kind":"plain","required":true},"version":{"type":"string","description":"The service version.","description_kind":"plain","required":true}},"description":"RabbitMQ instance resource schema. Must have a `region` specified in the provider configuration.","description_kind":"plain"}},"stackit_redis_credential":{"version":0,"block":{"attributes":{"credential_id":{"type":"string","description":"The credential's ID.","description_kind":"plain","computed":true},"host":{"type":"string","description_kind":"plain","computed":true},"hosts":{"type":["list","string"],"description_kind":"plain","computed":true},"id":{"type":"string","description":"Terraform's internal resource identifier. It is structured as \"`project_id`,`instance_id`,`credential_id`\".","description_kind":"plain","computed":true},"instance_id":{"type":"string","description":"ID of the Redis instance.","description_kind":"plain","required":true},"load_balanced_host":{"type":"string","description_kind":"plain","computed":true},"password":{"type":"string","description_kind":"plain","computed":true,"sensitive":true},"port":{"type":"number","description_kind":"plain","computed":true},"project_id":{"type":"string","description":"STACKIT Project ID to which the instance is associated.","description_kind":"plain","required":true},"uri":{"type":"string","description":"Connection URI.","description_kind":"plain","computed":true,"sensitive":true},"username":{"type":"string","description_kind":"plain","computed":true}},"description":"Redis credential resource schema. Must have a `region` specified in the provider configuration.","description_kind":"plain"}},"stackit_redis_instance":{"version":0,"block":{"attributes":{"cf_guid":{"type":"string","description_kind":"plain","computed":true},"cf_organization_guid":{"type":"string","description_kind":"plain","computed":true},"cf_space_guid":{"type":"string","description_kind":"plain","computed":true},"dashboard_url":{"type":"string","description_kind":"plain","computed":true},"id":{"type":"string","description":"Terraform's internal resource ID. It is structured as \"`project_id`,`instance_id`\".","description_kind":"plain","computed":true},"image_url":{"type":"string","description_kind":"plain","computed":true},"instance_id":{"type":"string","description":"ID of the Redis instance.","description_kind":"plain","computed":true},"name":{"type":"string","description":"Instance name.","description_kind":"plain","required":true},"parameters":{"nested_type":{"attributes":{"down_after_milliseconds":{"type":"number","description":"The number of milliseconds after which the instance is considered down.","description_kind":"plain","optional":true,"computed":true},"enable_monitoring":{"type":"bool","description":"Enable monitoring.","description_kind":"plain","optional":true,"computed":true},"failover_timeout":{"type":"number","description":"The failover timeout in milliseconds.","description_kind":"plain","optional":true,"computed":true},"graphite":{"type":"string","description":"Graphite server URL (host and port). If set, monitoring with Graphite will be enabled.","description_kind":"plain","optional":true,"computed":true},"lazyfree_lazy_eviction":{"type":"string","description":"The lazy eviction enablement (yes or no).","description_kind":"plain","optional":true,"computed":true},"lazyfree_lazy_expire":{"type":"string","description":"The lazy expire enablement (yes or no).","description_kind":"plain","optional":true,"computed":true},"lua_time_limit":{"type":"number","description":"The Lua time limit.","description_kind":"plain","optional":true,"computed":true},"max_disk_threshold":{"type":"number","description":"The maximum disk threshold in MB. If the disk usage exceeds this threshold, the instance will be stopped.","description_kind":"plain","optional":true,"computed":true},"maxclients":{"type":"number","description":"The maximum number of clients.","description_kind":"plain","optional":true,"computed":true},"maxmemory_policy":{"type":"string","description":"The policy to handle the maximum memory (volatile-lru, noeviction, etc).","description_kind":"plain","optional":true,"computed":true},"maxmemory_samples":{"type":"number","description":"The maximum memory samples.","description_kind":"plain","optional":true,"computed":true},"metrics_frequency":{"type":"number","description":"The frequency in seconds at which metrics are emitted.","description_kind":"plain","optional":true,"computed":true},"metrics_prefix":{"type":"string","description":"The prefix for the metrics. Could be useful when using Graphite monitoring to prefix the metrics with a certain value, like an API key","description_kind":"plain","optional":true,"computed":true},"min_replicas_max_lag":{"type":"number","description":"The minimum replicas maximum lag.","description_kind":"plain","optional":true,"computed":true},"monitoring_instance_id":{"type":"string","description":"The ID of the STACKIT monitoring instance.","description_kind":"plain","optional":true,"computed":true},"notify_keyspace_events":{"type":"string","description":"The notify keyspace events.","description_kind":"plain","optional":true,"computed":true},"sgw_acl":{"type":"string","description":"Comma separated list of IP networks in CIDR notation which are allowed to access this instance.","description_kind":"plain","optional":true,"computed":true},"snapshot":{"type":"string","description":"The snapshot configuration.","description_kind":"plain","optional":true,"computed":true},"syslog":{"type":["list","string"],"description":"List of syslog servers to send logs to.","description_kind":"plain","optional":true,"computed":true},"tls_ciphers":{"type":["list","string"],"description":"List of TLS ciphers to use.","description_kind":"plain","optional":true,"computed":true},"tls_ciphersuites":{"type":"string","description":"TLS cipher suites to use.","description_kind":"plain","optional":true,"computed":true},"tls_protocols":{"type":"string","description":"TLS protocol to use.","description_kind":"plain","optional":true,"computed":true}},"nesting_mode":"single"},"description":"Configuration parameters. Please note that removing a previously configured field from your Terraform configuration won't replace its value in the API. To update a previously configured field, explicitly set a new value for it.","description_kind":"plain","optional":true,"computed":true},"plan_id":{"type":"string","description":"The selected plan ID.","description_kind":"plain","computed":true},"plan_name":{"type":"string","description":"The selected plan name.","description_kind":"plain","required":true},"project_id":{"type":"string","description":"STACKIT project ID to which the instance is associated.","description_kind":"plain","required":true},"version":{"type":"string","description":"The service version.","description_kind":"plain","required":true}},"description":"Redis instance resource schema. Must have a `region` specified in the provider configuration.","description_kind":"plain"}},"stackit_resourcemanager_project":{"version":0,"block":{"attributes":{"container_id":{"type":"string","description":"Project container ID. Globally unique, user-friendly identifier.","description_kind":"plain","computed":true},"id":{"type":"string","description":"Terraform's internal resource ID. It is structured as \"`container_id`\".","description_kind":"plain","computed":true},"labels":{"type":["map","string"],"description":"Labels are key-value string pairs which can be attached to a resource container. A label key must match the regex [A-ZÄÜÖa-zäüöß0-9_-]{1,64}. A label value must match the regex ^$|[A-ZÄÜÖa-zäüöß0-9_-]{1,64}","description_kind":"plain","optional":true},"members":{"nested_type":{"attributes":{"role":{"type":"string","description":"The role of the member in the project. Possible values include, but are not limited to: `owner`, `editor`, `reader`. Legacy roles (`project.admin`, `project.auditor`, `project.member`, `project.owner`) are not supported.","description_kind":"plain","required":true},"subject":{"type":"string","description":"Unique identifier of the user, service account or client. This is usually the email address for users or service accounts, and the name in case of clients.","description_kind":"plain","required":true}},"nesting_mode":"list"},"description":"The members assigned to the project. At least one subject needs to be a user, and not a client or service account. This value is only considered during creation. Changing it afterwards will have no effect.\n\n!\u003e The \"members\" field has been deprecated in favor of the \"owner_email\" field. Please use the \"owner_email\" field to assign the owner role to a user.","description_kind":"markdown","deprecated":true,"optional":true},"name":{"type":"string","description":"Project name.","description_kind":"plain","required":true},"owner_email":{"type":"string","description":"Email address of the owner of the project. This value is only considered during creation. Changing it afterwards will have no effect.","description_kind":"plain","required":true},"parent_container_id":{"type":"string","description":"Parent resource identifier. Both container ID (user-friendly) and UUID are supported","description_kind":"plain","required":true},"project_id":{"type":"string","description":"Project UUID identifier. This is the ID that can be used in most of the other resources to identify the project.","description_kind":"plain","computed":true}},"description":"Resource Manager project resource schema. To use this resource, it is required that you set the service account email in the provider configuration.","description_kind":"plain"}},"stackit_secretsmanager_instance":{"version":0,"block":{"attributes":{"acls":{"type":["set","string"],"description":"The access control list for this instance. Each entry is an IP or IP range that is permitted to access, in CIDR notation","description_kind":"plain","optional":true},"id":{"type":"string","description":"Terraform's internal resource ID. It is structured as \"`project_id`,`instance_id`\".","description_kind":"plain","computed":true},"instance_id":{"type":"string","description":"ID of the Secrets Manager instance.","description_kind":"plain","computed":true},"name":{"type":"string","description":"Instance name.","description_kind":"plain","required":true},"project_id":{"type":"string","description":"STACKIT project ID to which the instance is associated.","description_kind":"plain","required":true}},"description":"Secrets Manager instance resource schema. Must have a `region` specified in the provider configuration.","description_kind":"plain"}},"stackit_secretsmanager_user":{"version":0,"block":{"attributes":{"description":{"type":"string","description":"A user chosen description to differentiate between multiple users. Can't be changed after creation.","description_kind":"plain","required":true},"id":{"type":"string","description":"Terraform's internal resource identifier. It is structured as \"`project_id`,`instance_id`,`user_id`\".","description_kind":"plain","computed":true},"instance_id":{"type":"string","description":"ID of the Secrets Manager instance.","description_kind":"plain","required":true},"password":{"type":"string","description":"An auto-generated password.","description_kind":"plain","computed":true,"sensitive":true},"project_id":{"type":"string","description":"STACKIT Project ID to which the instance is associated.","description_kind":"plain","required":true},"user_id":{"type":"string","description":"The user's ID.","description_kind":"plain","computed":true},"username":{"type":"string","description":"An auto-generated user name.","description_kind":"plain","computed":true},"write_enabled":{"type":"bool","description":"If true, the user has writeaccess to the secrets engine.","description_kind":"plain","required":true}},"description":"Secrets Manager user resource schema. Must have a `region` specified in the provider configuration.","description_kind":"plain"}},"stackit_security_group":{"version":0,"block":{"attributes":{"description":{"type":"string","description":"The description of the security group.","description_kind":"plain","optional":true,"computed":true},"id":{"type":"string","description":"Terraform's internal resource ID. It is structured as \"`project_id`,`security_group_id`\".","description_kind":"plain","computed":true},"labels":{"type":["map","string"],"description":"Labels are key-value string pairs which can be attached to a resource container","description_kind":"plain","optional":true},"name":{"type":"string","description":"The name of the security group.","description_kind":"plain","required":true},"project_id":{"type":"string","description":"STACKIT project ID to which the security group is associated.","description_kind":"plain","required":true},"security_group_id":{"type":"string","description":"The security group ID.","description_kind":"plain","computed":true},"stateful":{"type":"bool","description":"Configures if a security group is stateful or stateless. There can only be one type of security groups per network interface/server.","description_kind":"plain","optional":true,"computed":true}},"description":"Security group resource schema. Must have a `region` specified in the provider configuration.\n\n~\u003e This resource is in beta and may be subject to breaking changes in the future. Use with caution. See our [guide](https://registry.terraform.io/providers/stackitcloud/stackit/latest/docs/guides/opting_into_beta_resources) for how to opt-in to use beta resources.","description_kind":"markdown"}},"stackit_security_group_rule":{"version":0,"block":{"attributes":{"description":{"type":"string","description":"The rule description.","description_kind":"plain","optional":true},"direction":{"type":"string","description":"The direction of the traffic which the rule should match. Some of the possible values are: Supported values are: `ingress`, `egress`.","description_kind":"plain","required":true},"ether_type":{"type":"string","description":"The ethertype which the rule should match.","description_kind":"plain","optional":true,"computed":true},"icmp_parameters":{"nested_type":{"attributes":{"code":{"type":"number","description":"ICMP code. Can be set if the protocol is ICMP.","description_kind":"plain","required":true},"type":{"type":"number","description":"ICMP type. Can be set if the protocol is ICMP.","description_kind":"plain","required":true}},"nesting_mode":"single"},"description":"ICMP Parameters. These parameters should only be provided if the protocol is ICMP.","description_kind":"plain","optional":true,"computed":true},"id":{"type":"string","description":"Terraform's internal resource ID. It is structured as \"`project_id`,`security_group_id`,`security_group_rule_id`\".","description_kind":"plain","computed":true},"ip_range":{"type":"string","description":"The remote IP range which the rule should match.","description_kind":"plain","optional":true},"port_range":{"nested_type":{"attributes":{"max":{"type":"number","description":"The maximum port number. Should be greater or equal to the minimum.","description_kind":"plain","required":true},"min":{"type":"number","description":"The minimum port number. Should be less or equal to the maximum.","description_kind":"plain","required":true}},"nesting_mode":"single"},"description":"The range of ports. This should only be provided if the protocol is not ICMP.","description_kind":"plain","optional":true,"computed":true},"project_id":{"type":"string","description":"STACKIT project ID to which the security group rule is associated.","description_kind":"plain","required":true},"protocol":{"nested_type":{"attributes":{"name":{"type":"string","description":"The protocol name which the rule should match. Either `name` or `number` must be provided.","description_kind":"plain","optional":true,"computed":true},"number":{"type":"number","description":"The protocol number which the rule should match. Either `name` or `number` must be provided.","description_kind":"plain","optional":true,"computed":true}},"nesting_mode":"single"},"description":"The internet protocol which the rule should match.","description_kind":"plain","optional":true,"computed":true},"remote_security_group_id":{"type":"string","description":"The remote security group which the rule should match.","description_kind":"plain","optional":true},"security_group_id":{"type":"string","description":"The security group ID.","description_kind":"plain","required":true},"security_group_rule_id":{"type":"string","description":"The security group rule ID.","description_kind":"plain","computed":true}},"description":"Security group rule resource schema. Must have a `region` specified in the provider configuration.\n\n~\u003e This resource is in beta and may be subject to breaking changes in the future. Use with caution. See our [guide](https://registry.terraform.io/providers/stackitcloud/stackit/latest/docs/guides/opting_into_beta_resources) for how to opt-in to use beta resources.","description_kind":"markdown"}},"stackit_server":{"version":0,"block":{"attributes":{"affinity_group":{"type":"string","description":"The affinity group the server is assigned to.","description_kind":"plain","optional":true},"availability_zone":{"type":"string","description":"The availability zone of the server.","description_kind":"plain","optional":true,"computed":true},"boot_volume":{"nested_type":{"attributes":{"performance_class":{"type":"string","description":"The performance class of the server.","description_kind":"plain","optional":true},"size":{"type":"number","description":"The size of the boot volume in GB. Must be provided when `source_type` is `image`.","description_kind":"plain","optional":true},"source_id":{"type":"string","description":"The ID of the source, either image ID or volume ID","description_kind":"plain","required":true},"source_type":{"type":"string","description":"The type of the source. Supported values are: `volume`, `image`.","description_kind":"plain","required":true}},"nesting_mode":"single"},"description":"The boot volume for the server","description_kind":"plain","optional":true},"created_at":{"type":"string","description":"Date-time when the server was created","description_kind":"plain","computed":true},"id":{"type":"string","description":"Terraform's internal resource ID. It is structured as \"`project_id`,`server_id`\".","description_kind":"plain","computed":true},"image_id":{"type":"string","description":"The image ID to be used for an ephemeral disk on the server.","description_kind":"plain","optional":true},"keypair_name":{"type":"string","description":"The name of the keypair used during server creation.","description_kind":"plain","optional":true},"labels":{"type":["map","string"],"description":"Labels are key-value string pairs which can be attached to a resource container","description_kind":"plain","optional":true},"launched_at":{"type":"string","description":"Date-time when the server was launched","description_kind":"plain","computed":true},"machine_type":{"type":"string","description":"Name of the type of the machine for the server. Possible values are documented in [Virtual machine flavors](https://docs.stackit.cloud/stackit/en/virtual-machine-flavors-75137231.html)","description_kind":"markdown","required":true},"name":{"type":"string","description":"The name of the server.","description_kind":"plain","required":true},"project_id":{"type":"string","description":"STACKIT project ID to which the server is associated.","description_kind":"plain","required":true},"server_id":{"type":"string","description":"The server ID.","description_kind":"plain","computed":true},"updated_at":{"type":"string","description":"Date-time when the server was updated","description_kind":"plain","computed":true},"user_data":{"type":"string","description":"User data that is passed via cloud-init to the server.","description_kind":"plain","optional":true}},"description":"\nServer resource schema. Must have a region specified in the provider configuration.\n\n~\u003e This resource is in beta and may be subject to breaking changes in the future. Use with caution. See our [guide](https://registry.terraform.io/providers/stackitcloud/stackit/latest/docs/guides/opting_into_beta_resources) for how to opt-in to use beta resources.\n## Example Usage\n\n\n### Boot from volume\n```terraform\nresource \"stackit_server\" \"boot-from-volume\" {\n  project_id = \"xxxxxxxx-xxxx-xxxx-xxxx-xxxxxxxxxxxx\"\n  name       = \"example-server\"\n  boot_volume = {\n    size        = 64\n    source_type = \"image\"\n    source_id   = \"xxxxxxxx-xxxx-xxxx-xxxx-xxxxxxxxxxxx\"\n  }\n  availability_zone = \"eu01-1\"\n  machine_type      = \"g1.1\"\n  keypair_name      = \"example-keypair\"\n}\n\n```\n\n### Boot from existing volume\n```terraform\nresource \"stackit_volume\" \"example-volume\" {\n  project_id = \"xxxxxxxx-xxxx-xxxx-xxxx-xxxxxxxxxxxx\"\n  size       = 12\n  source = {\n    type = \"image\"\n    id   = \"xxxxxxxx-xxxx-xxxx-xxxx-xxxxxxxxxxxx\"\n  }\n  name              = \"example-volume\"\n  availability_zone = \"eu01-1\"\n}\n\nresource \"stackit_server\" \"boot-from-volume\" {\n  project_id = \"xxxxxxxx-xxxx-xxxx-xxxx-xxxxxxxxxxxx\"\n  name       = \"example-server\"\n  boot_volume = {\n    source_type = \"volume\"\n    source_id   = stackit_volume.example-volume.volume_id\n  }\n  availability_zone = \"eu01-1\"\n  machine_type      = \"g1.1\"\n  keypair_name      = \"example-keypair\"\n}\n\n```\n\n### Network setup\n```terraform\nresource \"stackit_server\" \"server-with-network\" {\n  project_id   = \"xxxxxxxx-xxxx-xxxx-xxxx-xxxxxxxxxxxx\"\n  name         = \"example-server\"\n  boot_volume = {\n    size        = 64\n    source_type = \"image\"\n    source_id   = \"xxxxxxxx-xxxx-xxxx-xxxx-xxxxxxxxxxxx\"\n  }\n  machine_type = \"g1.1\"\n  keypair_name = \"example-keypair\"\n}\n\nresource \"stackit_network\" \"network\" {\n  project_id         = \"xxxxxxxx-xxxx-xxxx-xxxx-xxxxxxxxxxxx\"\n  name               = \"example-network\"\n  nameservers        = [\"192.0.2.0\", \"198.51.100.0\", \"203.0.113.0\"]\n  ipv4_prefix_length = 24\n}\n\nresource \"stackit_security_group\" \"sec-group\" {\n  project_id = \"xxxxxxxx-xxxx-xxxx-xxxx-xxxxxxxxxxxx\"\n  name       = \"example-security-group\"\n  stateful   = true\n}\n\nresource \"stackit_security_group_rule\" \"rule\" {\n  project_id        = \"xxxxxxxx-xxxx-xxxx-xxxx-xxxxxxxxxxxx\"\n  security_group_id = stackit_security_group.sec-group.security_group_id\n  direction         = \"ingress\"\n  ether_type         = \"IPv4\"\n}\n\nresource \"stackit_network_interface\" \"nic\" {\n  project_id         = \"xxxxxxxx-xxxx-xxxx-xxxx-xxxxxxxxxxxx\"\n  network_id         = stackit_network.network.network_id\n  security_group_ids = [stackit_security_group.sec-group.security_group_id]\n}\n\nresource \"stackit_public_ip\" \"public-ip\" {\n  project_id           = \"xxxxxxxx-xxxx-xxxx-xxxx-xxxxxxxxxxxx\"\n  network_interface_id = stackit_network_interface.nic.network_interface_id\n}\n\nresource \"stackit_server_network_interface_attach\" \"nic-attachment\" {\n  project_id           = \"xxxxxxxx-xxxx-xxxx-xxxx-xxxxxxxxxxxx\"\n  server_id            = stackit_server.server-with-network.server_id\n  network_interface_id = stackit_network_interface.nic.network_interface_id\n}\n\n```\n\n### Server with attached volume\n```terraform\nresource \"stackit_volume\" \"example-volume\" {\n  project_id = \"xxxxxxxx-xxxx-xxxx-xxxx-xxxxxxxxxxxx\"\n  size       = 12\n  source = {\n    type = \"image\"\n    id   = \"xxxxxxxx-xxxx-xxxx-xxxx-xxxxxxxxxxxx\"\n  }\n  name              = \"example-volume\"\n  availability_zone = \"eu01-1\"\n}\n\nresource \"stackit_server\" \"server-with-volume\" {\n  project_id        = \"xxxxxxxx-xxxx-xxxx-xxxx-xxxxxxxxxxxx\"\n  name              = \"example-server\"\n  boot_volume = {\n    size        = 64\n    source_type = \"image\"\n    source_id   = \"xxxxxxxx-xxxx-xxxx-xxxx-xxxxxxxxxxxx\"\n  }\n  availability_zone = \"eu01-1\"\n  machine_type      = \"g1.1\"\n  keypair_name      = \"example-keypair\"\n}\n\nresource \"stackit_server_volume_attach\" \"attach_volume\" {\n  project_id = \"xxxxxxxx-xxxx-xxxx-xxxx-xxxxxxxxxxxx\"\n  server_id  = stackit_server.server-with-volume.server_id\n  volume_id  = stackit_volume.example-volume.volume_id\n}\n\n```\n\n### Server with user data (cloud-init)\n```terraform\nresource \"stackit_server\" \"user-data\" {\n  project_id   = \"xxxxxxxx-xxxx-xxxx-xxxx-xxxxxxxxxxxx\"\n  boot_volume = {\n    size        = 64\n    source_type = \"image\"\n    source_id   = \"xxxxxxxx-xxxx-xxxx-xxxx-xxxxxxxxxxxx\"\n  }\n  name         = \"example-server\"\n  machine_type = \"g1.1\"\n  keypair_name = \"example-keypair\"\n  user_data    = \"#!/bin/bash\\n/bin/su\"\n}\n\nresource \"stackit_server\" \"user-data-from-file\" {\n  project_id   = \"xxxxxxxx-xxxx-xxxx-xxxx-xxxxxxxxxxxx\"\n  boot_volume = {\n    size        = 64\n    source_type = \"image\"\n    source_id   = \"xxxxxxxx-xxxx-xxxx-xxxx-xxxxxxxxxxxx\"\n  }\n  name         = \"example-server\"\n  machine_type = \"g1.1\"\n  keypair_name = \"example-keypair\"\n  user_data    = file(\"${path.module}/cloud-init.yaml\")\n}\n\n```","description_kind":"markdown"}},"stackit_server_backup_schedule":{"version":0,"block":{"attributes":{"backup_properties":{"nested_type":{"attributes":{"name":{"type":"string","description_kind":"plain","required":true},"retention_period":{"type":"number","description_kind":"plain","required":true},"volume_ids":{"type":["list","string"],"description_kind":"plain","optional":true}},"nesting_mode":"single"},"description":"Backup schedule details for the backups.","description_kind":"plain","optional":true},"backup_schedule_id":{"type":"number","description":"Backup schedule ID.","description_kind":"plain","computed":true},"enabled":{"type":"bool","description":"Is the backup schedule enabled or disabled.","description_kind":"plain","required":true},"id":{"type":"string","description":"Terraform's internal resource identifier. It is structured as \"`project_id`,`server_id`,`backup_schedule_id`\".","description_kind":"plain","computed":true},"name":{"type":"string","description":"The schedule name.","description_kind":"plain","required":true},"project_id":{"type":"string","description":"STACKIT Project ID to which the server is associated.","description_kind":"plain","required":true},"rrule":{"type":"string","description":"Backup schedule described in `rrule` (recurrence rule) format.","description_kind":"plain","required":true},"server_id":{"type":"string","description":"Server ID for the backup schedule.","description_kind":"plain","required":true}},"description":"Server backup schedule resource schema. Must have a `region` specified in the provider configuration.\n\n~\u003e This resource is in beta and may be subject to breaking changes in the future. Use with caution. See our [guide](https://registry.terraform.io/providers/stackitcloud/stackit/latest/docs/guides/opting_into_beta_resources) for how to opt-in to use beta resources.","description_kind":"markdown"}},"stackit_server_network_interface_attach":{"version":0,"block":{"attributes":{"id":{"type":"string","description":"Terraform's internal resource ID. It is structured as \"`project_id`,`server_id`,`network_interface_id`\".","description_kind":"plain","computed":true},"network_interface_id":{"type":"string","description":"The network interface ID.","description_kind":"plain","required":true},"project_id":{"type":"string","description":"STACKIT project ID to which the network interface attachment is associated.","description_kind":"plain","required":true},"server_id":{"type":"string","description":"The server ID.","description_kind":"plain","required":true}},"description":"Network interface attachment resource schema. Attaches a network interface to a server. Must have a `region` specified in the provider configuration.\n\n~\u003e This resource is in beta and may be subject to breaking changes in the future. Use with caution. See our [guide](https://registry.terraform.io/providers/stackitcloud/stackit/latest/docs/guides/opting_into_beta_resources) for how to opt-in to use beta resources.","description_kind":"markdown"}},"stackit_server_service_account_attach":{"version":0,"block":{"attributes":{"id":{"type":"string","description":"Terraform's internal resource ID. It is structured as \"`project_id`,`server_id`,`service_account_email`\".","description_kind":"plain","computed":true},"project_id":{"type":"string","description":"STACKIT project ID to which the service account attachment is associated.","description_kind":"plain","required":true},"server_id":{"type":"string","description":"The server ID.","description_kind":"plain","required":true},"service_account_email":{"type":"string","description":"The service account email.","description_kind":"plain","required":true}},"description":"Service account attachment resource schema. Attaches a service account to a server. Must have a `region` specified in the provider configuration.\n\n~\u003e This resource is in beta and may be subject to breaking changes in the future. Use with caution. See our [guide](https://registry.terraform.io/providers/stackitcloud/stackit/latest/docs/guides/opting_into_beta_resources) for how to opt-in to use beta resources.","description_kind":"markdown"}},"stackit_server_volume_attach":{"version":0,"block":{"attributes":{"id":{"type":"string","description":"Terraform's internal resource ID. It is structured as \"`project_id`,`server_id`,`volume_id`\".","description_kind":"plain","computed":true},"project_id":{"type":"string","description":"STACKIT project ID to which the volume attachment is associated.","description_kind":"plain","required":true},"server_id":{"type":"string","description":"The server ID.","description_kind":"plain","required":true},"volume_id":{"type":"string","description":"The volume ID.","description_kind":"plain","required":true}},"description":"Volume attachment resource schema. Attaches a volume to a server. Must have a `region` specified in the provider configuration.\n\n~\u003e This resource is in beta and may be subject to breaking changes in the future. Use with caution. See our [guide](https://registry.terraform.io/providers/stackitcloud/stackit/latest/docs/guides/opting_into_beta_resources) for how to opt-in to use beta resources.","description_kind":"markdown"}},"stackit_ske_cluster":{"version":0,"block":{"attributes":{"allow_privileged_containers":{"type":"bool","description":"Flag to specify if privileged mode for containers is enabled or not.\nThis should be used with care since it also disables a couple of other features like the use of some volume type (e.g. PVCs).\nDeprecated as of Kubernetes 1.25 and later","description_kind":"plain","optional":true},"extensions":{"nested_type":{"attributes":{"acl":{"nested_type":{"attributes":{"allowed_cidrs":{"type":["list","string"],"description":"Specify a list of CIDRs to whitelist.","description_kind":"plain","required":true},"enabled":{"type":"bool","description":"Is ACL enabled?","description_kind":"plain","required":true}},"nesting_mode":"single"},"description":"Cluster access control configuration.","description_kind":"plain","optional":true},"argus":{"nested_type":{"attributes":{"argus_instance_id":{"type":"string","description":"Argus instance ID to choose which Argus instance is used. Required when enabled is set to `true`.","description_kind":"plain","optional":true},"enabled":{"type":"bool","description":"Flag to enable/disable Argus extensions.","description_kind":"plain","required":true}},"nesting_mode":"single"},"description":"A single argus block as defined below.","description_kind":"plain","optional":true},"dns":{"nested_type":{"attributes":{"enabled":{"type":"bool","description":"Flag to enable/disable DNS extensions","description_kind":"plain","required":true},"zones":{"type":["list","string"],"description":"Specify a list of domain filters for externalDNS (e.g., `foo.runs.onstackit.cloud`)","description_kind":"plain","optional":true}},"nesting_mode":"single"},"description":"DNS extension configuration","description_kind":"plain","optional":true}},"nesting_mode":"single"},"description":"A single extensions block as defined below.","description_kind":"plain","optional":true},"hibernations":{"nested_type":{"attributes":{"end":{"type":"string","description":"End time of hibernation in crontab syntax. E.g. `0 8 * * *` for waking up the cluster at 8am.","description_kind":"plain","required":true},"start":{"type":"string","description":"Start time of cluster hibernation in crontab syntax. E.g. `0 18 * * *` for starting everyday at 6pm.","description_kind":"plain","required":true},"timezone":{"type":"string","description":"Timezone name corresponding to a file in the IANA Time Zone database. i.e. `Europe/Berlin`.","description_kind":"plain","optional":true}},"nesting_mode":"list"},"description":"One or more hibernation block as defined below.","description_kind":"plain","optional":true},"id":{"type":"string","description":"Terraform's internal resource ID. It is structured as \"`project_id`,`name`\".","description_kind":"plain","computed":true},"kube_config":{"type":"string","description":"Static token kubeconfig used for connecting to the cluster. This field will be empty for clusters with Kubernetes v1.27+, or if you have obtained the kubeconfig or performed credentials rotation using the new process, either through the Portal or the SKE API. Use the stackit_ske_kubeconfig resource instead. For more information, see [How to rotate SKE credentials](https://docs.stackit.cloud/stackit/en/how-to-rotate-ske-credentials-200016334.html).","description_kind":"plain","deprecated":true,"computed":true,"sensitive":true},"kubernetes_version":{"type":"string","description":"Kubernetes version. Must only contain major and minor version (e.g. 1.22). This field is deprecated, use `kubernetes_version_min instead`","description_kind":"plain","deprecated":true,"optional":true},"kubernetes_version_min":{"type":"string","description":"The minimum Kubernetes version. This field will be used to set the minimum kubernetes version on creation/update of the cluster. If unset, the latest supported Kubernetes version will be used. SKE automatically updates the cluster Kubernetes version if you have set `maintenance.enable_kubernetes_version_updates` to true or if there is a mandatory update, as described in [Updates for Kubernetes versions and Operating System versions in SKE](https://docs.stackit.cloud/stackit/en/version-updates-in-ske-10125631.html). To get the current kubernetes version being used for your cluster, use the read-only `kubernetes_version_used` field.","description_kind":"plain","optional":true},"kubernetes_version_used":{"type":"string","description":"Full Kubernetes version used. For example, if 1.22 was set in `kubernetes_version_min`, this value may result to 1.22.15. SKE automatically updates the cluster Kubernetes version if you have set `maintenance.enable_kubernetes_version_updates` to true or if there is a mandatory update, as described in [Updates for Kubernetes versions and Operating System versions in SKE](https://docs.stackit.cloud/stackit/en/version-updates-in-ske-10125631.html).","description_kind":"plain","computed":true},"maintenance":{"nested_type":{"attributes":{"enable_kubernetes_version_updates":{"type":"bool","description":"Flag to enable/disable auto-updates of the Kubernetes version. Defaults to `true`. SKE automatically updates the cluster Kubernetes version if you have set `maintenance.enable_kubernetes_version_updates` to true or if there is a mandatory update, as described in [Updates for Kubernetes versions and Operating System versions in SKE](https://docs.stackit.cloud/stackit/en/version-updates-in-ske-10125631.html).","description_kind":"plain","optional":true,"computed":true},"enable_machine_image_version_updates":{"type":"bool","description":"Flag to enable/disable auto-updates of the OS image version. Defaults to `true`. SKE automatically updates the cluster Kubernetes version if you have set `maintenance.enable_kubernetes_version_updates` to true or if there is a mandatory update, as described in [Updates for Kubernetes versions and Operating System versions in SKE](https://docs.stackit.cloud/stackit/en/version-updates-in-ske-10125631.html).","description_kind":"plain","optional":true,"computed":true},"end":{"type":"string","description":"Time for maintenance window end. E.g. `01:23:45Z`, `05:00:00+02:00`.","description_kind":"plain","required":true},"start":{"type":"string","description":"Time for maintenance window start. E.g. `01:23:45Z`, `05:00:00+02:00`.","description_kind":"plain","required":true}},"nesting_mode":"single"},"description":"A single maintenance block as defined below.","description_kind":"plain","optional":true,"computed":true},"name":{"type":"string","description":"The cluster name.","description_kind":"plain","required":true},"network":{"nested_type":{"attributes":{"id":{"type":"string","description":"ID of the STACKIT Network Area (SNA) network into which the cluster will be deployed.","description_kind":"plain","optional":true}},"nesting_mode":"single"},"description":"Network block as defined below.","description_kind":"plain","optional":true},"node_pools":{"nested_type":{"attributes":{"availability_zones":{"type":["list","string"],"description":"Specify a list of availability zones. E.g. `eu01-m`","description_kind":"plain","required":true},"cri":{"type":"string","description":"Specifies the container runtime. Defaults to `containerd`","description_kind":"plain","optional":true,"computed":true},"labels":{"type":["map","string"],"description":"Labels to add to each node.","description_kind":"plain","optional":true,"computed":true},"machine_type":{"type":"string","description":"The machine type.","description_kind":"plain","required":true},"max_surge":{"type":"number","description":"Maximum number of additional VMs that are created during an update. If set (larger than 0), then it must be at least the amount of zones configured for the nodepool. The `max_surge` and `max_unavailable` fields cannot both be unset at the same time.","description_kind":"plain","optional":true,"computed":true},"max_unavailable":{"type":"number","description":"Maximum number of additional VMs that are created during an update. If set (larger than 0), then it must be at least the amount of zones configured for the nodepool. The `max_surge` and `max_unavailable` fields cannot both be unset at the same time.","description_kind":"plain","optional":true,"computed":true},"maximum":{"type":"number","description":"Maximum number of nodes in the pool.","description_kind":"plain","required":true},"minimum":{"type":"number","description":"Minimum number of nodes in the pool.","description_kind":"plain","required":true},"name":{"type":"string","description":"Specifies the name of the node pool.","description_kind":"plain","required":true},"os_name":{"type":"string","description":"The name of the OS image. Defaults to `flatcar`.","description_kind":"plain","optional":true,"computed":true},"os_version":{"type":"string","description":"This field is deprecated, use `os_version_min` to configure the version and `os_version_used` to get the currently used version instead.","description_kind":"plain","deprecated":true,"optional":true},"os_version_min":{"type":"string","description":"The minimum OS image version. This field will be used to set the minimum OS image version on creation/update of the cluster. If unset, the latest supported OS image version will be used. SKE automatically updates the cluster Kubernetes version if you have set `maintenance.enable_kubernetes_version_updates` to true or if there is a mandatory update, as described in [Updates for Kubernetes versions and Operating System versions in SKE](https://docs.stackit.cloud/stackit/en/version-updates-in-ske-10125631.html). To get the current OS image version being used for the node pool, use the read-only `os_version_used` field.","description_kind":"plain","optional":true},"os_version_used":{"type":"string","description":"Full OS image version used. For example, if 3815.2 was set in `os_version_min`, this value may result to 3815.2.2. SKE automatically updates the cluster Kubernetes version if you have set `maintenance.enable_kubernetes_version_updates` to true or if there is a mandatory update, as described in [Updates for Kubernetes versions and Operating System versions in SKE](https://docs.stackit.cloud/stackit/en/version-updates-in-ske-10125631.html).","description_kind":"plain","computed":true},"taints":{"nested_type":{"attributes":{"effect":{"type":"string","description":"The taint effect. E.g `PreferNoSchedule`.","description_kind":"plain","required":true},"key":{"type":"string","description":"Taint key to be applied to a node.","description_kind":"plain","required":true},"value":{"type":"string","description":"Taint value corresponding to the taint key.","description_kind":"plain","optional":true}},"nesting_mode":"list"},"description":"Specifies a taint list as defined below.","description_kind":"plain","optional":true},"volume_size":{"type":"number","description":"The volume size in GB. Defaults to `20`","description_kind":"plain","optional":true,"computed":true},"volume_type":{"type":"string","description":"Specifies the volume type. Defaults to `storage_premium_perf1`.","description_kind":"plain","optional":true,"computed":true}},"nesting_mode":"list"},"description":"One or more `node_pool` block as defined below.","description_kind":"plain","required":true},"project_id":{"type":"string","description":"STACKIT project ID to which the cluster is associated.","description_kind":"plain","required":true}},"description":"SKE Cluster Resource schema. Must have a `region` specified in the provider configuration.\n\n-\u003e When updating `node_pools` of a `stackit_ske_cluster`, the Terraform plan might appear incorrect as it matches the node pools by index rather than by name. However, the SKE API correctly identifies node pools by name and applies the intended changes. Please review your changes carefully to ensure the correct configuration will be applied.","description_kind":"markdown"}},"stackit_ske_kubeconfig":{"version":0,"block":{"attributes":{"cluster_name":{"type":"string","description":"Name of the SKE cluster.","description_kind":"plain","required":true},"expiration":{"type":"number","description":"Expiration time of the kubeconfig, in seconds. Defaults to `3600`","description_kind":"plain","optional":true,"computed":true},"expires_at":{"type":"string","description":"Timestamp when the kubeconfig expires","description_kind":"plain","computed":true},"id":{"type":"string","description":"Terraform's internal resource ID. It is structured as \"`project_id`,`cluster_name`,`kube_config_id`\".","description_kind":"plain","computed":true},"kube_config":{"type":"string","description":"Raw short-lived admin kubeconfig.","description_kind":"plain","computed":true,"sensitive":true},"kube_config_id":{"type":"string","description":"Internally generated UUID to identify a kubeconfig resource in Terraform, since the SKE API doesnt return a kubeconfig identifier","description_kind":"plain","computed":true},"project_id":{"type":"string","description":"STACKIT project ID to which the cluster is associated.","description_kind":"plain","required":true},"refresh":{"type":"bool","description":"If set to true, the provider will check if the kubeconfig has expired and will generated a new valid one in-place","description_kind":"plain","optional":true}},"description":"SKE kubeconfig resource schema. Must have a `region` specified in the provider configuration.","description_kind":"plain"}},"stackit_ske_project":{"version":0,"block":{"attributes":{"id":{"type":"string","description":"Terraform's internal resource ID. It is structured as \"`project_id`\".","description_kind":"plain","computed":true},"project_id":{"type":"string","description":"STACKIT Project ID in which the kubernetes project is enabled.","description_kind":"plain","required":true}},"description":"SKE project resource schema. Must have a `region` specified in the provider configuration. This resource allows you to enable the SKE service and you can only have one per project. Before deleting this resource, all SKE clusters associated to the project must be deleted. Otherwise, error would occur due to the existing clusters. In such case, it is highly recommended to remove the SKE project from the state, directly using the \"`terraform state rm`\". Warning: SKE project resource is no longer in use and will be removed after October 10th 2024. SKE service enablement is done automatically when a new cluster is created.","description_kind":"plain","deprecated":true}},"stackit_sqlserverflex_instance":{"version":0,"block":{"attributes":{"acl":{"type":["list","string"],"description":"The Access Control List (ACL) for the SQLServer Flex instance.","description_kind":"plain","optional":true,"computed":true},"backup_schedule":{"type":"string","description":"The backup schedule. Should follow the cron scheduling system format (e.g. \"0 0 * * *\")","description_kind":"plain","optional":true,"computed":true},"flavor":{"nested_type":{"attributes":{"cpu":{"type":"number","description_kind":"plain","required":true},"description":{"type":"string","description_kind":"plain","computed":true},"id":{"type":"string","description_kind":"plain","computed":true},"ram":{"type":"number","description_kind":"plain","required":true}},"nesting_mode":"single"},"description_kind":"plain","required":true},"id":{"type":"string","description":"Terraform's internal resource ID. It is structured as \"`project_id`,`instance_id`\".","description_kind":"plain","computed":true},"instance_id":{"type":"string","description":"ID of the SQLServer Flex instance.","description_kind":"plain","computed":true},"name":{"type":"string","description":"Instance name.","description_kind":"plain","required":true},"options":{"nested_type":{"attributes":{"edition":{"type":"string","description_kind":"plain","computed":true},"retention_days":{"type":"number","description_kind":"plain","optional":true,"computed":true}},"nesting_mode":"single"},"description_kind":"plain","optional":true,"computed":true},"project_id":{"type":"string","description":"STACKIT project ID to which the instance is associated.","description_kind":"plain","required":true},"replicas":{"type":"number","description_kind":"plain","computed":true},"storage":{"nested_type":{"attributes":{"class":{"type":"string","description_kind":"plain","optional":true,"computed":true},"size":{"type":"number","description_kind":"plain","optional":true,"computed":true}},"nesting_mode":"single"},"description_kind":"plain","optional":true,"computed":true},"version":{"type":"string","description_kind":"plain","optional":true,"computed":true}},"description":"SQLServer Flex instance resource schema. Must have a `region` specified in the provider configuration.","description_kind":"plain"}},"stackit_sqlserverflex_user":{"version":0,"block":{"attributes":{"host":{"type":"string","description_kind":"plain","computed":true},"id":{"type":"string","description":"Terraform's internal resource ID. It is structured as \"`project_id`,`instance_id`,`user_id`\".","description_kind":"plain","computed":true},"instance_id":{"type":"string","description":"ID of the SQLServer Flex instance.","description_kind":"plain","required":true},"password":{"type":"string","description":"Password of the user account.","description_kind":"plain","computed":true,"sensitive":true},"port":{"type":"number","description_kind":"plain","computed":true},"project_id":{"type":"string","description":"STACKIT project ID to which the instance is associated.","description_kind":"plain","required":true},"roles":{"type":["set","string"],"description":"Database access levels for the user. Possible values: [`##STACKIT_LoginManager##`, `##STACKIT_DatabaseManager##`]","description_kind":"plain","optional":true},"user_id":{"type":"string","description":"User ID.","description_kind":"plain","computed":true},"username":{"type":"string","description":"Username of the SQLServer Flex instance.","description_kind":"plain","required":true}},"description":"SQLServer Flex user resource schema. Must have a `region` specified in the provider configuration.","description_kind":"plain"}},"stackit_volume":{"version":0,"block":{"attributes":{"availability_zone":{"type":"string","description":"The availability zone of the volume.","description_kind":"plain","required":true},"description":{"type":"string","description":"The description of the volume.","description_kind":"plain","optional":true,"computed":true},"id":{"type":"string","description":"Terraform's internal resource ID. It is structured as \"`project_id`,`volume_id`\".","description_kind":"plain","computed":true},"labels":{"type":["map","string"],"description":"Labels are key-value string pairs which can be attached to a resource container","description_kind":"plain","optional":true},"name":{"type":"string","description":"The name of the volume.","description_kind":"plain","optional":true,"computed":true},"performance_class":{"type":"string","description":"The performance class of the volume. Possible values are documented in [Service plans BlockStorage](https://docs.stackit.cloud/stackit/en/service-plans-blockstorage-75137974.html#ServiceplansBlockStorage-CurrentlyavailableServicePlans%28performanceclasses%29)","description_kind":"markdown","optional":true,"computed":true},"project_id":{"type":"string","description":"STACKIT project ID to which the volume is associated.","description_kind":"plain","required":true},"server_id":{"type":"string","description":"The server ID of the server to which the volume is attached to.","description_kind":"plain","optional":true,"computed":true},"size":{"type":"number","description":"The size of the volume in GB. It can only be updated to a larger value than the current size. Either `size` or `source` must be provided","description_kind":"plain","optional":true},"source":{"nested_type":{"attributes":{"id":{"type":"string","description":"The ID of the source, e.g. image ID","description_kind":"plain","required":true},"type":{"type":"string","description":"The type of the source. Supported values are: `volume`, `image`, `snapshot`, `backup`.","description_kind":"plain","required":true}},"nesting_mode":"single"},"description":"The source of the volume. It can be either a volume, an image, a snapshot or a backup. Either `size` or `source` must be provided","description_kind":"plain","optional":true},"volume_id":{"type":"string","description":"The volume ID.","description_kind":"plain","computed":true}},"description":"Volume resource schema. Must have a `region` specified in the provider configuration.\n\n~\u003e This resource is in beta and may be subject to breaking changes in the future. Use with caution. See our [guide](https://registry.terraform.io/providers/stackitcloud/stackit/latest/docs/guides/opting_into_beta_resources) for how to opt-in to use beta resources.","description_kind":"markdown"}}},"data_source_schemas":{"stackit_argus_instance":{"version":0,"block":{"attributes":{"acl":{"type":["set","string"],"description":"The access control list for this instance. Each entry is an IP address range that is permitted to access, in CIDR notation.","description_kind":"plain","computed":true},"alert_config":{"nested_type":{"attributes":{"global":{"nested_type":{"attributes":{"opsgenie_api_key":{"type":"string","description":"The API key for OpsGenie.","description_kind":"plain","computed":true,"sensitive":true},"opsgenie_api_url":{"type":"string","description":"The host to send OpsGenie API requests to. Must be a valid URL","description_kind":"plain","computed":true},"resolve_timeout":{"type":"string","description":"The default value used by alertmanager if the alert does not include EndsAt. After this time passes, it can declare the alert as resolved if it has not been updated. This has no impact on alerts from Prometheus, as they always include EndsAt.","description_kind":"plain","computed":true},"smtp_auth_identity":{"type":"string","description":"SMTP authentication information. Must be a valid email address","description_kind":"plain","computed":true},"smtp_auth_password":{"type":"string","description":"SMTP Auth using LOGIN and PLAIN.","description_kind":"plain","computed":true,"sensitive":true},"smtp_auth_username":{"type":"string","description":"SMTP Auth using CRAM-MD5, LOGIN and PLAIN. If empty, Alertmanager doesn't authenticate to the SMTP server.","description_kind":"plain","computed":true},"smtp_from":{"type":"string","description":"The default SMTP From header field. Must be a valid email address","description_kind":"plain","computed":true},"smtp_smart_host":{"type":"string","description":"The default SMTP smarthost used for sending emails, including port number. Port number usually is 25, or 587 for SMTP over TLS (sometimes referred to as STARTTLS).","description_kind":"plain","computed":true}},"nesting_mode":"single"},"description":"Global configuration for the alerts.","description_kind":"plain","computed":true},"receivers":{"nested_type":{"attributes":{"email_configs":{"nested_type":{"attributes":{"auth_identity":{"type":"string","description":"SMTP authentication information. Must be a valid email address","description_kind":"plain","computed":true},"auth_password":{"type":"string","description":"SMTP authentication password.","description_kind":"plain","computed":true},"auth_username":{"type":"string","description":"SMTP authentication username.","description_kind":"plain","computed":true},"from":{"type":"string","description":"The sender email address. Must be a valid email address","description_kind":"plain","computed":true},"smart_host":{"type":"string","description":"The SMTP host through which emails are sent.","description_kind":"plain","computed":true},"to":{"type":"string","description":"The email address to send notifications to. Must be a valid email address","description_kind":"plain","computed":true}},"nesting_mode":"list"},"description":"List of email configurations.","description_kind":"plain","computed":true},"name":{"type":"string","description":"Name of the receiver.","description_kind":"plain","computed":true},"opsgenie_configs":{"nested_type":{"attributes":{"api_key":{"type":"string","description":"The API key for OpsGenie.","description_kind":"plain","computed":true},"api_url":{"type":"string","description":"The host to send OpsGenie API requests to. Must be a valid URL","description_kind":"plain","computed":true},"tags":{"type":"string","description":"Comma separated list of tags attached to the notifications.","description_kind":"plain","computed":true}},"nesting_mode":"list"},"description":"List of OpsGenie configurations.","description_kind":"plain","computed":true},"webhooks_configs":{"nested_type":{"attributes":{"ms_teams":{"type":"bool","description":"Microsoft Teams webhooks require special handling, set this to true if the webhook is for Microsoft Teams.","description_kind":"plain","computed":true},"url":{"type":"string","description":"The endpoint to send HTTP POST requests to. Must be a valid URL","description_kind":"plain","computed":true}},"nesting_mode":"list"},"description":"List of Webhooks configurations.","description_kind":"plain","computed":true}},"nesting_mode":"list"},"description":"List of alert receivers.","description_kind":"plain","computed":true},"route":{"nested_type":{"attributes":{"group_by":{"type":["list","string"],"description":"The labels by which incoming alerts are grouped together. For example, multiple alerts coming in for cluster=A and alertname=LatencyHigh would be batched into a single group. To aggregate by all possible labels use the special value '...' as the sole label name, for example: group_by: ['...']. This effectively disables aggregation entirely, passing through all alerts as-is. This is unlikely to be what you want, unless you have a very low alert volume or your upstream notification system performs its own grouping.","description_kind":"plain","computed":true},"group_interval":{"type":"string","description":"How long to wait before sending a notification about new alerts that are added to a group of alerts for which an initial notification has already been sent. (Usually ~5m or more.)","description_kind":"plain","computed":true},"group_wait":{"type":"string","description":"How long to initially wait to send a notification for a group of alerts. Allows to wait for an inhibiting alert to arrive or collect more initial alerts for the same group. (Usually ~0s to few minutes.) .","description_kind":"plain","computed":true},"match":{"type":["map","string"],"description":"A set of equality matchers an alert has to fulfill to match the node.","description_kind":"plain","computed":true},"match_regex":{"type":["map","string"],"description":"A set of regex-matchers an alert has to fulfill to match the node.","description_kind":"plain","computed":true},"receiver":{"type":"string","description":"The name of the receiver to route the alerts to.","description_kind":"plain","computed":true},"repeat_interval":{"type":"string","description":"How long to wait before sending a notification again if it has already been sent successfully for an alert. (Usually ~3h or more).","description_kind":"plain","computed":true},"routes":{"nested_type":{"attributes":{"group_by":{"type":["list","string"],"description":"The labels by which incoming alerts are grouped together. For example, multiple alerts coming in for cluster=A and alertname=LatencyHigh would be batched into a single group. To aggregate by all possible labels use the special value '...' as the sole label name, for example: group_by: ['...']. This effectively disables aggregation entirely, passing through all alerts as-is. This is unlikely to be what you want, unless you have a very low alert volume or your upstream notification system performs its own grouping.","description_kind":"plain","computed":true},"group_interval":{"type":"string","description":"How long to wait before sending a notification about new alerts that are added to a group of alerts for which an initial notification has already been sent. (Usually ~5m or more.)","description_kind":"plain","computed":true},"group_wait":{"type":"string","description":"How long to initially wait to send a notification for a group of alerts. Allows to wait for an inhibiting alert to arrive or collect more initial alerts for the same group. (Usually ~0s to few minutes.)","description_kind":"plain","computed":true},"match":{"type":["map","string"],"description":"A set of equality matchers an alert has to fulfill to match the node.","description_kind":"plain","computed":true},"match_regex":{"type":["map","string"],"description":"A set of regex-matchers an alert has to fulfill to match the node.","description_kind":"plain","computed":true},"receiver":{"type":"string","description":"The name of the receiver to route the alerts to.","description_kind":"plain","computed":true},"repeat_interval":{"type":"string","description":"How long to wait before sending a notification again if it has already been sent successfully for an alert. (Usually ~3h or more).","description_kind":"plain","computed":true}},"nesting_mode":"list"},"description":"List of child routes.","description_kind":"plain","computed":true}},"nesting_mode":"single"},"description":"The route for the alert.","description_kind":"plain","computed":true}},"nesting_mode":"single"},"description":"Alert configuration for the instance.","description_kind":"plain","computed":true},"alerting_url":{"type":"string","description":"Specifies Alerting URL.","description_kind":"plain","computed":true},"dashboard_url":{"type":"string","description":"Specifies Argus instance dashboard URL.","description_kind":"plain","computed":true},"grafana_initial_admin_password":{"type":"string","description":"Specifies an initial Grafana admin password.","description_kind":"plain","computed":true,"sensitive":true},"grafana_initial_admin_user":{"type":"string","description":"Specifies an initial Grafana admin username.","description_kind":"plain","computed":true},"grafana_public_read_access":{"type":"bool","description":"If true, anyone can access Grafana dashboards without logging in.","description_kind":"plain","computed":true},"grafana_url":{"type":"string","description":"Specifies Grafana URL.","description_kind":"plain","computed":true},"id":{"type":"string","description":"Terraform's internal data source ID. It is structured as \"`project_id`,`instance_id`\".","description_kind":"plain","computed":true},"instance_id":{"type":"string","description":"The Argus instance ID.","description_kind":"plain","required":true},"is_updatable":{"type":"bool","description":"Specifies if the instance can be updated.","description_kind":"plain","computed":true},"jaeger_traces_url":{"type":"string","description_kind":"plain","computed":true},"jaeger_ui_url":{"type":"string","description_kind":"plain","computed":true},"logs_push_url":{"type":"string","description":"Specifies URL for pushing logs.","description_kind":"plain","computed":true},"logs_url":{"type":"string","description":"Specifies Logs URL.","description_kind":"plain","computed":true},"metrics_push_url":{"type":"string","description":"Specifies URL for pushing metrics.","description_kind":"plain","computed":true},"metrics_retention_days":{"type":"number","description":"Specifies for how many days the raw metrics are kept.","description_kind":"plain","computed":true},"metrics_retention_days_1h_downsampling":{"type":"number","description":"Specifies for how many days the 1h downsampled metrics are kept. must be less than the value of the 5m downsampling retention. Default is set to `0` (disabled).","description_kind":"plain","computed":true},"metrics_retention_days_5m_downsampling":{"type":"number","description":"Specifies for how many days the 5m downsampled metrics are kept. must be less than the value of the general retention. Default is set to `0` (disabled).","description_kind":"plain","computed":true},"metrics_url":{"type":"string","description":"Specifies metrics URL.","description_kind":"plain","computed":true},"name":{"type":"string","description":"The name of the Argus instance.","description_kind":"plain","computed":true},"otlp_traces_url":{"type":"string","description_kind":"plain","computed":true},"parameters":{"type":["map","string"],"description":"Additional parameters.","description_kind":"plain","computed":true},"plan_id":{"type":"string","description":"The Argus plan ID.","description_kind":"plain","computed":true},"plan_name":{"type":"string","description":"Specifies the Argus plan. E.g. `Monitoring-Medium-EU01`.","description_kind":"plain","computed":true},"project_id":{"type":"string","description":"STACKIT project ID to which the instance is associated.","description_kind":"plain","required":true},"targets_url":{"type":"string","description":"Specifies Targets URL.","description_kind":"plain","computed":true},"zipkin_spans_url":{"type":"string","description_kind":"plain","computed":true}},"description":"Argus instance data source schema. Must have a `region` specified in the provider configuration.\n\n!\u003e The `stackit_argus_instance` data source has been deprecated and will be removed after February 26th 2025. Please use `stackit_observability_instance` instead, which offers the exact same functionality.","description_kind":"markdown","deprecated":true}},"stackit_argus_scrapeconfig":{"version":0,"block":{"attributes":{"basic_auth":{"nested_type":{"attributes":{"password":{"type":"string","description":"Specifies basic auth password.","description_kind":"plain","computed":true,"sensitive":true},"username":{"type":"string","description":"Specifies basic auth username.","description_kind":"plain","computed":true}},"nesting_mode":"single"},"description":"A basic authentication block.","description_kind":"plain","computed":true},"id":{"type":"string","description":"Terraform's internal data source. ID. It is structured as \"`project_id`,`instance_id`,`name`\".","description_kind":"plain","computed":true},"instance_id":{"type":"string","description":"Argus instance ID to which the scraping job is associated.","description_kind":"plain","required":true},"metrics_path":{"type":"string","description":"Specifies the job scraping url path.","description_kind":"plain","computed":true},"name":{"type":"string","description":"Specifies the name of the scraping job","description_kind":"plain","required":true},"project_id":{"type":"string","description":"STACKIT project ID to which the scraping job is associated.","description_kind":"plain","required":true},"saml2":{"nested_type":{"attributes":{"enable_url_parameters":{"type":"bool","description":"Specifies if URL parameters are enabled","description_kind":"plain","computed":true}},"nesting_mode":"single"},"description":"A SAML2 configuration block.","description_kind":"plain","computed":true},"sample_limit":{"type":"number","description":"Specifies the scrape sample limit.","description_kind":"plain","computed":true},"scheme":{"type":"string","description":"Specifies the http scheme.","description_kind":"plain","computed":true},"scrape_interval":{"type":"string","description":"Specifies the scrape interval as duration string.","description_kind":"plain","computed":true},"scrape_timeout":{"type":"string","description":"Specifies the scrape timeout as duration string.","description_kind":"plain","computed":true},"targets":{"nested_type":{"attributes":{"labels":{"type":["map","string"],"description":"Specifies labels.","description_kind":"plain","computed":true},"urls":{"type":["list","string"],"description":"Specifies target URLs.","description_kind":"plain","computed":true}},"nesting_mode":"list"},"description":"The targets list (specified by the static config).","description_kind":"plain","computed":true}},"description":"Argus scrape config data source schema. Must have a `region` specified in the provider configuration.\n\n!\u003e The `stackit_argus_scrapeconfig` data source has been deprecated and will be removed after February 26th 2025. Please use `stackit_observability_scrapeconfig` instead, which offers the exact same functionality.","description_kind":"markdown","deprecated":true}},"stackit_dns_record_set":{"version":0,"block":{"attributes":{"active":{"type":"bool","description":"Specifies if the record set is active or not.","description_kind":"plain","computed":true},"comment":{"type":"string","description":"Comment.","description_kind":"plain","computed":true},"error":{"type":"string","description":"Error shows error in case create/update/delete failed.","description_kind":"plain","computed":true},"fqdn":{"type":"string","description":"Fully qualified domain name (FQDN) of the record set.","description_kind":"plain","computed":true},"id":{"type":"string","description":"Terraform's internal data source. ID. It is structured as \"`project_id`,`zone_id`,`record_set_id`\".","description_kind":"plain","computed":true},"name":{"type":"string","description":"Name of the record which should be a valid domain according to rfc1035 Section 2.3.4. E.g. `example.com`","description_kind":"plain","computed":true},"project_id":{"type":"string","description":"STACKIT project ID to which the dns record set is associated.","description_kind":"plain","required":true},"record_set_id":{"type":"string","description":"The rr set id.","description_kind":"plain","required":true},"records":{"type":["list","string"],"description":"Records.","description_kind":"plain","computed":true},"state":{"type":"string","description":"Record set state.","description_kind":"plain","computed":true},"ttl":{"type":"number","description":"Time to live. E.g. 3600","description_kind":"plain","computed":true},"type":{"type":"string","description":"The record set type. E.g. `A` or `CNAME`","description_kind":"plain","computed":true},"zone_id":{"type":"string","description":"The zone ID to which is dns record set is associated.","description_kind":"plain","required":true}},"description":"DNS Record Set Resource schema.","description_kind":"plain"}},"stackit_dns_zone":{"version":0,"block":{"attributes":{"acl":{"type":"string","description":"The access control list.","description_kind":"plain","computed":true},"active":{"type":"bool","description_kind":"plain","computed":true},"contact_email":{"type":"string","description":"A contact e-mail for the zone.","description_kind":"plain","computed":true},"default_ttl":{"type":"number","description":"Default time to live.","description_kind":"plain","computed":true},"description":{"type":"string","description":"Description of the zone.","description_kind":"plain","computed":true},"dns_name":{"type":"string","description":"The zone name. E.g. `example.com`","description_kind":"plain","computed":true},"expire_time":{"type":"number","description":"Expire time.","description_kind":"plain","computed":true},"id":{"type":"string","description":"Terraform's internal data source. ID. It is structured as \"`project_id`,`zone_id`\".","description_kind":"plain","computed":true},"is_reverse_zone":{"type":"bool","description":"Specifies, if the zone is a reverse zone or not.","description_kind":"plain","computed":true},"name":{"type":"string","description":"The user given name of the zone.","description_kind":"plain","computed":true},"negative_cache":{"type":"number","description":"Negative caching.","description_kind":"plain","computed":true},"primaries":{"type":["list","string"],"description":"Primary name server for secondary zone.","description_kind":"plain","computed":true},"primary_name_server":{"type":"string","description":"Primary name server. FQDN.","description_kind":"plain","computed":true},"project_id":{"type":"string","description":"STACKIT project ID to which the dns zone is associated.","description_kind":"plain","required":true},"record_count":{"type":"number","description":"Record count how many records are in the zone.","description_kind":"plain","computed":true},"refresh_time":{"type":"number","description":"Refresh time.","description_kind":"plain","computed":true},"retry_time":{"type":"number","description":"Retry time.","description_kind":"plain","computed":true},"serial_number":{"type":"number","description":"Serial number.","description_kind":"plain","computed":true},"state":{"type":"string","description":"Zone state.","description_kind":"plain","computed":true},"type":{"type":"string","description":"Zone type.","description_kind":"plain","computed":true},"visibility":{"type":"string","description":"Visibility of the zone.","description_kind":"plain","computed":true},"zone_id":{"type":"string","description":"The zone ID.","description_kind":"plain","required":true}},"description":"DNS Zone resource schema.","description_kind":"plain"}},"stackit_loadbalancer":{"version":0,"block":{"attributes":{"external_address":{"type":"string","description":"External Load Balancer IP address where this Load Balancer is exposed.","description_kind":"plain","computed":true},"id":{"type":"string","description":"Terraform's internal resource ID. It is structured as \"`project_id`\",\"`name`\".","description_kind":"plain","computed":true},"listeners":{"nested_type":{"attributes":{"display_name":{"type":"string","description_kind":"plain","computed":true},"port":{"type":"number","description":"Port number where we listen for traffic.","description_kind":"plain","computed":true},"protocol":{"type":"string","description":"Protocol is the highest network protocol we understand to load balance.","description_kind":"plain","computed":true},"server_name_indicators":{"nested_type":{"attributes":{"name":{"type":"string","description":"A domain name to match in order to pass TLS traffic to the target pool in the current listener","description_kind":"plain","optional":true}},"nesting_mode":"list"},"description":"A list of domain names to match in order to pass TLS traffic to the target pool in the current listener","description_kind":"plain","optional":true},"target_pool":{"type":"string","description":"Reference target pool by target pool name.","description_kind":"plain","computed":true}},"nesting_mode":"list"},"description":"List of all listeners which will accept traffic. Limited to 20.","description_kind":"plain","computed":true},"name":{"type":"string","description":"Load balancer name.","description_kind":"plain","required":true},"networks":{"nested_type":{"attributes":{"network_id":{"type":"string","description":"Openstack network ID.","description_kind":"plain","computed":true},"role":{"type":"string","description":"The role defines how the load balancer is using the network.","description_kind":"plain","computed":true}},"nesting_mode":"list"},"description":"List of networks that listeners and targets reside in.","description_kind":"plain","computed":true},"options":{"nested_type":{"attributes":{"acl":{"type":["set","string"],"description":"Load Balancer is accessible only from an IP address in this range.","description_kind":"plain","computed":true},"private_network_only":{"type":"bool","description":"If true, Load Balancer is accessible only via a private network IP address.","description_kind":"plain","computed":true}},"nesting_mode":"single"},"description":"Defines any optional functionality you want to have enabled on your load balancer.","description_kind":"plain","computed":true},"private_address":{"type":"string","description":"Transient private Load Balancer IP address. It can change any time.","description_kind":"plain","computed":true},"project_id":{"type":"string","description":"STACKIT project ID to which the Load Balancer is associated.","description_kind":"plain","required":true},"target_pools":{"nested_type":{"attributes":{"active_health_check":{"nested_type":{"attributes":{"healthy_threshold":{"type":"number","description":"Healthy threshold of the health checking.","description_kind":"plain","computed":true},"interval":{"type":"string","description":"Interval duration of health checking in seconds.","description_kind":"plain","computed":true},"interval_jitter":{"type":"string","description":"Interval duration threshold of the health checking in seconds.","description_kind":"plain","computed":true},"timeout":{"type":"string","description":"Active health checking timeout duration in seconds.","description_kind":"plain","computed":true},"unhealthy_threshold":{"type":"number","description":"Unhealthy threshold of the health checking.","description_kind":"plain","computed":true}},"nesting_mode":"single"},"description_kind":"plain","computed":true},"name":{"type":"string","description":"Target pool name.","description_kind":"plain","computed":true},"session_persistence":{"nested_type":{"attributes":{"use_source_ip_address":{"type":"bool","description":"If true then all connections from one source IP address are redirected to the same target. This setting changes the load balancing algorithm to Maglev.","description_kind":"plain","optional":true}},"nesting_mode":"single"},"description":"Here you can setup various session persistence options, so far only \"`use_source_ip_address`\" is supported.","description_kind":"plain","optional":true},"target_port":{"type":"number","description":"Identical port number where each target listens for traffic.","description_kind":"plain","computed":true},"targets":{"nested_type":{"attributes":{"display_name":{"type":"string","description":"Target display name","description_kind":"plain","computed":true},"ip":{"type":"string","description":"Target IP","description_kind":"plain","computed":true}},"nesting_mode":"list"},"description":"List of all targets which will be used in the pool. Limited to 1000.","description_kind":"plain","computed":true}},"nesting_mode":"list"},"description":"List of all target pools which will be used in the Load Balancer. Limited to 20.","description_kind":"plain","computed":true}},"description":"Load Balancer data source schema. Must have a `region` specified in the provider configuration.","description_kind":"plain"}},"stackit_logme_credential":{"version":0,"block":{"attributes":{"credential_id":{"type":"string","description":"The credential's ID.","description_kind":"plain","required":true},"host":{"type":"string","description_kind":"plain","computed":true},"id":{"type":"string","description":"Terraform's internal data source. identifier. It is structured as \"`project_id`,`instance_id`,`credential_id`\".","description_kind":"plain","computed":true},"instance_id":{"type":"string","description":"ID of the LogMe instance.","description_kind":"plain","required":true},"password":{"type":"string","description_kind":"plain","computed":true,"sensitive":true},"port":{"type":"number","description_kind":"plain","computed":true},"project_id":{"type":"string","description":"STACKIT project ID to which the instance is associated.","description_kind":"plain","required":true},"uri":{"type":"string","description_kind":"plain","computed":true,"sensitive":true},"username":{"type":"string","description_kind":"plain","computed":true}},"description":"LogMe credential data source schema. Must have a `region` specified in the provider configuration.","description_kind":"plain"}},"stackit_logme_instance":{"version":0,"block":{"attributes":{"cf_guid":{"type":"string","description_kind":"plain","computed":true},"cf_organization_guid":{"type":"string","description_kind":"plain","computed":true},"cf_space_guid":{"type":"string","description_kind":"plain","computed":true},"dashboard_url":{"type":"string","description_kind":"plain","computed":true},"id":{"type":"string","description":"Terraform's internal data source. identifier. It is structured as \"`project_id`,`instance_id`\".","description_kind":"plain","computed":true},"image_url":{"type":"string","description_kind":"plain","computed":true},"instance_id":{"type":"string","description":"ID of the LogMe instance.","description_kind":"plain","required":true},"name":{"type":"string","description":"Instance name.","description_kind":"plain","computed":true},"parameters":{"nested_type":{"attributes":{"enable_monitoring":{"type":"bool","description":"Enable monitoring.","description_kind":"plain","computed":true},"fluentd_tcp":{"type":"number","description_kind":"plain","computed":true},"fluentd_tls":{"type":"number","description_kind":"plain","computed":true},"fluentd_tls_ciphers":{"type":"string","description_kind":"plain","computed":true},"fluentd_tls_max_version":{"type":"string","description_kind":"plain","computed":true},"fluentd_tls_min_version":{"type":"string","description_kind":"plain","computed":true},"fluentd_tls_version":{"type":"string","description_kind":"plain","computed":true},"fluentd_udp":{"type":"number","description_kind":"plain","computed":true},"graphite":{"type":"string","description":"If set, monitoring with Graphite will be enabled. Expects the host and port where the Graphite metrics should be sent to (host:port).","description_kind":"plain","computed":true},"ism_deletion_after":{"type":"string","description":"Combination of an integer and a timerange when an index will be considered \"old\" and can be deleted. Possible values for the timerange are `s`, `m`, `h` and `d`.","description_kind":"plain","computed":true},"ism_jitter":{"type":"number","description_kind":"plain","computed":true},"ism_job_interval":{"type":"number","description":"Jitter of the execution time.","description_kind":"plain","computed":true},"java_heapspace":{"type":"number","description":"The amount of memory (in MB) allocated as heap by the JVM for OpenSearch.","description_kind":"plain","computed":true},"java_maxmetaspace":{"type":"number","description":"The amount of memory (in MB) used by the JVM to store metadata for OpenSearch.","description_kind":"plain","computed":true},"max_disk_threshold":{"type":"number","description":"The maximum disk threshold in MB. If the disk usage exceeds this threshold, the instance will be stopped.","description_kind":"plain","computed":true},"metrics_frequency":{"type":"number","description":"The frequency in seconds at which metrics are emitted (in seconds).","description_kind":"plain","computed":true},"metrics_prefix":{"type":"string","description":"The prefix for the metrics. Could be useful when using Graphite monitoring to prefix the metrics with a certain value, like an API key.","description_kind":"plain","computed":true},"monitoring_instance_id":{"type":"string","description":"The ID of the STACKIT monitoring instance.","description_kind":"plain","computed":true},"opensearch_tls_ciphers":{"type":["list","string"],"description_kind":"plain","computed":true},"opensearch_tls_protocols":{"type":["list","string"],"description_kind":"plain","computed":true},"sgw_acl":{"type":"string","description":"Comma separated list of IP networks in CIDR notation which are allowed to access this instance.","description_kind":"plain","computed":true},"syslog":{"type":["list","string"],"description":"List of syslog servers to send logs to.","description_kind":"plain","computed":true},"syslog_use_udp":{"type":"string","description_kind":"plain","computed":true}},"nesting_mode":"single"},"description_kind":"plain","computed":true},"plan_id":{"type":"string","description":"The selected plan ID.","description_kind":"plain","computed":true},"plan_name":{"type":"string","description":"The selected plan name.","description_kind":"plain","computed":true},"project_id":{"type":"string","description":"STACKIT Project ID to which the instance is associated.","description_kind":"plain","required":true},"version":{"type":"string","description":"The service version.","description_kind":"plain","computed":true}},"description":"LogMe instance data source schema. Must have a `region` specified in the provider configuration.","description_kind":"plain"}},"stackit_mariadb_credential":{"version":0,"block":{"attributes":{"credential_id":{"type":"string","description":"The credential's ID.","description_kind":"plain","required":true},"host":{"type":"string","description_kind":"plain","computed":true},"hosts":{"type":["list","string"],"description_kind":"plain","computed":true},"id":{"type":"string","description":"Terraform's internal data source. identifier. It is structured as \"`project_id`,`instance_id`,`credential_id`\".","description_kind":"plain","computed":true},"instance_id":{"type":"string","description":"ID of the MariaDB instance.","description_kind":"plain","required":true},"name":{"type":"string","description_kind":"plain","computed":true},"password":{"type":"string","description_kind":"plain","computed":true,"sensitive":true},"port":{"type":"number","description_kind":"plain","computed":true},"project_id":{"type":"string","description":"STACKIT project ID to which the instance is associated.","description_kind":"plain","required":true},"uri":{"type":"string","description_kind":"plain","computed":true,"sensitive":true},"username":{"type":"string","description_kind":"plain","computed":true}},"description":"MariaDB credential data source schema. Must have a `region` specified in the provider configuration.","description_kind":"plain"}},"stackit_mariadb_instance":{"version":0,"block":{"attributes":{"cf_guid":{"type":"string","description_kind":"plain","computed":true},"cf_organization_guid":{"type":"string","description_kind":"plain","computed":true},"cf_space_guid":{"type":"string","description_kind":"plain","computed":true},"dashboard_url":{"type":"string","description_kind":"plain","computed":true},"id":{"type":"string","description":"Terraform's internal data source. identifier. It is structured as \"`project_id`,`instance_id`\".","description_kind":"plain","computed":true},"image_url":{"type":"string","description_kind":"plain","computed":true},"instance_id":{"type":"string","description":"ID of the MariaDB instance.","description_kind":"plain","required":true},"name":{"type":"string","description":"Instance name.","description_kind":"plain","computed":true},"parameters":{"nested_type":{"attributes":{"enable_monitoring":{"type":"bool","description":"Enable monitoring.","description_kind":"plain","computed":true},"graphite":{"type":"string","description_kind":"plain","computed":true},"max_disk_threshold":{"type":"number","description":"The maximum disk threshold in MB. If the disk usage exceeds this threshold, the instance will be stopped.","description_kind":"plain","computed":true},"metrics_frequency":{"type":"number","description":"The frequency in seconds at which metrics are emitted.","description_kind":"plain","computed":true},"metrics_prefix":{"type":"string","description":"The prefix for the metrics. Could be useful when using Graphite monitoring to prefix the metrics with a certain value, like an API key","description_kind":"plain","computed":true},"monitoring_instance_id":{"type":"string","description":"The ID of the STACKIT monitoring instance.","description_kind":"plain","computed":true},"sgw_acl":{"type":"string","description":"Comma separated list of IP networks in CIDR notation which are allowed to access this instance.","description_kind":"plain","computed":true},"syslog":{"type":["list","string"],"description":"List of syslog servers to send logs to.","description_kind":"plain","computed":true}},"nesting_mode":"single"},"description_kind":"plain","computed":true},"plan_id":{"type":"string","description":"The selected plan ID.","description_kind":"plain","computed":true},"plan_name":{"type":"string","description":"The selected plan name.","description_kind":"plain","computed":true},"project_id":{"type":"string","description":"STACKIT Project ID to which the instance is associated.","description_kind":"plain","required":true},"version":{"type":"string","description":"The service version.","description_kind":"plain","computed":true}},"description":"MariaDB instance data source schema. Must have a `region` specified in the provider configuration.","description_kind":"plain"}},"stackit_mongodbflex_instance":{"version":0,"block":{"attributes":{"acl":{"type":["list","string"],"description":"The Access Control List (ACL) for the MongoDB Flex instance.","description_kind":"plain","computed":true},"backup_schedule":{"type":"string","description":"The backup schedule. Should follow the cron scheduling system format (e.g. \"0 0 * * *\").","description_kind":"plain","computed":true},"flavor":{"nested_type":{"attributes":{"cpu":{"type":"number","description_kind":"plain","computed":true},"description":{"type":"string","description_kind":"plain","computed":true},"id":{"type":"string","description_kind":"plain","computed":true},"ram":{"type":"number","description_kind":"plain","computed":true}},"nesting_mode":"single"},"description_kind":"plain","computed":true},"id":{"type":"string","description":"Terraform's internal data source ID. It is structured as \"`project_id`,`instance_id`\".","description_kind":"plain","computed":true},"instance_id":{"type":"string","description":"ID of the MongoDB Flex instance.","description_kind":"plain","required":true},"name":{"type":"string","description":"Instance name.","description_kind":"plain","computed":true},"options":{"nested_type":{"attributes":{"daily_snapshot_retention_days":{"type":"number","description":"The number of days that daily backups will be retained.","description_kind":"plain","computed":true},"monthly_snapshot_retention_months":{"type":"number","description":"The number of months that monthly backups will be retained.","description_kind":"plain","computed":true},"point_in_time_window_hours":{"type":"number","description":"The number of hours back in time the point-in-time recovery feature will be able to recover.","description_kind":"plain","computed":true},"snapshot_retention_days":{"type":"number","description":"The number of days that continuous backups (controlled via the `backup_schedule`) will be retained.","description_kind":"plain","computed":true},"type":{"type":"string","description":"Type of the MongoDB Flex instance.","description_kind":"plain","computed":true},"weekly_snapshot_retention_weeks":{"type":"number","description":"The number of weeks that weekly backups will be retained.","description_kind":"plain","computed":true}},"nesting_mode":"single"},"description":"Custom parameters for the MongoDB Flex instance.","description_kind":"plain","computed":true},"project_id":{"type":"string","description":"STACKIT project ID to which the instance is associated.","description_kind":"plain","required":true},"replicas":{"type":"number","description_kind":"plain","computed":true},"storage":{"nested_type":{"attributes":{"class":{"type":"string","description_kind":"plain","computed":true},"size":{"type":"number","description_kind":"plain","computed":true}},"nesting_mode":"single"},"description_kind":"plain","computed":true},"version":{"type":"string","description_kind":"plain","computed":true}},"description":"MongoDB Flex instance data source schema. Must have a `region` specified in the provider configuration.","description_kind":"plain"}},"stackit_mongodbflex_user":{"version":0,"block":{"attributes":{"database":{"type":"string","description_kind":"plain","computed":true},"host":{"type":"string","description_kind":"plain","computed":true},"id":{"type":"string","description":"Terraform's internal data source. ID. It is structured as \"`project_id`,`instance_id`,`user_id`\".","description_kind":"plain","computed":true},"instance_id":{"type":"string","description":"ID of the MongoDB Flex instance.","description_kind":"plain","required":true},"port":{"type":"number","description_kind":"plain","computed":true},"project_id":{"type":"string","description":"STACKIT project ID to which the instance is associated.","description_kind":"plain","required":true},"roles":{"type":["set","string"],"description_kind":"plain","computed":true},"user_id":{"type":"string","description":"User ID.","description_kind":"plain","required":true},"username":{"type":"string","description_kind":"plain","computed":true}},"description":"MongoDB Flex user data source schema. Must have a `region` specified in the provider configuration.","description_kind":"plain"}},"stackit_network":{"version":0,"block":{"attributes":{"id":{"type":"string","description":"Terraform's internal resource ID. It is structured as \"`project_id`,`network_id`\".","description_kind":"plain","computed":true},"ipv4_prefix_length":{"type":"number","description":"The IPv4 prefix length of the network.","description_kind":"plain","computed":true},"labels":{"type":["map","string"],"description":"Labels are key-value string pairs which can be attached to a resource container","description_kind":"plain","computed":true},"name":{"type":"string","description":"The name of the network.","description_kind":"plain","computed":true},"nameservers":{"type":["list","string"],"description":"The nameservers of the network.","description_kind":"plain","computed":true},"network_id":{"type":"string","description":"The network ID.","description_kind":"plain","required":true},"prefixes":{"type":["list","string"],"description":"The prefixes of the network.","description_kind":"plain","computed":true},"project_id":{"type":"string","description":"STACKIT project ID to which the network is associated.","description_kind":"plain","required":true},"public_ip":{"type":"string","description":"The public IP of the network.","description_kind":"plain","computed":true}},"description":"Network resource schema. Must have a `region` specified in the provider configuration.","description_kind":"plain"}},"stackit_network_area":{"version":0,"block":{"attributes":{"default_nameservers":{"type":["list","string"],"description":"List of DNS Servers/Nameservers.","description_kind":"plain","computed":true},"default_prefix_length":{"type":"number","description":"The default prefix length for networks in the network area.","description_kind":"plain","computed":true},"id":{"type":"string","description":"Terraform's internal resource ID. It is structured as \"`organization_id`,`network_area_id`\".","description_kind":"plain","computed":true},"labels":{"type":["map","string"],"description":"Labels are key-value string pairs which can be attached to a resource container","description_kind":"plain","computed":true},"max_prefix_length":{"type":"number","description":"The maximal prefix length for networks in the network area.","description_kind":"plain","computed":true},"min_prefix_length":{"type":"number","description":"The minimal prefix length for networks in the network area.","description_kind":"plain","computed":true},"name":{"type":"string","description":"The name of the network area.","description_kind":"plain","computed":true},"network_area_id":{"type":"string","description":"The network area ID.","description_kind":"plain","required":true},"network_ranges":{"nested_type":{"attributes":{"network_range_id":{"type":"string","description_kind":"plain","computed":true},"prefix":{"type":"string","description_kind":"plain","computed":true}},"nesting_mode":"list"},"description":"List of Network ranges.","description_kind":"plain","computed":true},"organization_id":{"type":"string","description":"STACKIT organization ID to which the network area is associated.","description_kind":"plain","required":true},"project_count":{"type":"number","description":"The amount of projects currently referencing this area.","description_kind":"plain","computed":true},"transfer_network":{"type":"string","description":"Classless Inter-Domain Routing (CIDR).","description_kind":"plain","computed":true}},"description":"Network area datasource schema. Must have a `region` specified in the provider configuration.\n\n~\u003e This resource is in beta and may be subject to breaking changes in the future. Use with caution. See our [guide](https://registry.terraform.io/providers/stackitcloud/stackit/latest/docs/guides/opting_into_beta_resources) for how to opt-in to use beta resources.","description_kind":"markdown"}},"stackit_network_area_route":{"version":0,"block":{"attributes":{"id":{"type":"string","description":"Terraform's internal data source ID. It is structured as \"`organization_id`,`network_area_id`,`network_area_route_id`\".","description_kind":"plain","computed":true},"labels":{"type":["map","string"],"description":"Labels are key-value string pairs which can be attached to a resource container","description_kind":"plain","computed":true},"network_area_id":{"type":"string","description":"The network area ID to which the network area route is associated.","description_kind":"plain","required":true},"network_area_route_id":{"type":"string","description":"The network area route ID.","description_kind":"plain","required":true},"next_hop":{"type":"string","description":"The IP address of the routing system, that will route the prefix configured. Should be a valid IPv4 address.","description_kind":"plain","computed":true},"organization_id":{"type":"string","description":"STACKIT organization ID to which the network area is associated.","description_kind":"plain","required":true},"prefix":{"type":"string","description":"The network, that is reachable though the Next Hop. Should use CIDR notation.","description_kind":"plain","computed":true}},"description":"Network area route data source schema. Must have a `region` specified in the provider configuration.\n\n~\u003e This resource is in beta and may be subject to breaking changes in the future. Use with caution. See our [guide](https://registry.terraform.io/providers/stackitcloud/stackit/latest/docs/guides/opting_into_beta_resources) for how to opt-in to use beta resources.","description_kind":"markdown"}},"stackit_network_interface":{"version":0,"block":{"attributes":{"allowed_addresses":{"type":["list","string"],"description":"The list of CIDR (Classless Inter-Domain Routing) notations.","description_kind":"plain","computed":true},"device":{"type":"string","description":"The device UUID of the network interface.","description_kind":"plain","computed":true},"id":{"type":"string","description":"Terraform's internal data source ID. It is structured as \"`project_id`,`network_id`,`network_interface_id`\".","description_kind":"plain","computed":true},"ipv4":{"type":"string","description":"The IPv4 address.","description_kind":"plain","computed":true},"labels":{"type":["map","string"],"description":"Labels are key-value string pairs which can be attached to a network interface.","description_kind":"plain","computed":true},"mac":{"type":"string","description":"The MAC address of network interface.","description_kind":"plain","computed":true},"name":{"type":"string","description":"The name of the network interface.","description_kind":"plain","computed":true},"network_id":{"type":"string","description":"The network ID to which the network interface is associated.","description_kind":"plain","required":true},"network_interface_id":{"type":"string","description":"The network interface ID.","description_kind":"plain","required":true},"project_id":{"type":"string","description":"STACKIT project ID to which the network interface is associated.","description_kind":"plain","required":true},"security":{"type":"bool","description":"The Network Interface Security. If set to false, then no security groups will apply to this network interface.","description_kind":"plain","computed":true},"security_group_ids":{"type":["list","string"],"description":"The list of security group UUIDs. If security is set to false, setting this field will lead to an error.","description_kind":"plain","computed":true},"type":{"type":"string","description":"Type of network interface. Some of the possible values are: Supported values are: `server`, `metadata`, `gateway`.","description_kind":"plain","computed":true}},"description":"Network interface datasource schema. Must have a `region` specified in the provider configuration.\n\n~\u003e This resource is in beta and may be subject to breaking changes in the future. Use with caution. See our [guide](https://registry.terraform.io/providers/stackitcloud/stackit/latest/docs/guides/opting_into_beta_resources) for how to opt-in to use beta resources.","description_kind":"markdown"}},"stackit_objectstorage_bucket":{"version":0,"block":{"attributes":{"id":{"type":"string","description":"Terraform's internal data source identifier. It is structured as \"`project_id`,`name`\".","description_kind":"plain","computed":true},"name":{"type":"string","description":"The bucket name. It must be DNS conform.","description_kind":"plain","required":true},"project_id":{"type":"string","description":"STACKIT Project ID to which the bucket is associated.","description_kind":"plain","required":true},"url_path_style":{"type":"string","description_kind":"plain","computed":true},"url_virtual_hosted_style":{"type":"string","description_kind":"plain","computed":true}},"description":"ObjectStorage bucket data source schema. Must have a `region` specified in the provider configuration.","description_kind":"plain"}},"stackit_objectstorage_credential":{"version":0,"block":{"attributes":{"access_key":{"type":"string","description_kind":"plain","computed":true},"credential_id":{"type":"string","description":"The credential ID.","description_kind":"plain","required":true},"credentials_group_id":{"type":"string","description":"The credential group ID.","description_kind":"plain","required":true},"expiration_timestamp":{"type":"string","description_kind":"plain","computed":true},"id":{"type":"string","description":"Terraform's internal resource identifier. It is structured as \"`project_id`,`credentials_group_id`,`credential_id`\".","description_kind":"plain","computed":true},"name":{"type":"string","description_kind":"plain","computed":true},"project_id":{"type":"string","description":"STACKIT Project ID to which the credential group is associated.","description_kind":"plain","required":true},"secret_access_key":{"type":"string","description_kind":"plain","computed":true,"sensitive":true}},"description":"ObjectStorage credential data source schema. Must have a `region` specified in the provider configuration.","description_kind":"plain"}},"stackit_objectstorage_credentials_group":{"version":0,"block":{"attributes":{"credentials_group_id":{"type":"string","description":"The credentials group ID.","description_kind":"plain","optional":true,"computed":true},"id":{"type":"string","description":"Terraform's internal data source identifier. It is structured as \"`project_id`,`credentials_group_id`\".","description_kind":"plain","computed":true},"name":{"type":"string","description":"The credentials group's display name.","description_kind":"plain","optional":true,"computed":true},"project_id":{"type":"string","description":"Object Storage Project ID to which the credentials group is associated.","description_kind":"plain","required":true},"urn":{"type":"string","description":"Credentials group uniform resource name (URN)","description_kind":"plain","computed":true}},"description":"ObjectStorage credentials group data source schema. Must have a `region` specified in the provider configuration.","description_kind":"plain"}},"stackit_observability_instance":{"version":0,"block":{"attributes":{"acl":{"type":["set","string"],"description":"The access control list for this instance. Each entry is an IP address range that is permitted to access, in CIDR notation.","description_kind":"plain","computed":true},"alert_config":{"nested_type":{"attributes":{"global":{"nested_type":{"attributes":{"opsgenie_api_key":{"type":"string","description":"The API key for OpsGenie.","description_kind":"plain","computed":true,"sensitive":true},"opsgenie_api_url":{"type":"string","description":"The host to send OpsGenie API requests to. Must be a valid URL","description_kind":"plain","computed":true},"resolve_timeout":{"type":"string","description":"The default value used by alertmanager if the alert does not include EndsAt. After this time passes, it can declare the alert as resolved if it has not been updated. This has no impact on alerts from Prometheus, as they always include EndsAt.","description_kind":"plain","computed":true},"smtp_auth_identity":{"type":"string","description":"SMTP authentication information. Must be a valid email address","description_kind":"plain","computed":true},"smtp_auth_password":{"type":"string","description":"SMTP Auth using LOGIN and PLAIN.","description_kind":"plain","computed":true,"sensitive":true},"smtp_auth_username":{"type":"string","description":"SMTP Auth using CRAM-MD5, LOGIN and PLAIN. If empty, Alertmanager doesn't authenticate to the SMTP server.","description_kind":"plain","computed":true},"smtp_from":{"type":"string","description":"The default SMTP From header field. Must be a valid email address","description_kind":"plain","computed":true},"smtp_smart_host":{"type":"string","description":"The default SMTP smarthost used for sending emails, including port number. Port number usually is 25, or 587 for SMTP over TLS (sometimes referred to as STARTTLS).","description_kind":"plain","computed":true}},"nesting_mode":"single"},"description":"Global configuration for the alerts.","description_kind":"plain","computed":true},"receivers":{"nested_type":{"attributes":{"email_configs":{"nested_type":{"attributes":{"auth_identity":{"type":"string","description":"SMTP authentication information. Must be a valid email address","description_kind":"plain","computed":true},"auth_password":{"type":"string","description":"SMTP authentication password.","description_kind":"plain","computed":true},"auth_username":{"type":"string","description":"SMTP authentication username.","description_kind":"plain","computed":true},"from":{"type":"string","description":"The sender email address. Must be a valid email address","description_kind":"plain","computed":true},"smart_host":{"type":"string","description":"The SMTP host through which emails are sent.","description_kind":"plain","computed":true},"to":{"type":"string","description":"The email address to send notifications to. Must be a valid email address","description_kind":"plain","computed":true}},"nesting_mode":"list"},"description":"List of email configurations.","description_kind":"plain","computed":true},"name":{"type":"string","description":"Name of the receiver.","description_kind":"plain","computed":true},"opsgenie_configs":{"nested_type":{"attributes":{"api_key":{"type":"string","description":"The API key for OpsGenie.","description_kind":"plain","computed":true},"api_url":{"type":"string","description":"The host to send OpsGenie API requests to. Must be a valid URL","description_kind":"plain","computed":true},"tags":{"type":"string","description":"Comma separated list of tags attached to the notifications.","description_kind":"plain","computed":true}},"nesting_mode":"list"},"description":"List of OpsGenie configurations.","description_kind":"plain","computed":true},"webhooks_configs":{"nested_type":{"attributes":{"ms_teams":{"type":"bool","description":"Microsoft Teams webhooks require special handling, set this to true if the webhook is for Microsoft Teams.","description_kind":"plain","computed":true},"url":{"type":"string","description":"The endpoint to send HTTP POST requests to. Must be a valid URL","description_kind":"plain","computed":true}},"nesting_mode":"list"},"description":"List of Webhooks configurations.","description_kind":"plain","computed":true}},"nesting_mode":"list"},"description":"List of alert receivers.","description_kind":"plain","computed":true},"route":{"nested_type":{"attributes":{"group_by":{"type":["list","string"],"description":"The labels by which incoming alerts are grouped together. For example, multiple alerts coming in for cluster=A and alertname=LatencyHigh would be batched into a single group. To aggregate by all possible labels use the special value '...' as the sole label name, for example: group_by: ['...']. This effectively disables aggregation entirely, passing through all alerts as-is. This is unlikely to be what you want, unless you have a very low alert volume or your upstream notification system performs its own grouping.","description_kind":"plain","computed":true},"group_interval":{"type":"string","description":"How long to wait before sending a notification about new alerts that are added to a group of alerts for which an initial notification has already been sent. (Usually ~5m or more.)","description_kind":"plain","computed":true},"group_wait":{"type":"string","description":"How long to initially wait to send a notification for a group of alerts. Allows to wait for an inhibiting alert to arrive or collect more initial alerts for the same group. (Usually ~0s to few minutes.) .","description_kind":"plain","computed":true},"match":{"type":["map","string"],"description":"A set of equality matchers an alert has to fulfill to match the node.","description_kind":"plain","computed":true},"match_regex":{"type":["map","string"],"description":"A set of regex-matchers an alert has to fulfill to match the node.","description_kind":"plain","computed":true},"receiver":{"type":"string","description":"The name of the receiver to route the alerts to.","description_kind":"plain","computed":true},"repeat_interval":{"type":"string","description":"How long to wait before sending a notification again if it has already been sent successfully for an alert. (Usually ~3h or more).","description_kind":"plain","computed":true},"routes":{"nested_type":{"attributes":{"group_by":{"type":["list","string"],"description":"The labels by which incoming alerts are grouped together. For example, multiple alerts coming in for cluster=A and alertname=LatencyHigh would be batched into a single group. To aggregate by all possible labels use the special value '...' as the sole label name, for example: group_by: ['...']. This effectively disables aggregation entirely, passing through all alerts as-is. This is unlikely to be what you want, unless you have a very low alert volume or your upstream notification system performs its own grouping.","description_kind":"plain","computed":true},"group_interval":{"type":"string","description":"How long to wait before sending a notification about new alerts that are added to a group of alerts for which an initial notification has already been sent. (Usually ~5m or more.)","description_kind":"plain","computed":true},"group_wait":{"type":"string","description":"How long to initially wait to send a notification for a group of alerts. Allows to wait for an inhibiting alert to arrive or collect more initial alerts for the same group. (Usually ~0s to few minutes.)","description_kind":"plain","computed":true},"match":{"type":["map","string"],"description":"A set of equality matchers an alert has to fulfill to match the node.","description_kind":"plain","computed":true},"match_regex":{"type":["map","string"],"description":"A set of regex-matchers an alert has to fulfill to match the node.","description_kind":"plain","computed":true},"receiver":{"type":"string","description":"The name of the receiver to route the alerts to.","description_kind":"plain","computed":true},"repeat_interval":{"type":"string","description":"How long to wait before sending a notification again if it has already been sent successfully for an alert. (Usually ~3h or more).","description_kind":"plain","computed":true}},"nesting_mode":"list"},"description":"List of child routes.","description_kind":"plain","computed":true}},"nesting_mode":"single"},"description":"The route for the alert.","description_kind":"plain","computed":true}},"nesting_mode":"single"},"description":"Alert configuration for the instance.","description_kind":"plain","computed":true},"alerting_url":{"type":"string","description":"Specifies Alerting URL.","description_kind":"plain","computed":true},"dashboard_url":{"type":"string","description":"Specifies Observability instance dashboard URL.","description_kind":"plain","computed":true},"grafana_initial_admin_password":{"type":"string","description":"Specifies an initial Grafana admin password.","description_kind":"plain","computed":true,"sensitive":true},"grafana_initial_admin_user":{"type":"string","description":"Specifies an initial Grafana admin username.","description_kind":"plain","computed":true},"grafana_public_read_access":{"type":"bool","description":"If true, anyone can access Grafana dashboards without logging in.","description_kind":"plain","computed":true},"grafana_url":{"type":"string","description":"Specifies Grafana URL.","description_kind":"plain","computed":true},"id":{"type":"string","description":"Terraform's internal data source. ID. It is structured as \"`project_id`,`instance_id`\".","description_kind":"plain","computed":true},"instance_id":{"type":"string","description":"The Observability instance ID.","description_kind":"plain","required":true},"is_updatable":{"type":"bool","description":"Specifies if the instance can be updated.","description_kind":"plain","computed":true},"jaeger_traces_url":{"type":"string","description_kind":"plain","computed":true},"jaeger_ui_url":{"type":"string","description_kind":"plain","computed":true},"logs_push_url":{"type":"string","description":"Specifies URL for pushing logs.","description_kind":"plain","computed":true},"logs_url":{"type":"string","description":"Specifies Logs URL.","description_kind":"plain","computed":true},"metrics_push_url":{"type":"string","description":"Specifies URL for pushing metrics.","description_kind":"plain","computed":true},"metrics_retention_days":{"type":"number","description":"Specifies for how many days the raw metrics are kept.","description_kind":"plain","computed":true},"metrics_retention_days_1h_downsampling":{"type":"number","description":"Specifies for how many days the 1h downsampled metrics are kept. must be less than the value of the 5m downsampling retention. Default is set to `0` (disabled).","description_kind":"plain","computed":true},"metrics_retention_days_5m_downsampling":{"type":"number","description":"Specifies for how many days the 5m downsampled metrics are kept. must be less than the value of the general retention. Default is set to `0` (disabled).","description_kind":"plain","computed":true},"metrics_url":{"type":"string","description":"Specifies metrics URL.","description_kind":"plain","computed":true},"name":{"type":"string","description":"The name of the Observability instance.","description_kind":"plain","computed":true},"otlp_traces_url":{"type":"string","description_kind":"plain","computed":true},"parameters":{"type":["map","string"],"description":"Additional parameters.","description_kind":"plain","computed":true},"plan_id":{"type":"string","description":"The Observability plan ID.","description_kind":"plain","computed":true},"plan_name":{"type":"string","description":"Specifies the Observability plan. E.g. `Monitoring-Medium-EU01`.","description_kind":"plain","computed":true},"project_id":{"type":"string","description":"STACKIT project ID to which the instance is associated.","description_kind":"plain","required":true},"targets_url":{"type":"string","description":"Specifies Targets URL.","description_kind":"plain","computed":true},"zipkin_spans_url":{"type":"string","description_kind":"plain","computed":true}},"description":"Observability instance data source schema. Must have a `region` specified in the provider configuration.","description_kind":"plain"}},"stackit_observability_scrapeconfig":{"version":0,"block":{"attributes":{"basic_auth":{"nested_type":{"attributes":{"password":{"type":"string","description":"Specifies basic auth password.","description_kind":"plain","computed":true,"sensitive":true},"username":{"type":"string","description":"Specifies basic auth username.","description_kind":"plain","computed":true}},"nesting_mode":"single"},"description":"A basic authentication block.","description_kind":"plain","computed":true},"id":{"type":"string","description":"Terraform's internal data source. ID. It is structured as \"`project_id`,`instance_id`,`name`\".","description_kind":"plain","computed":true},"instance_id":{"type":"string","description":"Observability instance ID to which the scraping job is associated.","description_kind":"plain","required":true},"metrics_path":{"type":"string","description":"Specifies the job scraping url path.","description_kind":"plain","computed":true},"name":{"type":"string","description":"Specifies the name of the scraping job","description_kind":"plain","required":true},"project_id":{"type":"string","description":"STACKIT project ID to which the scraping job is associated.","description_kind":"plain","required":true},"saml2":{"nested_type":{"attributes":{"enable_url_parameters":{"type":"bool","description":"Specifies if URL parameters are enabled","description_kind":"plain","computed":true}},"nesting_mode":"single"},"description":"A SAML2 configuration block.","description_kind":"plain","computed":true},"sample_limit":{"type":"number","description":"Specifies the scrape sample limit.","description_kind":"plain","computed":true},"scheme":{"type":"string","description":"Specifies the http scheme.","description_kind":"plain","computed":true},"scrape_interval":{"type":"string","description":"Specifies the scrape interval as duration string.","description_kind":"plain","computed":true},"scrape_timeout":{"type":"string","description":"Specifies the scrape timeout as duration string.","description_kind":"plain","computed":true},"targets":{"nested_type":{"attributes":{"labels":{"type":["map","string"],"description":"Specifies labels.","description_kind":"plain","computed":true},"urls":{"type":["list","string"],"description":"Specifies target URLs.","description_kind":"plain","computed":true}},"nesting_mode":"list"},"description":"The targets list (specified by the static config).","description_kind":"plain","computed":true}},"description":"Observability scrape config data source schema. Must have a `region` specified in the provider configuration.","description_kind":"plain"}},"stackit_opensearch_credential":{"version":0,"block":{"attributes":{"credential_id":{"type":"string","description":"The credential's ID.","description_kind":"plain","required":true},"host":{"type":"string","description_kind":"plain","computed":true},"hosts":{"type":["list","string"],"description_kind":"plain","computed":true},"id":{"type":"string","description":"Terraform's internal data source. identifier. It is structured as \"`project_id`,`instance_id`,`credential_id`\".","description_kind":"plain","computed":true},"instance_id":{"type":"string","description":"ID of the OpenSearch instance.","description_kind":"plain","required":true},"password":{"type":"string","description_kind":"plain","computed":true,"sensitive":true},"port":{"type":"number","description_kind":"plain","computed":true},"project_id":{"type":"string","description":"STACKIT project ID to which the instance is associated.","description_kind":"plain","required":true},"scheme":{"type":"string","description_kind":"plain","computed":true},"uri":{"type":"string","description_kind":"plain","computed":true,"sensitive":true},"username":{"type":"string","description_kind":"plain","computed":true}},"description":"OpenSearch credential data source schema. Must have a `region` specified in the provider configuration.","description_kind":"plain"}},"stackit_opensearch_instance":{"version":0,"block":{"attributes":{"cf_guid":{"type":"string","description_kind":"plain","computed":true},"cf_organization_guid":{"type":"string","description_kind":"plain","computed":true},"cf_space_guid":{"type":"string","description_kind":"plain","computed":true},"dashboard_url":{"type":"string","description_kind":"plain","computed":true},"id":{"type":"string","description":"Terraform's internal data source. identifier. It is structured as \"`project_id`,`instance_id`\".","description_kind":"plain","computed":true},"image_url":{"type":"string","description_kind":"plain","computed":true},"instance_id":{"type":"string","description":"ID of the OpenSearch instance.","description_kind":"plain","required":true},"name":{"type":"string","description":"Instance name.","description_kind":"plain","computed":true},"parameters":{"nested_type":{"attributes":{"enable_monitoring":{"type":"bool","description":"Enable monitoring.","description_kind":"plain","computed":true},"graphite":{"type":"string","description":"If set, monitoring with Graphite will be enabled. Expects the host and port where the Graphite metrics should be sent to (host:port).","description_kind":"plain","computed":true},"java_garbage_collector":{"type":"string","description":"The garbage collector to use for OpenSearch.","description_kind":"plain","computed":true},"java_heapspace":{"type":"number","description":"The amount of memory (in MB) allocated as heap by the JVM for OpenSearch.","description_kind":"plain","computed":true},"java_maxmetaspace":{"type":"number","description":"The amount of memory (in MB) used by the JVM to store metadata for OpenSearch.","description_kind":"plain","computed":true},"max_disk_threshold":{"type":"number","description":"The maximum disk threshold in MB. If the disk usage exceeds this threshold, the instance will be stopped.","description_kind":"plain","computed":true},"metrics_frequency":{"type":"number","description":"The frequency in seconds at which metrics are emitted (in seconds).","description_kind":"plain","computed":true},"metrics_prefix":{"type":"string","description":"The prefix for the metrics. Could be useful when using Graphite monitoring to prefix the metrics with a certain value, like an API key.","description_kind":"plain","computed":true},"monitoring_instance_id":{"type":"string","description":"The ID of the STACKIT monitoring instance.","description_kind":"plain","computed":true},"plugins":{"type":["list","string"],"description":"List of plugins to install. Must be a supported plugin name. The plugins `repository-s3` and `repository-azure` are enabled by default and cannot be disabled.","description_kind":"plain","computed":true},"sgw_acl":{"type":"string","description":"Comma separated list of IP networks in CIDR notation which are allowed to access this instance.","description_kind":"plain","computed":true},"syslog":{"type":["list","string"],"description":"List of syslog servers to send logs to.","description_kind":"plain","computed":true},"tls_ciphers":{"type":["list","string"],"description":"List of TLS ciphers to use.","description_kind":"plain","computed":true},"tls_protocols":{"type":"string","description":"The TLS protocol to use.","description_kind":"plain","computed":true}},"nesting_mode":"single"},"description_kind":"plain","computed":true},"plan_id":{"type":"string","description":"The selected plan ID.","description_kind":"plain","computed":true},"plan_name":{"type":"string","description":"The selected plan name.","description_kind":"plain","computed":true},"project_id":{"type":"string","description":"STACKIT Project ID to which the instance is associated.","description_kind":"plain","required":true},"version":{"type":"string","description":"The service version.","description_kind":"plain","computed":true}},"description":"OpenSearch instance data source schema. Must have a `region` specified in the provider configuration.","description_kind":"plain"}},"stackit_postgresflex_database":{"version":0,"block":{"attributes":{"database_id":{"type":"string","description":"Database ID.","description_kind":"plain","required":true},"id":{"type":"string","description":"Terraform's internal resource ID. It is structured as \"`project_id`,`instance_id`,`database_id`\".","description_kind":"plain","computed":true},"instance_id":{"type":"string","description":"ID of the Postgres Flex instance.","description_kind":"plain","required":true},"name":{"type":"string","description":"Database name.","description_kind":"plain","computed":true},"owner":{"type":"string","description":"Username of the database owner.","description_kind":"plain","computed":true},"project_id":{"type":"string","description":"STACKIT project ID to which the instance is associated.","description_kind":"plain","required":true}},"description":"Postgres Flex database resource schema. Must have a `region` specified in the provider configuration.","description_kind":"plain"}},"stackit_postgresflex_instance":{"version":0,"block":{"attributes":{"acl":{"type":["list","string"],"description":"The Access Control List (ACL) for the PostgresFlex instance.","description_kind":"plain","computed":true},"backup_schedule":{"type":"string","description_kind":"plain","computed":true},"flavor":{"nested_type":{"attributes":{"cpu":{"type":"number","description_kind":"plain","computed":true},"description":{"type":"string","description_kind":"plain","computed":true},"id":{"type":"string","description_kind":"plain","computed":true},"ram":{"type":"number","description_kind":"plain","computed":true}},"nesting_mode":"single"},"description_kind":"plain","computed":true},"id":{"type":"string","description":"Terraform's internal data source. ID. It is structured as \"`project_id`,`instance_id`\".","description_kind":"plain","computed":true},"instance_id":{"type":"string","description":"ID of the PostgresFlex instance.","description_kind":"plain","required":true},"name":{"type":"string","description":"Instance name.","description_kind":"plain","computed":true},"project_id":{"type":"string","description":"STACKIT project ID to which the instance is associated.","description_kind":"plain","required":true},"replicas":{"type":"number","description_kind":"plain","computed":true},"storage":{"nested_type":{"attributes":{"class":{"type":"string","description_kind":"plain","computed":true},"size":{"type":"number","description_kind":"plain","computed":true}},"nesting_mode":"single"},"description_kind":"plain","computed":true},"version":{"type":"string","description_kind":"plain","computed":true}},"description":"Postgres Flex instance data source schema. Must have a `region` specified in the provider configuration.","description_kind":"plain"}},"stackit_postgresflex_user":{"version":0,"block":{"attributes":{"host":{"type":"string","description_kind":"plain","computed":true},"id":{"type":"string","description":"Terraform's internal data source. ID. It is structured as \"`project_id`,`instance_id`,`user_id`\".","description_kind":"plain","computed":true},"instance_id":{"type":"string","description":"ID of the PostgresFlex instance.","description_kind":"plain","required":true},"port":{"type":"number","description_kind":"plain","computed":true},"project_id":{"type":"string","description":"STACKIT project ID to which the instance is associated.","description_kind":"plain","required":true},"roles":{"type":["set","string"],"description_kind":"plain","computed":true},"user_id":{"type":"string","description":"User ID.","description_kind":"plain","required":true},"username":{"type":"string","description_kind":"plain","computed":true}},"description":"Postgres Flex user data source schema. Must have a `region` specified in the provider configuration.","description_kind":"plain"}},"stackit_public_ip":{"version":0,"block":{"attributes":{"id":{"type":"string","description":"Terraform's internal datasource ID. It is structured as \"`project_id`,`public_ip_id`\".","description_kind":"plain","computed":true},"ip":{"type":"string","description":"The IP address.","description_kind":"plain","computed":true},"labels":{"type":["map","string"],"description":"Labels are key-value string pairs which can be attached to a resource container","description_kind":"plain","computed":true},"network_interface_id":{"type":"string","description":"Associates the public IP with a network interface or a virtual IP (ID).","description_kind":"plain","computed":true},"project_id":{"type":"string","description":"STACKIT project ID to which the public IP is associated.","description_kind":"plain","required":true},"public_ip_id":{"type":"string","description":"The public IP ID.","description_kind":"plain","required":true}},"description":"Volume resource schema. Must have a `region` specified in the provider configuration.\n\n~\u003e This resource is in beta and may be subject to breaking changes in the future. Use with caution. See our [guide](https://registry.terraform.io/providers/stackitcloud/stackit/latest/docs/guides/opting_into_beta_resources) for how to opt-in to use beta resources.","description_kind":"markdown"}},"stackit_rabbitmq_credential":{"version":0,"block":{"attributes":{"credential_id":{"type":"string","description":"The credential's ID.","description_kind":"plain","required":true},"host":{"type":"string","description_kind":"plain","computed":true},"hosts":{"type":["list","string"],"description_kind":"plain","computed":true},"http_api_uri":{"type":"string","description_kind":"plain","computed":true},"http_api_uris":{"type":["list","string"],"description_kind":"plain","computed":true},"id":{"type":"string","description":"Terraform's internal data source. identifier. It is structured as \"`project_id`,`instance_id`,`credential_id`\".","description_kind":"plain","computed":true},"instance_id":{"type":"string","description":"ID of the RabbitMQ instance.","description_kind":"plain","required":true},"management":{"type":"string","description_kind":"plain","computed":true},"password":{"type":"string","description_kind":"plain","computed":true,"sensitive":true},"port":{"type":"number","description_kind":"plain","computed":true},"project_id":{"type":"string","description":"STACKIT project ID to which the instance is associated.","description_kind":"plain","required":true},"uri":{"type":"string","description_kind":"plain","computed":true,"sensitive":true},"uris":{"type":["list","string"],"description_kind":"plain","computed":true},"username":{"type":"string","description_kind":"plain","computed":true}},"description":"RabbitMQ credential data source schema. Must have a `region` specified in the provider configuration.","description_kind":"plain"}},"stackit_rabbitmq_instance":{"version":0,"block":{"attributes":{"cf_guid":{"type":"string","description_kind":"plain","computed":true},"cf_organization_guid":{"type":"string","description_kind":"plain","computed":true},"cf_space_guid":{"type":"string","description_kind":"plain","computed":true},"dashboard_url":{"type":"string","description_kind":"plain","computed":true},"id":{"type":"string","description":"Terraform's internal data source. identifier. It is structured as \"`project_id`,`instance_id`\".","description_kind":"plain","computed":true},"image_url":{"type":"string","description_kind":"plain","computed":true},"instance_id":{"type":"string","description":"ID of the RabbitMQ instance.","description_kind":"plain","required":true},"name":{"type":"string","description":"Instance name.","description_kind":"plain","computed":true},"parameters":{"nested_type":{"attributes":{"consumer_timeout":{"type":"number","description":"The timeout in milliseconds for the consumer.","description_kind":"plain","computed":true},"enable_monitoring":{"type":"bool","description":"Enable monitoring.","description_kind":"plain","computed":true},"graphite":{"type":"string","description":"Graphite server URL (host and port). If set, monitoring with Graphite will be enabled.","description_kind":"plain","computed":true},"max_disk_threshold":{"type":"number","description":"The maximum disk threshold in MB. If the disk usage exceeds this threshold, the instance will be stopped.","description_kind":"plain","computed":true},"metrics_frequency":{"type":"number","description":"The frequency in seconds at which metrics are emitted.","description_kind":"plain","computed":true},"metrics_prefix":{"type":"string","description":"The prefix for the metrics. Could be useful when using Graphite monitoring to prefix the metrics with a certain value, like an API key","description_kind":"plain","computed":true},"monitoring_instance_id":{"type":"string","description":"The ID of the STACKIT monitoring instance.","description_kind":"plain","computed":true},"plugins":{"type":["list","string"],"description":"List of plugins to install. Must be a supported plugin name.","description_kind":"plain","computed":true},"roles":{"type":["list","string"],"description":"List of roles to assign to the instance.","description_kind":"plain","computed":true},"sgw_acl":{"type":"string","description":"Comma separated list of IP networks in CIDR notation which are allowed to access this instance.","description_kind":"plain","computed":true},"syslog":{"type":["list","string"],"description":"List of syslog servers to send logs to.","description_kind":"plain","computed":true},"tls_ciphers":{"type":["list","string"],"description":"List of TLS ciphers to use.","description_kind":"plain","computed":true},"tls_protocols":{"type":"string","description":"TLS protocol to use.","description_kind":"plain","computed":true}},"nesting_mode":"single"},"description_kind":"plain","computed":true},"plan_id":{"type":"string","description":"The selected plan ID.","description_kind":"plain","computed":true},"plan_name":{"type":"string","description":"The selected plan name.","description_kind":"plain","computed":true},"project_id":{"type":"string","description":"STACKIT Project ID to which the instance is associated.","description_kind":"plain","required":true},"version":{"type":"string","description":"The service version.","description_kind":"plain","computed":true}},"description":"RabbitMQ instance data source schema. Must have a `region` specified in the provider configuration.","description_kind":"plain"}},"stackit_redis_credential":{"version":0,"block":{"attributes":{"credential_id":{"type":"string","description":"The credential's ID.","description_kind":"plain","required":true},"host":{"type":"string","description_kind":"plain","computed":true},"hosts":{"type":["list","string"],"description_kind":"plain","computed":true},"id":{"type":"string","description":"Terraform's internal data source. identifier. It is structured as \"`project_id`,`instance_id`,`credential_id`\".","description_kind":"plain","computed":true},"instance_id":{"type":"string","description":"ID of the Redis instance.","description_kind":"plain","required":true},"load_balanced_host":{"type":"string","description_kind":"plain","computed":true},"password":{"type":"string","description_kind":"plain","computed":true,"sensitive":true},"port":{"type":"number","description_kind":"plain","computed":true},"project_id":{"type":"string","description":"STACKIT project ID to which the instance is associated.","description_kind":"plain","required":true},"uri":{"type":"string","description":"Connection URI.","description_kind":"plain","computed":true,"sensitive":true},"username":{"type":"string","description_kind":"plain","computed":true}},"description":"Redis credential data source schema. Must have a `region` specified in the provider configuration.","description_kind":"plain"}},"stackit_redis_instance":{"version":0,"block":{"attributes":{"cf_guid":{"type":"string","description_kind":"plain","computed":true},"cf_organization_guid":{"type":"string","description_kind":"plain","computed":true},"cf_space_guid":{"type":"string","description_kind":"plain","computed":true},"dashboard_url":{"type":"string","description_kind":"plain","computed":true},"id":{"type":"string","description":"Terraform's internal data source. identifier. It is structured as \"`project_id`,`instance_id`\".","description_kind":"plain","computed":true},"image_url":{"type":"string","description_kind":"plain","computed":true},"instance_id":{"type":"string","description":"ID of the Redis instance.","description_kind":"plain","required":true},"name":{"type":"string","description":"Instance name.","description_kind":"plain","computed":true},"parameters":{"nested_type":{"attributes":{"down_after_milliseconds":{"type":"number","description":"The number of milliseconds after which the instance is considered down.","description_kind":"plain","computed":true},"enable_monitoring":{"type":"bool","description":"Enable monitoring.","description_kind":"plain","computed":true},"failover_timeout":{"type":"number","description":"The failover timeout in milliseconds.","description_kind":"plain","computed":true},"graphite":{"type":"string","description":"Graphite server URL (host and port). If set, monitoring with Graphite will be enabled.","description_kind":"plain","computed":true},"lazyfree_lazy_eviction":{"type":"string","description":"The lazy eviction enablement (yes or no).","description_kind":"plain","computed":true},"lazyfree_lazy_expire":{"type":"string","description":"The lazy expire enablement (yes or no).","description_kind":"plain","computed":true},"lua_time_limit":{"type":"number","description":"The Lua time limit.","description_kind":"plain","computed":true},"max_disk_threshold":{"type":"number","description":"The maximum disk threshold in MB. If the disk usage exceeds this threshold, the instance will be stopped.","description_kind":"plain","computed":true},"maxclients":{"type":"number","description":"The maximum number of clients.","description_kind":"plain","computed":true},"maxmemory_policy":{"type":"string","description":"The policy to handle the maximum memory (volatile-lru, noeviction, etc).","description_kind":"plain","computed":true},"maxmemory_samples":{"type":"number","description":"The maximum memory samples.","description_kind":"plain","computed":true},"metrics_frequency":{"type":"number","description":"The frequency in seconds at which metrics are emitted.","description_kind":"plain","computed":true},"metrics_prefix":{"type":"string","description":"The prefix for the metrics. Could be useful when using Graphite monitoring to prefix the metrics with a certain value, like an API key","description_kind":"plain","computed":true},"min_replicas_max_lag":{"type":"number","description":"The minimum replicas maximum lag.","description_kind":"plain","computed":true},"monitoring_instance_id":{"type":"string","description":"The ID of the STACKIT monitoring instance.","description_kind":"plain","computed":true},"notify_keyspace_events":{"type":"string","description":"The notify keyspace events.","description_kind":"plain","computed":true},"sgw_acl":{"type":"string","description":"Comma separated list of IP networks in CIDR notation which are allowed to access this instance.","description_kind":"plain","computed":true},"snapshot":{"type":"string","description":"The snapshot configuration.","description_kind":"plain","computed":true},"syslog":{"type":["list","string"],"description":"List of syslog servers to send logs to.","description_kind":"plain","computed":true},"tls_ciphers":{"type":["list","string"],"description":"List of TLS ciphers to use.","description_kind":"plain","computed":true},"tls_ciphersuites":{"type":"string","description":"TLS cipher suites to use.","description_kind":"plain","computed":true},"tls_protocols":{"type":"string","description":"TLS protocol to use.","description_kind":"plain","computed":true}},"nesting_mode":"single"},"description_kind":"plain","computed":true},"plan_id":{"type":"string","description":"The selected plan ID.","description_kind":"plain","computed":true},"plan_name":{"type":"string","description":"The selected plan name.","description_kind":"plain","computed":true},"project_id":{"type":"string","description":"STACKIT Project ID to which the instance is associated.","description_kind":"plain","required":true},"version":{"type":"string","description":"The service version.","description_kind":"plain","computed":true}},"description":"Redis instance data source schema. Must have a `region` specified in the provider configuration.","description_kind":"plain"}},"stackit_resourcemanager_project":{"version":0,"block":{"attributes":{"container_id":{"type":"string","description":"Project container ID. Globally unique, user-friendly identifier.","description_kind":"plain","optional":true},"id":{"type":"string","description":"Terraform's internal data source. ID. It is structured as \"`container_id`\".","description_kind":"plain","computed":true},"labels":{"type":["map","string"],"description":"Labels are key-value string pairs which can be attached to a resource container. A label key must match the regex [A-ZÄÜÖa-zäüöß0-9_-]{1,64}. A label value must match the regex ^$|[A-ZÄÜÖa-zäüöß0-9_-]{1,64}","description_kind":"plain","computed":true},"members":{"nested_type":{"attributes":{"role":{"type":"string","description":"The role of the member in the project. Legacy roles (`project.admin`, `project.auditor`, `project.member`, `project.owner`) are not supported.","description_kind":"plain","computed":true},"subject":{"type":"string","description":"Unique identifier of the user, service account or client. This is usually the email address for users or service accounts, and the name in case of clients.","description_kind":"plain","computed":true}},"nesting_mode":"list"},"description":"The members assigned to the project. At least one subject needs to be a user, and not a client or service account. This value is only considered during creation. Changing it afterwards will have no effect.\n\n!\u003e The \"members\" field has been deprecated in favor of the \"owner_email\" field. Please use the \"owner_email\" field to assign the owner role to a user.","description_kind":"markdown","deprecated":true,"computed":true},"name":{"type":"string","description":"Project name.","description_kind":"plain","computed":true},"owner_email":{"type":"string","description":"Email address of the owner of the project. This value is only considered during creation. Changing it afterwards will have no effect.","description_kind":"plain","optional":true},"parent_container_id":{"type":"string","description":"Parent resource identifier. Both container ID (user-friendly) and UUID are supported","description_kind":"plain","computed":true},"project_id":{"type":"string","description":"Project UUID identifier. This is the ID that can be used in most of the other resources to identify the project.","description_kind":"plain","optional":true}},"description":"Resource Manager project data source schema. To identify the project, you need to provider either project_id or container_id. If you provide both, project_id will be used.","description_kind":"plain"}},"stackit_secretsmanager_instance":{"version":0,"block":{"attributes":{"acls":{"type":["set","string"],"description":"The access control list for this instance. Each entry is an IP or IP range that is permitted to access, in CIDR notation","description_kind":"plain","computed":true},"id":{"type":"string","description":"Terraform's internal resource ID. It is structured as \"`project_id`,`instance_id`\".","description_kind":"plain","computed":true},"instance_id":{"type":"string","description":"ID of the Secrets Manager instance.","description_kind":"plain","required":true},"name":{"type":"string","description":"Instance name.","description_kind":"plain","computed":true},"project_id":{"type":"string","description":"STACKIT project ID to which the instance is associated.","description_kind":"plain","required":true}},"description":"Secrets Manager instance data source schema. Must have a `region` specified in the provider configuration.","description_kind":"plain"}},"stackit_secretsmanager_user":{"version":0,"block":{"attributes":{"description":{"type":"string","description":"A user chosen description to differentiate between multiple users. Can't be changed after creation.","description_kind":"plain","computed":true},"id":{"type":"string","description":"Terraform's internal data source identifier. It is structured as \"`project_id`,`instance_id`,`user_id`\".","description_kind":"plain","computed":true},"instance_id":{"type":"string","description":"ID of the Secrets Manager instance.","description_kind":"plain","required":true},"project_id":{"type":"string","description":"STACKIT Project ID to which the instance is associated.","description_kind":"plain","required":true},"user_id":{"type":"string","description":"The user's ID.","description_kind":"plain","required":true},"username":{"type":"string","description":"An auto-generated user name.","description_kind":"plain","computed":true},"write_enabled":{"type":"bool","description":"If true, the user has writeaccess to the secrets engine.","description_kind":"plain","computed":true}},"description":"Secrets Manager user data source schema. Must have a `region` specified in the provider configuration.","description_kind":"plain"}},"stackit_security_group":{"version":0,"block":{"attributes":{"description":{"type":"string","description":"The description of the security group.","description_kind":"plain","computed":true},"id":{"type":"string","description":"Terraform's internal resource ID. It is structured as \"`project_id`,`security_group_id`\".","description_kind":"plain","computed":true},"labels":{"type":["map","string"],"description":"Labels are key-value string pairs which can be attached to a resource container","description_kind":"plain","computed":true},"name":{"type":"string","description":"The name of the security group.","description_kind":"plain","computed":true},"project_id":{"type":"string","description":"STACKIT project ID to which the security group is associated.","description_kind":"plain","required":true},"security_group_id":{"type":"string","description":"The security group ID.","description_kind":"plain","required":true},"stateful":{"type":"bool","description":"Configures if a security group is stateful or stateless. There can only be one type of security groups per network interface/server.","description_kind":"plain","computed":true}},"description":"Security group datasource schema. Must have a `region` specified in the provider configuration.\n\n~\u003e This resource is in beta and may be subject to breaking changes in the future. Use with caution. See our [guide](https://registry.terraform.io/providers/stackitcloud/stackit/latest/docs/guides/opting_into_beta_resources) for how to opt-in to use beta resources.","description_kind":"markdown"}},"stackit_security_group_rule":{"version":0,"block":{"attributes":{"description":{"type":"string","description":"The description of the security group rule.","description_kind":"plain","computed":true},"direction":{"type":"string","description":"The direction of the traffic which the rule should match. Some of the possible values are: Supported values are: `ingress`, `egress`.","description_kind":"plain","computed":true},"ether_type":{"type":"string","description":"The ethertype which the rule should match.","description_kind":"plain","computed":true},"icmp_parameters":{"nested_type":{"attributes":{"code":{"type":"number","description":"ICMP code. Can be set if the protocol is ICMP.","description_kind":"plain","computed":true},"type":{"type":"number","description":"ICMP type. Can be set if the protocol is ICMP.","description_kind":"plain","computed":true}},"nesting_mode":"single"},"description":"ICMP Parameters.","description_kind":"plain","computed":true},"id":{"type":"string","description":"Terraform's internal datasource ID. It is structured as \"`project_id`,`security_group_id`,`security_group_rule_id`\".","description_kind":"plain","computed":true},"ip_range":{"type":"string","description":"The remote IP range which the rule should match.","description_kind":"plain","computed":true},"port_range":{"nested_type":{"attributes":{"max":{"type":"number","description":"The maximum port number. Should be greater or equal to the minimum.","description_kind":"plain","computed":true},"min":{"type":"number","description":"The minimum port number. Should be less or equal to the minimum.","description_kind":"plain","computed":true}},"nesting_mode":"single"},"description":"The range of ports.","description_kind":"plain","computed":true},"project_id":{"type":"string","description":"STACKIT project ID to which the security group rule is associated.","description_kind":"plain","required":true},"protocol":{"nested_type":{"attributes":{"name":{"type":"string","description":"The protocol name which the rule should match.","description_kind":"plain","computed":true},"number":{"type":"number","description":"The protocol number which the rule should match.","description_kind":"plain","computed":true}},"nesting_mode":"single"},"description":"The internet protocol which the rule should match.","description_kind":"plain","computed":true},"remote_security_group_id":{"type":"string","description":"The remote security group which the rule should match.","description_kind":"plain","computed":true},"security_group_id":{"type":"string","description":"The security group ID.","description_kind":"plain","required":true},"security_group_rule_id":{"type":"string","description":"The security group rule ID.","description_kind":"plain","required":true}},"description":"Security group datasource schema. Must have a `region` specified in the provider configuration.\n\n~\u003e This resource is in beta and may be subject to breaking changes in the future. Use with caution. See our [guide](https://registry.terraform.io/providers/stackitcloud/stackit/latest/docs/guides/opting_into_beta_resources) for how to opt-in to use beta resources.","description_kind":"markdown"}},"stackit_server":{"version":0,"block":{"attributes":{"affinity_group":{"type":"string","description":"The affinity group the server is assigned to.","description_kind":"plain","computed":true},"availability_zone":{"type":"string","description":"The availability zone of the server.","description_kind":"plain","computed":true},"boot_volume":{"nested_type":{"attributes":{"id":{"type":"string","description":"The ID of the source, either image ID or volume ID","description_kind":"plain","computed":true},"performance_class":{"type":"string","description":"The performance class of the server.","description_kind":"plain","computed":true},"size":{"type":"number","description":"The size of the boot volume in GB.","description_kind":"plain","computed":true},"type":{"type":"string","description":"The type of the source. Supported values are: `volume`, `image`.","description_kind":"plain","computed":true}},"nesting_mode":"single"},"description":"The boot volume for the server","description_kind":"plain","computed":true},"created_at":{"type":"string","description":"Date-time when the server was created","description_kind":"plain","computed":true},"id":{"type":"string","description":"Terraform's internal resource ID. It is structured as \"`project_id`,`server_id`\".","description_kind":"plain","computed":true},"image_id":{"type":"string","description":"The image ID to be used for an ephemeral disk on the server.","description_kind":"plain","computed":true},"keypair_name":{"type":"string","description":"The name of the keypair used during server creation.","description_kind":"plain","computed":true},"labels":{"type":["map","string"],"description":"Labels are key-value string pairs which can be attached to a resource container","description_kind":"plain","computed":true},"launched_at":{"type":"string","description":"Date-time when the server was launched","description_kind":"plain","computed":true},"machine_type":{"type":"string","description":"Name of the type of the machine for the server. Possible values are documented in [Virtual machine flavors](https://docs.stackit.cloud/stackit/en/virtual-machine-flavors-75137231.html)","description_kind":"markdown","computed":true},"name":{"type":"string","description":"The name of the server.","description_kind":"plain","computed":true},"project_id":{"type":"string","description":"STACKIT project ID to which the server is associated.","description_kind":"plain","required":true},"server_id":{"type":"string","description":"The server ID.","description_kind":"plain","required":true},"updated_at":{"type":"string","description":"Date-time when the server was updated","description_kind":"plain","computed":true},"user_data":{"type":"string","description":"User data that is passed via cloud-init to the server.","description_kind":"plain","computed":true}},"description":"Server datasource schema. Must have a `region` specified in the provider configuration.\n\n~\u003e This resource is in beta and may be subject to breaking changes in the future. Use with caution. See our [guide](https://registry.terraform.io/providers/stackitcloud/stackit/latest/docs/guides/opting_into_beta_resources) for how to opt-in to use beta resources.","description_kind":"markdown"}},"stackit_server_backup_schedule":{"version":0,"block":{"attributes":{"backup_properties":{"nested_type":{"attributes":{"name":{"type":"string","description_kind":"plain","computed":true},"retention_period":{"type":"number","description_kind":"plain","computed":true},"volume_ids":{"type":["list","string"],"description_kind":"plain","computed":true}},"nesting_mode":"single"},"description":"Backup schedule details for the backups.","description_kind":"plain","computed":true},"backup_schedule_id":{"type":"number","description":"Backup schedule ID.","description_kind":"plain","required":true},"enabled":{"type":"bool","description":"Is the backup schedule enabled or disabled.","description_kind":"plain","computed":true},"id":{"type":"string","description":"Terraform's internal resource identifier. It is structured as \"`project_id`,`server_id`,`backup_schedule_id`\".","description_kind":"plain","computed":true},"name":{"type":"string","description":"The schedule name.","description_kind":"plain","computed":true},"project_id":{"type":"string","description":"STACKIT Project ID to which the server is associated.","description_kind":"plain","required":true},"rrule":{"type":"string","description":"Backup schedule described in `rrule` (recurrence rule) format.","description_kind":"plain","computed":true},"server_id":{"type":"string","description":"Server ID for the backup schedule.","description_kind":"plain","required":true}},"description":"Server backup schedule datasource schema. Must have a `region` specified in the provider configuration.\n\n~\u003e This resource is in beta and may be subject to breaking changes in the future. Use with caution. See our [guide](https://registry.terraform.io/providers/stackitcloud/stackit/latest/docs/guides/opting_into_beta_resources) for how to opt-in to use beta resources.","description_kind":"markdown"}},"stackit_server_backup_schedules":{"version":0,"block":{"attributes":{"id":{"type":"string","description":"Terraform's internal data source identifier. It is structured as \"`project_id`,`server_id`\".","description_kind":"plain","computed":true},"items":{"nested_type":{"attributes":{"backup_properties":{"nested_type":{"attributes":{"name":{"type":"string","description_kind":"plain","computed":true},"retention_period":{"type":"number","description_kind":"plain","computed":true},"volume_ids":{"type":["list","string"],"description_kind":"plain","computed":true}},"nesting_mode":"single"},"description":"Backup schedule details for the backups.","description_kind":"plain","computed":true},"backup_schedule_id":{"type":"number","description_kind":"plain","computed":true},"enabled":{"type":"bool","description":"Is the backup schedule enabled or disabled.","description_kind":"plain","computed":true},"name":{"type":"string","description":"The backup schedule name.","description_kind":"plain","computed":true},"rrule":{"type":"string","description":"Backup schedule described in `rrule` (recurrence rule) format.","description_kind":"plain","computed":true}},"nesting_mode":"list"},"description_kind":"plain","computed":true},"project_id":{"type":"string","description":"STACKIT Project ID (UUID) to which the server is associated.","description_kind":"plain","required":true},"server_id":{"type":"string","description":"Server ID (UUID) to which the backup schedule is associated.","description_kind":"plain","required":true}},"description":"Server backup schedules datasource schema. Must have a `region` specified in the provider configuration.\n\n~\u003e This resource is in beta and may be subject to breaking changes in the future. Use with caution. See our [guide](https://registry.terraform.io/providers/stackitcloud/stackit/latest/docs/guides/opting_into_beta_resources) for how to opt-in to use beta resources.","description_kind":"markdown"}},"stackit_ske_cluster":{"version":0,"block":{"attributes":{"allow_privileged_containers":{"type":"bool","description":"DEPRECATED as of Kubernetes 1.25+\n Flag to specify if privileged mode for containers is enabled or not.\nThis should be used with care since it also disables a couple of other features like the use of some volume type (e.g. PVCs).","description_kind":"plain","deprecated":true,"computed":true},"extensions":{"nested_type":{"attributes":{"acl":{"nested_type":{"attributes":{"allowed_cidrs":{"type":["list","string"],"description":"Specify a list of CIDRs to whitelist","description_kind":"plain","computed":true},"enabled":{"type":"bool","description":"Is ACL enabled?","description_kind":"plain","computed":true}},"nesting_mode":"single"},"description":"Cluster access control configuration","description_kind":"plain","computed":true},"argus":{"nested_type":{"attributes":{"argus_instance_id":{"type":"string","description":"Instance ID of argus","description_kind":"plain","computed":true},"enabled":{"type":"bool","description":"Flag to enable/disable argus extensions.","description_kind":"plain","computed":true}},"nesting_mode":"single"},"description":"A single argus block as defined below","description_kind":"plain","computed":true},"dns":{"nested_type":{"attributes":{"enabled":{"type":"bool","description":"Flag to enable/disable DNS extensions","description_kind":"plain","computed":true},"zones":{"type":["list","string"],"description":"Specify a list of domain filters for externalDNS (e.g., `foo.runs.onstackit.cloud`)","description_kind":"plain","computed":true}},"nesting_mode":"single"},"description":"DNS extension configuration","description_kind":"plain","computed":true}},"nesting_mode":"single"},"description":"A single extensions block as defined below","description_kind":"plain","computed":true},"hibernations":{"nested_type":{"attributes":{"end":{"type":"string","description":"End time of hibernation, in crontab syntax.","description_kind":"plain","computed":true},"start":{"type":"string","description":"Start time of cluster hibernation in crontab syntax.","description_kind":"plain","computed":true},"timezone":{"type":"string","description":"Timezone name corresponding to a file in the IANA Time Zone database.","description_kind":"plain","computed":true}},"nesting_mode":"list"},"description":"One or more hibernation block as defined below.","description_kind":"plain","computed":true},"id":{"type":"string","description":"Terraform's internal data source. ID. It is structured as \"`project_id`,`name`\".","description_kind":"plain","computed":true},"kube_config":{"type":"string","description":"Kube config file used for connecting to the cluster. This field will be empty for clusters with Kubernetes v1.27+, or if you have obtained the kubeconfig or performed credentials rotation using the new process, either through the Portal or the SKE API. Use the stackit_ske_kubeconfig resource instead. For more information, see How to rotate SKE credentials (https://docs.stackit.cloud/stackit/en/how-to-rotate-ske-credentials-200016334.html).","description_kind":"plain","deprecated":true,"computed":true,"sensitive":true},"kubernetes_version":{"type":"string","description":"Kubernetes version. This field is deprecated, use `kubernetes_version_used` instead","description_kind":"plain","deprecated":true,"computed":true},"kubernetes_version_min":{"type":"string","description":"The minimum Kubernetes version, this field is always nil. SKE automatically updates the cluster Kubernetes version if you have set `maintenance.enable_kubernetes_version_updates` to true or if there is a mandatory update, as described in [Updates for Kubernetes versions and Operating System versions in SKE](https://docs.stackit.cloud/stackit/en/version-updates-in-ske-10125631.html). To get the current kubernetes version being used for your cluster, use the `kubernetes_version_used` field.","description_kind":"plain","computed":true},"kubernetes_version_used":{"type":"string","description":"Full Kubernetes version used. For example, if `1.22` was selected, this value may result to `1.22.15`","description_kind":"plain","computed":true},"maintenance":{"nested_type":{"attributes":{"enable_kubernetes_version_updates":{"type":"bool","description":"Flag to enable/disable auto-updates of the Kubernetes version.","description_kind":"plain","computed":true},"enable_machine_image_version_updates":{"type":"bool","description":"Flag to enable/disable auto-updates of the OS image version.","description_kind":"plain","computed":true},"end":{"type":"string","description":"Date time for maintenance window end.","description_kind":"plain","computed":true},"start":{"type":"string","description":"Date time for maintenance window start.","description_kind":"plain","computed":true}},"nesting_mode":"single"},"description":"A single maintenance block as defined below","description_kind":"plain","computed":true},"name":{"type":"string","description":"The cluster name.","description_kind":"plain","required":true},"network":{"nested_type":{"attributes":{"id":{"type":"string","description":"ID of the STACKIT Network Area (SNA) network into which the cluster will be deployed.","description_kind":"plain","computed":true}},"nesting_mode":"single"},"description":"Network block as defined below.","description_kind":"plain","computed":true},"node_pools":{"nested_type":{"attributes":{"availability_zones":{"type":["list","string"],"description":"Specify a list of availability zones.","description_kind":"plain","computed":true},"cri":{"type":"string","description":"Specifies the container runtime.","description_kind":"plain","computed":true},"labels":{"type":["map","string"],"description":"Labels to add to each node.","description_kind":"plain","computed":true},"machine_type":{"type":"string","description":"The machine type.","description_kind":"plain","computed":true},"max_surge":{"type":"number","description":"The maximum number of nodes upgraded simultaneously.","description_kind":"plain","computed":true},"max_unavailable":{"type":"number","description":"The maximum number of nodes unavailable during upgraded.","description_kind":"plain","computed":true},"maximum":{"type":"number","description":"Maximum number of nodes in the pool.","description_kind":"plain","computed":true},"minimum":{"type":"number","description":"Minimum number of nodes in the pool.","description_kind":"plain","computed":true},"name":{"type":"string","description":"Specifies the name of the node pool.","description_kind":"plain","computed":true},"os_name":{"type":"string","description":"The name of the OS image.","description_kind":"plain","computed":true},"os_version":{"type":"string","description":"The OS image version.","description_kind":"plain","computed":true},"os_version_min":{"type":"string","description":"The minimum OS image version, this field is always nil. SKE automatically updates the cluster Kubernetes version if you have set `maintenance.enable_kubernetes_version_updates` to true or if there is a mandatory update, as described in [Updates for Kubernetes versions and Operating System versions in SKE](https://docs.stackit.cloud/stackit/en/version-updates-in-ske-10125631.html). To get the current OS image version being used for the node pool, use the read-only `os_version_used` field.","description_kind":"plain","computed":true},"os_version_used":{"type":"string","description":"Full OS image version used. For example, if 3815.2 was set in `os_version_min`, this value may result to 3815.2.2. SKE automatically updates the cluster Kubernetes version if you have set `maintenance.enable_kubernetes_version_updates` to true or if there is a mandatory update, as described in [Updates for Kubernetes versions and Operating System versions in SKE](https://docs.stackit.cloud/stackit/en/version-updates-in-ske-10125631.html).","description_kind":"plain","computed":true},"taints":{"nested_type":{"attributes":{"effect":{"type":"string","description":"The taint effect.","description_kind":"plain","computed":true},"key":{"type":"string","description":"Taint key to be applied to a node.","description_kind":"plain","computed":true},"value":{"type":"string","description":"Taint value corresponding to the taint key.","description_kind":"plain","computed":true}},"nesting_mode":"list"},"description":"Specifies a taint list as defined below.","description_kind":"plain","computed":true},"volume_size":{"type":"number","description":"The volume size in GB.","description_kind":"plain","computed":true},"volume_type":{"type":"string","description":"Specifies the volume type.","description_kind":"plain","computed":true}},"nesting_mode":"list"},"description":"One or more `node_pool` block as defined below.","description_kind":"plain","computed":true},"project_id":{"type":"string","description":"STACKIT project ID to which the cluster is associated.","description_kind":"plain","required":true}},"description":"SKE Cluster data source schema. Must have a `region` specified in the provider configuration.","description_kind":"plain"}},"stackit_ske_project":{"version":0,"block":{"attributes":{"id":{"type":"string","description":"Terraform's internal data source. ID. It is structured as \"`project_id`\".","description_kind":"plain","computed":true},"project_id":{"type":"string","description":"STACKIT Project ID in which the kubernetes project is enabled.","description_kind":"plain","required":true}},"description":"SKE project data source schema. Must have a `region` specified in the provider configuration. Warning: SKE project resource is no longer in use and will be removed with the next release. SKE service enablement is done automatically when a new cluster is created.","description_kind":"plain","deprecated":true}},"stackit_sqlserverflex_instance":{"version":0,"block":{"attributes":{"acl":{"type":["list","string"],"description":"The Access Control List (ACL) for the SQLServer Flex instance.","description_kind":"plain","computed":true},"backup_schedule":{"type":"string","description":"The backup schedule. Should follow the cron scheduling system format (e.g. \"0 0 * * *\").","description_kind":"plain","computed":true},"flavor":{"nested_type":{"attributes":{"cpu":{"type":"number","description_kind":"plain","computed":true},"description":{"type":"string","description_kind":"plain","computed":true},"id":{"type":"string","description_kind":"plain","computed":true},"ram":{"type":"number","description_kind":"plain","computed":true}},"nesting_mode":"single"},"description_kind":"plain","computed":true},"id":{"type":"string","description":"Terraform's internal data source. ID. It is structured as \"`project_id`,`instance_id`\".","description_kind":"plain","computed":true},"instance_id":{"type":"string","description":"ID of the SQLServer Flex instance.","description_kind":"plain","required":true},"name":{"type":"string","description":"Instance name.","description_kind":"plain","computed":true},"options":{"nested_type":{"attributes":{"edition":{"type":"string","description_kind":"plain","computed":true},"retention_days":{"type":"number","description_kind":"plain","computed":true}},"nesting_mode":"single"},"description":"Custom parameters for the SQLServer Flex instance.","description_kind":"plain","computed":true},"project_id":{"type":"string","description":"STACKIT project ID to which the instance is associated.","description_kind":"plain","required":true},"replicas":{"type":"number","description_kind":"plain","computed":true},"storage":{"nested_type":{"attributes":{"class":{"type":"string","description_kind":"plain","computed":true},"size":{"type":"number","description_kind":"plain","computed":true}},"nesting_mode":"single"},"description_kind":"plain","computed":true},"version":{"type":"string","description_kind":"plain","computed":true}},"description":"SQLServer Flex instance data source schema. Must have a `region` specified in the provider configuration.","description_kind":"plain"}},"stackit_sqlserverflex_user":{"version":0,"block":{"attributes":{"host":{"type":"string","description_kind":"plain","computed":true},"id":{"type":"string","description":"Terraform's internal data source. ID. It is structured as \"`project_id`,`instance_id`,`user_id`\".","description_kind":"plain","computed":true},"instance_id":{"type":"string","description":"ID of the SQLServer Flex instance.","description_kind":"plain","required":true},"port":{"type":"number","description_kind":"plain","computed":true},"project_id":{"type":"string","description":"STACKIT project ID to which the instance is associated.","description_kind":"plain","required":true},"roles":{"type":["set","string"],"description":"Database access levels for the user. Possible values: [`##STACKIT_LoginManager##`, `##STACKIT_DatabaseManager##`]","description_kind":"plain","computed":true},"user_id":{"type":"string","description":"User ID.","description_kind":"plain","required":true},"username":{"type":"string","description":"Username of the SQLServer Flex instance.","description_kind":"plain","computed":true}},"description":"SQLServer Flex user data source schema. Must have a `region` specified in the provider configuration.","description_kind":"plain"}},"stackit_volume":{"version":0,"block":{"attributes":{"availability_zone":{"type":"string","description":"The availability zone of the volume.","description_kind":"plain","computed":true},"description":{"type":"string","description":"The description of the volume.","description_kind":"plain","computed":true},"id":{"type":"string","description":"Terraform's internal resource ID. It is structured as \"`project_id`,`volume_id`\".","description_kind":"plain","computed":true},"labels":{"type":["map","string"],"description":"Labels are key-value string pairs which can be attached to a resource container","description_kind":"plain","computed":true},"name":{"type":"string","description":"The name of the volume.","description_kind":"plain","computed":true},"performance_class":{"type":"string","description":"The performance class of the volume. Possible values are documented in [Service plans BlockStorage](https://docs.stackit.cloud/stackit/en/service-plans-blockstorage-75137974.html#ServiceplansBlockStorage-CurrentlyavailableServicePlans%28performanceclasses%29)","description_kind":"markdown","computed":true},"project_id":{"type":"string","description":"STACKIT project ID to which the volume is associated.","description_kind":"plain","required":true},"server_id":{"type":"string","description":"The server ID of the server to which the volume is attached to.","description_kind":"plain","computed":true},"size":{"type":"number","description":"The size of the volume in GB. It can only be updated to a larger value than the current size","description_kind":"plain","computed":true},"source":{"nested_type":{"attributes":{"id":{"type":"string","description":"The ID of the source, e.g. image ID","description_kind":"plain","computed":true},"type":{"type":"string","description":"The type of the source. Supported values are: `volume`, `image`, `snapshot`, `backup`.","description_kind":"plain","computed":true}},"nesting_mode":"single"},"description":"The source of the volume. It can be either a volume, an image, a snapshot or a backup","description_kind":"plain","computed":true},"volume_id":{"type":"string","description":"The volume ID.","description_kind":"plain","required":true}},"description":"Volume resource schema. Must have a `region` specified in the provider configuration.\n\n~\u003e This resource is in beta and may be subject to breaking changes in the future. Use with caution. See our [guide](https://registry.terraform.io/providers/stackitcloud/stackit/latest/docs/guides/opting_into_beta_resources) for how to opt-in to use beta resources.","description_kind":"markdown"}}}}}}
